
Microsoft Visual Studio Solution File, Format Version 12.00
# Visual Studio Version 16
VisualStudioVersion = 16.0.30803.129
MinimumVisualStudioVersion = 10.0.40219.1
Project("{9A19103F-16F7-4668-BE54-9A1E7A4F7556}") = "Sphere10.Framework", "Sphere10.Framework\Sphere10.Framework.csproj", "{A2192000-1BDE-4657-AC90-289CF096C674}"
EndProject
Project("{9A19103F-16F7-4668-BE54-9A1E7A4F7556}") = "Sphere10.Framework.Data", "Sphere10.Framework.Data\Sphere10.Framework.Data.csproj", "{50CE7B59-6C51-413E-ADB3-2FA3E8102813}"
EndProject
Project("{9A19103F-16F7-4668-BE54-9A1E7A4F7556}") = "Sphere10.Framework.Data.Firebird", "Sphere10.Framework.Data.Firebird\Sphere10.Framework.Data.Firebird.csproj", "{6DB6A05C-45EA-4F95-BE9C-F49A458CF805}"
EndProject
Project("{9A19103F-16F7-4668-BE54-9A1E7A4F7556}") = "Sphere10.Framework.Data.MSSQL", "Sphere10.Framework.Data.MSSQL\Sphere10.Framework.Data.MSSQL.csproj", "{D02577B8-4F1D-42B9-8802-454AE99D17D6}"
EndProject
Project("{9A19103F-16F7-4668-BE54-9A1E7A4F7556}") = "Sphere10.Framework.Data.Sqlite", "Sphere10.Framework.Data.Sqlite\Sphere10.Framework.Data.Sqlite.csproj", "{1DD01193-9CB6-4EA9-8987-39F454C5DBBB}"
EndProject
Project("{9A19103F-16F7-4668-BE54-9A1E7A4F7556}") = "Sphere10.Framework.Application", "Sphere10.Framework.Application\Sphere10.Framework.Application.csproj", "{143386E8-8873-42C1-8284-4105213DAC94}"
EndProject
Project("{9A19103F-16F7-4668-BE54-9A1E7A4F7556}") = "Sphere10.Framework.Services", "Sphere10.Framework.Services\Sphere10.Framework.Services.csproj", "{489005CE-B9B1-475D-A161-358254C7505A}"
EndProject
Project("{9A19103F-16F7-4668-BE54-9A1E7A4F7556}") = "Sphere10.Framework.Drawing", "Sphere10.Framework.Drawing\Sphere10.Framework.Drawing.csproj", "{6601D944-F150-4578-A14E-604B4EEC9867}"
EndProject
Project("{9A19103F-16F7-4668-BE54-9A1E7A4F7556}") = "Sphere10.Framework.NUnit", "Sphere10.Framework.NUnit\Sphere10.Framework.NUnit.csproj", "{C08B47F1-BD56-4BC0-9241-214B67F91470}"
EndProject
Project("{2150E333-8FDC-42A3-9474-1A3956D46DE8}") = "Standard", "Standard", "{F4305EC7-2632-4313-B7F6-A0E05C64F9DD}"
EndProject
Project("{9A19103F-16F7-4668-BE54-9A1E7A4F7556}") = "Sphere10.Framework.Core", "Sphere10.Framework.Core\Sphere10.Framework.Core.csproj", "{4759DE91-C740-4C18-9E86-051C28575514}"
EndProject
Project("{9A19103F-16F7-4668-BE54-9A1E7A4F7556}") = "Sphere10.Framework.Core.Services", "Sphere10.Framework.Core.Services\Sphere10.Framework.Core.Services.csproj", "{85F364A9-C77F-47E5-9E9C-E5B49C19A5BC}"
EndProject
Project("{9A19103F-16F7-4668-BE54-9A1E7A4F7556}") = "Sphere10.Framework.Core.Web", "Sphere10.Framework.Core.Web\Sphere10.Framework.Core.Web.csproj", "{73735B90-B01F-4026-AC66-14A304760E7F}"
EndProject
Project("{9A19103F-16F7-4668-BE54-9A1E7A4F7556}") = "Sphere10.Framework.Communications", "Sphere10.Framework.Communications\Sphere10.Framework.Communications.csproj", "{B9BAB6BC-4023-4689-B2F0-F15473547DA2}"
EndProject
Project("{9A19103F-16F7-4668-BE54-9A1E7A4F7556}") = "HashLib4CSharp", "HashLib4CSharp\HashLib4CSharp.csproj", "{CD719561-BE76-460D-BC34-48791D1C43D2}"
EndProject
Project("{9A19103F-16F7-4668-BE54-9A1E7A4F7556}") = "Sphere10.Framework.CryptoEx", "Sphere10.Framework.CryptoEx\Sphere10.Framework.CryptoEx.csproj", "{5F913C77-3FD5-4E05-BA61-ECF81BB5BA09}"
EndProject
Global
	GlobalSection(SolutionConfigurationPlatforms) = preSolution
		Debug|Any CPU = Debug|Any CPU
		Debug|x86 = Debug|x86
		Release|Any CPU = Release|Any CPU
		Release|x86 = Release|x86
	EndGlobalSection
	GlobalSection(ProjectConfigurationPlatforms) = postSolution
		{A2192000-1BDE-4657-AC90-289CF096C674}.Debug|Any CPU.ActiveCfg = Debug|Any CPU
		{A2192000-1BDE-4657-AC90-289CF096C674}.Debug|Any CPU.Build.0 = Debug|Any CPU
		{A2192000-1BDE-4657-AC90-289CF096C674}.Debug|x86.ActiveCfg = Debug|Any CPU
		{A2192000-1BDE-4657-AC90-289CF096C674}.Debug|x86.Build.0 = Debug|Any CPU
		{A2192000-1BDE-4657-AC90-289CF096C674}.Release|Any CPU.ActiveCfg = Release|Any CPU
		{A2192000-1BDE-4657-AC90-289CF096C674}.Release|Any CPU.Build.0 = Release|Any CPU
		{A2192000-1BDE-4657-AC90-289CF096C674}.Release|x86.ActiveCfg = Release|Any CPU
		{A2192000-1BDE-4657-AC90-289CF096C674}.Release|x86.Build.0 = Release|Any CPU
		{50CE7B59-6C51-413E-ADB3-2FA3E8102813}.Debug|Any CPU.ActiveCfg = Debug|Any CPU
		{50CE7B59-6C51-413E-ADB3-2FA3E8102813}.Debug|Any CPU.Build.0 = Debug|Any CPU
		{50CE7B59-6C51-413E-ADB3-2FA3E8102813}.Debug|x86.ActiveCfg = Debug|Any CPU
		{50CE7B59-6C51-413E-ADB3-2FA3E8102813}.Debug|x86.Build.0 = Debug|Any CPU
		{50CE7B59-6C51-413E-ADB3-2FA3E8102813}.Release|Any CPU.ActiveCfg = Release|Any CPU
		{50CE7B59-6C51-413E-ADB3-2FA3E8102813}.Release|Any CPU.Build.0 = Release|Any CPU
		{50CE7B59-6C51-413E-ADB3-2FA3E8102813}.Release|x86.ActiveCfg = Release|Any CPU
		{50CE7B59-6C51-413E-ADB3-2FA3E8102813}.Release|x86.Build.0 = Release|Any CPU
		{6DB6A05C-45EA-4F95-BE9C-F49A458CF805}.Debug|Any CPU.ActiveCfg = Debug|Any CPU
		{6DB6A05C-45EA-4F95-BE9C-F49A458CF805}.Debug|Any CPU.Build.0 = Debug|Any CPU
		{6DB6A05C-45EA-4F95-BE9C-F49A458CF805}.Debug|x86.ActiveCfg = Debug|Any CPU
		{6DB6A05C-45EA-4F95-BE9C-F49A458CF805}.Debug|x86.Build.0 = Debug|Any CPU
		{6DB6A05C-45EA-4F95-BE9C-F49A458CF805}.Release|Any CPU.ActiveCfg = Release|Any CPU
		{6DB6A05C-45EA-4F95-BE9C-F49A458CF805}.Release|Any CPU.Build.0 = Release|Any CPU
		{6DB6A05C-45EA-4F95-BE9C-F49A458CF805}.Release|x86.ActiveCfg = Release|Any CPU
		{6DB6A05C-45EA-4F95-BE9C-F49A458CF805}.Release|x86.Build.0 = Release|Any CPU
		{D02577B8-4F1D-42B9-8802-454AE99D17D6}.Debug|Any CPU.ActiveCfg = Debug|Any CPU
		{D02577B8-4F1D-42B9-8802-454AE99D17D6}.Debug|Any CPU.Build.0 = Debug|Any CPU
		{D02577B8-4F1D-42B9-8802-454AE99D17D6}.Debug|x86.ActiveCfg = Debug|Any CPU
		{D02577B8-4F1D-42B9-8802-454AE99D17D6}.Debug|x86.Build.0 = Debug|Any CPU
		{D02577B8-4F1D-42B9-8802-454AE99D17D6}.Release|Any CPU.ActiveCfg = Release|Any CPU
		{D02577B8-4F1D-42B9-8802-454AE99D17D6}.Release|Any CPU.Build.0 = Release|Any CPU
		{D02577B8-4F1D-42B9-8802-454AE99D17D6}.Release|x86.ActiveCfg = Release|Any CPU
		{D02577B8-4F1D-42B9-8802-454AE99D17D6}.Release|x86.Build.0 = Release|Any CPU
		{1DD01193-9CB6-4EA9-8987-39F454C5DBBB}.Debug|Any CPU.ActiveCfg = Debug|Any CPU
		{1DD01193-9CB6-4EA9-8987-39F454C5DBBB}.Debug|Any CPU.Build.0 = Debug|Any CPU
		{1DD01193-9CB6-4EA9-8987-39F454C5DBBB}.Debug|x86.ActiveCfg = Debug|Any CPU
		{1DD01193-9CB6-4EA9-8987-39F454C5DBBB}.Debug|x86.Build.0 = Debug|Any CPU
		{1DD01193-9CB6-4EA9-8987-39F454C5DBBB}.Release|Any CPU.ActiveCfg = Release|Any CPU
		{1DD01193-9CB6-4EA9-8987-39F454C5DBBB}.Release|Any CPU.Build.0 = Release|Any CPU
		{1DD01193-9CB6-4EA9-8987-39F454C5DBBB}.Release|x86.ActiveCfg = Release|Any CPU
		{1DD01193-9CB6-4EA9-8987-39F454C5DBBB}.Release|x86.Build.0 = Release|Any CPU
		{143386E8-8873-42C1-8284-4105213DAC94}.Debug|Any CPU.ActiveCfg = Debug|Any CPU
		{143386E8-8873-42C1-8284-4105213DAC94}.Debug|Any CPU.Build.0 = Debug|Any CPU
		{143386E8-8873-42C1-8284-4105213DAC94}.Debug|x86.ActiveCfg = Debug|Any CPU
		{143386E8-8873-42C1-8284-4105213DAC94}.Debug|x86.Build.0 = Debug|Any CPU
		{143386E8-8873-42C1-8284-4105213DAC94}.Release|Any CPU.ActiveCfg = Release|Any CPU
		{143386E8-8873-42C1-8284-4105213DAC94}.Release|Any CPU.Build.0 = Release|Any CPU
		{143386E8-8873-42C1-8284-4105213DAC94}.Release|x86.ActiveCfg = Release|Any CPU
		{143386E8-8873-42C1-8284-4105213DAC94}.Release|x86.Build.0 = Release|Any CPU
		{489005CE-B9B1-475D-A161-358254C7505A}.Debug|Any CPU.ActiveCfg = Debug|Any CPU
		{489005CE-B9B1-475D-A161-358254C7505A}.Debug|Any CPU.Build.0 = Debug|Any CPU
		{489005CE-B9B1-475D-A161-358254C7505A}.Debug|x86.ActiveCfg = Debug|Any CPU
		{489005CE-B9B1-475D-A161-358254C7505A}.Debug|x86.Build.0 = Debug|Any CPU
		{489005CE-B9B1-475D-A161-358254C7505A}.Release|Any CPU.ActiveCfg = Release|Any CPU
		{489005CE-B9B1-475D-A161-358254C7505A}.Release|Any CPU.Build.0 = Release|Any CPU
		{489005CE-B9B1-475D-A161-358254C7505A}.Release|x86.ActiveCfg = Release|Any CPU
		{489005CE-B9B1-475D-A161-358254C7505A}.Release|x86.Build.0 = Release|Any CPU
		{6601D944-F150-4578-A14E-604B4EEC9867}.Debug|Any CPU.ActiveCfg = Debug|Any CPU
		{6601D944-F150-4578-A14E-604B4EEC9867}.Debug|Any CPU.Build.0 = Debug|Any CPU
		{6601D944-F150-4578-A14E-604B4EEC9867}.Debug|x86.ActiveCfg = Debug|Any CPU
		{6601D944-F150-4578-A14E-604B4EEC9867}.Debug|x86.Build.0 = Debug|Any CPU
		{6601D944-F150-4578-A14E-604B4EEC9867}.Release|Any CPU.ActiveCfg = Release|Any CPU
		{6601D944-F150-4578-A14E-604B4EEC9867}.Release|Any CPU.Build.0 = Release|Any CPU
		{6601D944-F150-4578-A14E-604B4EEC9867}.Release|x86.ActiveCfg = Release|Any CPU
		{6601D944-F150-4578-A14E-604B4EEC9867}.Release|x86.Build.0 = Release|Any CPU
		{C08B47F1-BD56-4BC0-9241-214B67F91470}.Debug|Any CPU.ActiveCfg = Debug|Any CPU
		{C08B47F1-BD56-4BC0-9241-214B67F91470}.Debug|Any CPU.Build.0 = Debug|Any CPU
		{C08B47F1-BD56-4BC0-9241-214B67F91470}.Debug|x86.ActiveCfg = Debug|Any CPU
		{C08B47F1-BD56-4BC0-9241-214B67F91470}.Debug|x86.Build.0 = Debug|Any CPU
		{C08B47F1-BD56-4BC0-9241-214B67F91470}.Release|Any CPU.ActiveCfg = Release|Any CPU
		{C08B47F1-BD56-4BC0-9241-214B67F91470}.Release|Any CPU.Build.0 = Release|Any CPU
		{C08B47F1-BD56-4BC0-9241-214B67F91470}.Release|x86.ActiveCfg = Release|Any CPU
		{C08B47F1-BD56-4BC0-9241-214B67F91470}.Release|x86.Build.0 = Release|Any CPU
		{4759DE91-C740-4C18-9E86-051C28575514}.Debug|Any CPU.ActiveCfg = Debug|Any CPU
		{4759DE91-C740-4C18-9E86-051C28575514}.Debug|Any CPU.Build.0 = Debug|Any CPU
		{4759DE91-C740-4C18-9E86-051C28575514}.Debug|x86.ActiveCfg = Debug|Any CPU
		{4759DE91-C740-4C18-9E86-051C28575514}.Debug|x86.Build.0 = Debug|Any CPU
		{4759DE91-C740-4C18-9E86-051C28575514}.Release|Any CPU.ActiveCfg = Release|Any CPU
		{4759DE91-C740-4C18-9E86-051C28575514}.Release|Any CPU.Build.0 = Release|Any CPU
		{4759DE91-C740-4C18-9E86-051C28575514}.Release|x86.ActiveCfg = Release|Any CPU
		{4759DE91-C740-4C18-9E86-051C28575514}.Release|x86.Build.0 = Release|Any CPU
		{85F364A9-C77F-47E5-9E9C-E5B49C19A5BC}.Debug|Any CPU.ActiveCfg = Debug|Any CPU
		{85F364A9-C77F-47E5-9E9C-E5B49C19A5BC}.Debug|Any CPU.Build.0 = Debug|Any CPU
		{85F364A9-C77F-47E5-9E9C-E5B49C19A5BC}.Debug|x86.ActiveCfg = Debug|Any CPU
		{85F364A9-C77F-47E5-9E9C-E5B49C19A5BC}.Debug|x86.Build.0 = Debug|Any CPU
		{85F364A9-C77F-47E5-9E9C-E5B49C19A5BC}.Release|Any CPU.ActiveCfg = Release|Any CPU
		{85F364A9-C77F-47E5-9E9C-E5B49C19A5BC}.Release|Any CPU.Build.0 = Release|Any CPU
		{85F364A9-C77F-47E5-9E9C-E5B49C19A5BC}.Release|x86.ActiveCfg = Release|Any CPU
		{85F364A9-C77F-47E5-9E9C-E5B49C19A5BC}.Release|x86.Build.0 = Release|Any CPU
		{73735B90-B01F-4026-AC66-14A304760E7F}.Debug|Any CPU.ActiveCfg = Debug|Any CPU
		{73735B90-B01F-4026-AC66-14A304760E7F}.Debug|Any CPU.Build.0 = Debug|Any CPU
		{73735B90-B01F-4026-AC66-14A304760E7F}.Debug|x86.ActiveCfg = Debug|Any CPU
		{73735B90-B01F-4026-AC66-14A304760E7F}.Debug|x86.Build.0 = Debug|Any CPU
		{73735B90-B01F-4026-AC66-14A304760E7F}.Release|Any CPU.ActiveCfg = Release|Any CPU
		{73735B90-B01F-4026-AC66-14A304760E7F}.Release|Any CPU.Build.0 = Release|Any CPU
		{73735B90-B01F-4026-AC66-14A304760E7F}.Release|x86.ActiveCfg = Release|Any CPU
		{73735B90-B01F-4026-AC66-14A304760E7F}.Release|x86.Build.0 = Release|Any CPU
		{B9BAB6BC-4023-4689-B2F0-F15473547DA2}.Debug|Any CPU.ActiveCfg = Debug|Any CPU
		{B9BAB6BC-4023-4689-B2F0-F15473547DA2}.Debug|Any CPU.Build.0 = Debug|Any CPU
		{B9BAB6BC-4023-4689-B2F0-F15473547DA2}.Debug|x86.ActiveCfg = Debug|Any CPU
		{B9BAB6BC-4023-4689-B2F0-F15473547DA2}.Debug|x86.Build.0 = Debug|Any CPU
		{B9BAB6BC-4023-4689-B2F0-F15473547DA2}.Release|Any CPU.ActiveCfg = Release|Any CPU
		{B9BAB6BC-4023-4689-B2F0-F15473547DA2}.Release|Any CPU.Build.0 = Release|Any CPU
		{B9BAB6BC-4023-4689-B2F0-F15473547DA2}.Release|x86.ActiveCfg = Release|Any CPU
		{B9BAB6BC-4023-4689-B2F0-F15473547DA2}.Release|x86.Build.0 = Release|Any CPU
		{CD719561-BE76-460D-BC34-48791D1C43D2}.Debug|Any CPU.ActiveCfg = Debug|Any CPU
		{CD719561-BE76-460D-BC34-48791D1C43D2}.Debug|Any CPU.Build.0 = Debug|Any CPU
		{CD719561-BE76-460D-BC34-48791D1C43D2}.Debug|x86.ActiveCfg = Debug|Any CPU
		{CD719561-BE76-460D-BC34-48791D1C43D2}.Debug|x86.Build.0 = Debug|Any CPU
		{CD719561-BE76-460D-BC34-48791D1C43D2}.Release|Any CPU.ActiveCfg = Release|Any CPU
		{CD719561-BE76-460D-BC34-48791D1C43D2}.Release|Any CPU.Build.0 = Release|Any CPU
		{CD719561-BE76-460D-BC34-48791D1C43D2}.Release|x86.ActiveCfg = Release|Any CPU
		{CD719561-BE76-460D-BC34-48791D1C43D2}.Release|x86.Build.0 = Release|Any CPU
		{5F913C77-3FD5-4E05-BA61-ECF81BB5BA09}.Debug|Any CPU.ActiveCfg = Debug|Any CPU
		{5F913C77-3FD5-4E05-BA61-ECF81BB5BA09}.Debug|Any CPU.Build.0 = Debug|Any CPU
		{5F913C77-3FD5-4E05-BA61-ECF81BB5BA09}.Debug|x86.ActiveCfg = Debug|Any CPU
		{5F913C77-3FD5-4E05-BA61-ECF81BB5BA09}.Debug|x86.Build.0 = Debug|Any CPU
		{5F913C77-3FD5-4E05-BA61-ECF81BB5BA09}.Release|Any CPU.ActiveCfg = Release|Any CPU
		{5F913C77-3FD5-4E05-BA61-ECF81BB5BA09}.Release|Any CPU.Build.0 = Release|Any CPU
		{5F913C77-3FD5-4E05-BA61-ECF81BB5BA09}.Release|x86.ActiveCfg = Release|Any CPU
		{5F913C77-3FD5-4E05-BA61-ECF81BB5BA09}.Release|x86.Build.0 = Release|Any CPU
	EndGlobalSection
	GlobalSection(SolutionProperties) = preSolution
		HideSolutionNode = FALSE
	EndGlobalSection
	GlobalSection(NestedProjects) = preSolution
		{A2192000-1BDE-4657-AC90-289CF096C674} = {F4305EC7-2632-4313-B7F6-A0E05C64F9DD}
		{50CE7B59-6C51-413E-ADB3-2FA3E8102813} = {F4305EC7-2632-4313-B7F6-A0E05C64F9DD}
		{6DB6A05C-45EA-4F95-BE9C-F49A458CF805} = {F4305EC7-2632-4313-B7F6-A0E05C64F9DD}
		{D02577B8-4F1D-42B9-8802-454AE99D17D6} = {F4305EC7-2632-4313-B7F6-A0E05C64F9DD}
		{1DD01193-9CB6-4EA9-8987-39F454C5DBBB} = {F4305EC7-2632-4313-B7F6-A0E05C64F9DD}
		{143386E8-8873-42C1-8284-4105213DAC94} = {F4305EC7-2632-4313-B7F6-A0E05C64F9DD}
		{489005CE-B9B1-475D-A161-358254C7505A} = {F4305EC7-2632-4313-B7F6-A0E05C64F9DD}
		{6601D944-F150-4578-A14E-604B4EEC9867} = {F4305EC7-2632-4313-B7F6-A0E05C64F9DD}
		{C08B47F1-BD56-4BC0-9241-214B67F91470} = {F4305EC7-2632-4313-B7F6-A0E05C64F9DD}
		{B9BAB6BC-4023-4689-B2F0-F15473547DA2} = {F4305EC7-2632-4313-B7F6-A0E05C64F9DD}
		{CD719561-BE76-460D-BC34-48791D1C43D2} = {F4305EC7-2632-4313-B7F6-A0E05C64F9DD}
		{5F913C77-3FD5-4E05-BA61-ECF81BB5BA09} = {F4305EC7-2632-4313-B7F6-A0E05C64F9DD}
	EndGlobalSection
	GlobalSection(ExtensibilityGlobals) = postSolution
		SolutionGuid = {A6BF0BD3-FB17-4EDB-AFBF-08A34BD2E2B6}
	EndGlobalSection
	GlobalSection(SubversionScc) = preSolution
		Svn-Managed = True
		Manager = AnkhSVN - Subversion Support for Visual Studio
	EndGlobalSection
EndGlobal
