
Microsoft Visual Studio Solution File, Format Version 12.00
# Visual Studio Version 16
VisualStudioVersion = 16.0.31019.194
MinimumVisualStudioVersion = 10.0.40219.1
Project("{9A19103F-16F7-4668-BE54-9A1E7A4F7556}") = "Sphere10.Framework", "Sphere10.Framework\Sphere10.Framework.csproj", "{A2192000-1BDE-4657-AC90-289CF096C674}"
EndProject
Project("{9A19103F-16F7-4668-BE54-9A1E7A4F7556}") = "Sphere10.Framework.Data", "Sphere10.Framework.Data\Sphere10.Framework.Data.csproj", "{50CE7B59-6C51-413E-ADB3-2FA3E8102813}"
EndProject
Project("{9A19103F-16F7-4668-BE54-9A1E7A4F7556}") = "Sphere10.Framework.Data.Firebird", "Sphere10.Framework.Data.Firebird\Sphere10.Framework.Data.Firebird.csproj", "{6DB6A05C-45EA-4F95-BE9C-F49A458CF805}"
EndProject
Project("{9A19103F-16F7-4668-BE54-9A1E7A4F7556}") = "Sphere10.Framework.Data.MSSQL", "Sphere10.Framework.Data.MSSQL\Sphere10.Framework.Data.MSSQL.csproj", "{D02577B8-4F1D-42B9-8802-454AE99D17D6}"
EndProject
Project("{9A19103F-16F7-4668-BE54-9A1E7A4F7556}") = "Sphere10.Framework.Data.Sqlite", "Sphere10.Framework.Data.Sqlite\Sphere10.Framework.Data.Sqlite.csproj", "{1DD01193-9CB6-4EA9-8987-39F454C5DBBB}"
EndProject
Project("{9A19103F-16F7-4668-BE54-9A1E7A4F7556}") = "Sphere10.Framework.Application", "Sphere10.Framework.Application\Sphere10.Framework.Application.csproj", "{143386E8-8873-42C1-8284-4105213DAC94}"
EndProject
Project("{9A19103F-16F7-4668-BE54-9A1E7A4F7556}") = "Sphere10.Framework.Services", "Sphere10.Framework.Services\Sphere10.Framework.Services.csproj", "{489005CE-B9B1-475D-A161-358254C7505A}"
EndProject
Project("{9A19103F-16F7-4668-BE54-9A1E7A4F7556}") = "Sphere10.Framework.Drawing", "Sphere10.Framework.Drawing\Sphere10.Framework.Drawing.csproj", "{6601D944-F150-4578-A14E-604B4EEC9867}"
EndProject
Project("{9A19103F-16F7-4668-BE54-9A1E7A4F7556}") = "Sphere10.Framework.NUnit", "Sphere10.Framework.NUnit\Sphere10.Framework.NUnit.csproj", "{C08B47F1-BD56-4BC0-9241-214B67F91470}"
EndProject
Project("{2150E333-8FDC-42A3-9474-1A3956D46DE8}") = "Standard", "Standard", "{4086EB64-1D44-4D2A-9B4F-8437B60C86BA}"
EndProject
Project("{FAE04EC0-301F-11D3-BF4B-00C04F79EFBC}") = "Sphere10.Framework.iOS", "Sphere10.Framework.iOS\Sphere10.Framework.iOS.csproj", "{E71F3053-056C-4381-9638-048ED73BDFF6}"
EndProject
Project("{FAE04EC0-301F-11D3-BF4B-00C04F79EFBC}") = "Sphere10.Framework.Android", "Sphere10.Framework.Android\Sphere10.Framework.Android.csproj", "{A574303A-F6D7-4E41-ADB8-E3BA4A79AAC4}"
EndProject
Project("{9A19103F-16F7-4668-BE54-9A1E7A4F7556}") = "Sphere10.Framework.Communications", "Sphere10.Framework.Communications\Sphere10.Framework.Communications.csproj", "{7FEEA087-4906-4476-BDBC-D6B77052C085}"
EndProject
Project("{9A19103F-16F7-4668-BE54-9A1E7A4F7556}") = "HashLib4CSharp", "HashLib4CSharp\HashLib4CSharp.csproj", "{CCEC7B48-F22C-4165-9567-B6E13AEC7BC3}"
EndProject
Project("{9A19103F-16F7-4668-BE54-9A1E7A4F7556}") = "Sphere10.Framework.CryptoEx", "Sphere10.Framework.CryptoEx\Sphere10.Framework.CryptoEx.csproj", "{47DD6944-65DD-48F7-9ADC-045FA995117B}"
EndProject
Global
	GlobalSection(SolutionConfigurationPlatforms) = preSolution
		Debug|Any CPU = Debug|Any CPU
		Debug|x86 = Debug|x86
		Release|Any CPU = Release|Any CPU
		Release|x86 = Release|x86
	EndGlobalSection
	GlobalSection(ProjectConfigurationPlatforms) = postSolution
		{A2192000-1BDE-4657-AC90-289CF096C674}.Debug|Any CPU.ActiveCfg = Debug|Any CPU
		{A2192000-1BDE-4657-AC90-289CF096C674}.Debug|Any CPU.Build.0 = Debug|Any CPU
		{A2192000-1BDE-4657-AC90-289CF096C674}.Debug|x86.ActiveCfg = Debug|Any CPU
		{A2192000-1BDE-4657-AC90-289CF096C674}.Debug|x86.Build.0 = Debug|Any CPU
		{A2192000-1BDE-4657-AC90-289CF096C674}.Release|Any CPU.ActiveCfg = Release|Any CPU
		{A2192000-1BDE-4657-AC90-289CF096C674}.Release|Any CPU.Build.0 = Release|Any CPU
		{A2192000-1BDE-4657-AC90-289CF096C674}.Release|x86.ActiveCfg = Release|Any CPU
		{A2192000-1BDE-4657-AC90-289CF096C674}.Release|x86.Build.0 = Release|Any CPU
		{50CE7B59-6C51-413E-ADB3-2FA3E8102813}.Debug|Any CPU.ActiveCfg = Debug|Any CPU
		{50CE7B59-6C51-413E-ADB3-2FA3E8102813}.Debug|Any CPU.Build.0 = Debug|Any CPU
		{50CE7B59-6C51-413E-ADB3-2FA3E8102813}.Debug|x86.ActiveCfg = Debug|Any CPU
		{50CE7B59-6C51-413E-ADB3-2FA3E8102813}.Debug|x86.Build.0 = Debug|Any CPU
		{50CE7B59-6C51-413E-ADB3-2FA3E8102813}.Release|Any CPU.ActiveCfg = Release|Any CPU
		{50CE7B59-6C51-413E-ADB3-2FA3E8102813}.Release|Any CPU.Build.0 = Release|Any CPU
		{50CE7B59-6C51-413E-ADB3-2FA3E8102813}.Release|x86.ActiveCfg = Release|Any CPU
		{50CE7B59-6C51-413E-ADB3-2FA3E8102813}.Release|x86.Build.0 = Release|Any CPU
		{6DB6A05C-45EA-4F95-BE9C-F49A458CF805}.Debug|Any CPU.ActiveCfg = Debug|Any CPU
		{6DB6A05C-45EA-4F95-BE9C-F49A458CF805}.Debug|Any CPU.Build.0 = Debug|Any CPU
		{6DB6A05C-45EA-4F95-BE9C-F49A458CF805}.Debug|x86.ActiveCfg = Debug|Any CPU
		{6DB6A05C-45EA-4F95-BE9C-F49A458CF805}.Debug|x86.Build.0 = Debug|Any CPU
		{6DB6A05C-45EA-4F95-BE9C-F49A458CF805}.Release|Any CPU.ActiveCfg = Release|Any CPU
		{6DB6A05C-45EA-4F95-BE9C-F49A458CF805}.Release|Any CPU.Build.0 = Release|Any CPU
		{6DB6A05C-45EA-4F95-BE9C-F49A458CF805}.Release|x86.ActiveCfg = Release|Any CPU
		{6DB6A05C-45EA-4F95-BE9C-F49A458CF805}.Release|x86.Build.0 = Release|Any CPU
		{D02577B8-4F1D-42B9-8802-454AE99D17D6}.Debug|Any CPU.ActiveCfg = Debug|Any CPU
		{D02577B8-4F1D-42B9-8802-454AE99D17D6}.Debug|Any CPU.Build.0 = Debug|Any CPU
		{D02577B8-4F1D-42B9-8802-454AE99D17D6}.Debug|x86.ActiveCfg = Debug|Any CPU
		{D02577B8-4F1D-42B9-8802-454AE99D17D6}.Debug|x86.Build.0 = Debug|Any CPU
		{D02577B8-4F1D-42B9-8802-454AE99D17D6}.Release|Any CPU.ActiveCfg = Release|Any CPU
		{D02577B8-4F1D-42B9-8802-454AE99D17D6}.Release|Any CPU.Build.0 = Release|Any CPU
		{D02577B8-4F1D-42B9-8802-454AE99D17D6}.Release|x86.ActiveCfg = Release|Any CPU
		{D02577B8-4F1D-42B9-8802-454AE99D17D6}.Release|x86.Build.0 = Release|Any CPU
		{1DD01193-9CB6-4EA9-8987-39F454C5DBBB}.Debug|Any CPU.ActiveCfg = Debug|Any CPU
		{1DD01193-9CB6-4EA9-8987-39F454C5DBBB}.Debug|Any CPU.Build.0 = Debug|Any CPU
		{1DD01193-9CB6-4EA9-8987-39F454C5DBBB}.Debug|x86.ActiveCfg = Debug|Any CPU
		{1DD01193-9CB6-4EA9-8987-39F454C5DBBB}.Debug|x86.Build.0 = Debug|Any CPU
		{1DD01193-9CB6-4EA9-8987-39F454C5DBBB}.Release|Any CPU.ActiveCfg = Release|Any CPU
		{1DD01193-9CB6-4EA9-8987-39F454C5DBBB}.Release|Any CPU.Build.0 = Release|Any CPU
		{1DD01193-9CB6-4EA9-8987-39F454C5DBBB}.Release|x86.ActiveCfg = Release|Any CPU
		{1DD01193-9CB6-4EA9-8987-39F454C5DBBB}.Release|x86.Build.0 = Release|Any CPU
		{143386E8-8873-42C1-8284-4105213DAC94}.Debug|Any CPU.ActiveCfg = Debug|Any CPU
		{143386E8-8873-42C1-8284-4105213DAC94}.Debug|Any CPU.Build.0 = Debug|Any CPU
		{143386E8-8873-42C1-8284-4105213DAC94}.Debug|x86.ActiveCfg = Debug|Any CPU
		{143386E8-8873-42C1-8284-4105213DAC94}.Debug|x86.Build.0 = Debug|Any CPU
		{143386E8-8873-42C1-8284-4105213DAC94}.Release|Any CPU.ActiveCfg = Release|Any CPU
		{143386E8-8873-42C1-8284-4105213DAC94}.Release|Any CPU.Build.0 = Release|Any CPU
		{143386E8-8873-42C1-8284-4105213DAC94}.Release|x86.ActiveCfg = Release|Any CPU
		{143386E8-8873-42C1-8284-4105213DAC94}.Release|x86.Build.0 = Release|Any CPU
		{489005CE-B9B1-475D-A161-358254C7505A}.Debug|Any CPU.ActiveCfg = Debug|Any CPU
		{489005CE-B9B1-475D-A161-358254C7505A}.Debug|Any CPU.Build.0 = Debug|Any CPU
		{489005CE-B9B1-475D-A161-358254C7505A}.Debug|x86.ActiveCfg = Debug|Any CPU
		{489005CE-B9B1-475D-A161-358254C7505A}.Debug|x86.Build.0 = Debug|Any CPU
		{489005CE-B9B1-475D-A161-358254C7505A}.Release|Any CPU.ActiveCfg = Release|Any CPU
		{489005CE-B9B1-475D-A161-358254C7505A}.Release|Any CPU.Build.0 = Release|Any CPU
		{489005CE-B9B1-475D-A161-358254C7505A}.Release|x86.ActiveCfg = Release|Any CPU
		{489005CE-B9B1-475D-A161-358254C7505A}.Release|x86.Build.0 = Release|Any CPU
		{6601D944-F150-4578-A14E-604B4EEC9867}.Debug|Any CPU.ActiveCfg = Debug|Any CPU
		{6601D944-F150-4578-A14E-604B4EEC9867}.Debug|Any CPU.Build.0 = Debug|Any CPU
		{6601D944-F150-4578-A14E-604B4EEC9867}.Debug|x86.ActiveCfg = Debug|Any CPU
		{6601D944-F150-4578-A14E-604B4EEC9867}.Debug|x86.Build.0 = Debug|Any CPU
		{6601D944-F150-4578-A14E-604B4EEC9867}.Release|Any CPU.ActiveCfg = Release|Any CPU
		{6601D944-F150-4578-A14E-604B4EEC9867}.Release|Any CPU.Build.0 = Release|Any CPU
		{6601D944-F150-4578-A14E-604B4EEC9867}.Release|x86.ActiveCfg = Release|Any CPU
		{6601D944-F150-4578-A14E-604B4EEC9867}.Release|x86.Build.0 = Release|Any CPU
		{C08B47F1-BD56-4BC0-9241-214B67F91470}.Debug|Any CPU.ActiveCfg = Debug|Any CPU
		{C08B47F1-BD56-4BC0-9241-214B67F91470}.Debug|Any CPU.Build.0 = Debug|Any CPU
		{C08B47F1-BD56-4BC0-9241-214B67F91470}.Debug|x86.ActiveCfg = Debug|Any CPU
		{C08B47F1-BD56-4BC0-9241-214B67F91470}.Debug|x86.Build.0 = Debug|Any CPU
		{C08B47F1-BD56-4BC0-9241-214B67F91470}.Release|Any CPU.ActiveCfg = Release|Any CPU
		{C08B47F1-BD56-4BC0-9241-214B67F91470}.Release|Any CPU.Build.0 = Release|Any CPU
		{C08B47F1-BD56-4BC0-9241-214B67F91470}.Release|x86.ActiveCfg = Release|Any CPU
		{C08B47F1-BD56-4BC0-9241-214B67F91470}.Release|x86.Build.0 = Release|Any CPU
		{E71F3053-056C-4381-9638-048ED73BDFF6}.Debug|Any CPU.ActiveCfg = Debug|Any CPU
		{E71F3053-056C-4381-9638-048ED73BDFF6}.Debug|Any CPU.Build.0 = Debug|Any CPU
		{E71F3053-056C-4381-9638-048ED73BDFF6}.Debug|x86.ActiveCfg = Debug|Any CPU
		{E71F3053-056C-4381-9638-048ED73BDFF6}.Debug|x86.Build.0 = Debug|Any CPU
		{E71F3053-056C-4381-9638-048ED73BDFF6}.Release|Any CPU.ActiveCfg = Release|Any CPU
		{E71F3053-056C-4381-9638-048ED73BDFF6}.Release|Any CPU.Build.0 = Release|Any CPU
		{E71F3053-056C-4381-9638-048ED73BDFF6}.Release|x86.ActiveCfg = Release|Any CPU
		{E71F3053-056C-4381-9638-048ED73BDFF6}.Release|x86.Build.0 = Release|Any CPU
		{A574303A-F6D7-4E41-ADB8-E3BA4A79AAC4}.Debug|Any CPU.ActiveCfg = Debug|Any CPU
		{A574303A-F6D7-4E41-ADB8-E3BA4A79AAC4}.Debug|Any CPU.Build.0 = Debug|Any CPU
		{A574303A-F6D7-4E41-ADB8-E3BA4A79AAC4}.Debug|x86.ActiveCfg = Debug|Any CPU
		{A574303A-F6D7-4E41-ADB8-E3BA4A79AAC4}.Debug|x86.Build.0 = Debug|Any CPU
		{A574303A-F6D7-4E41-ADB8-E3BA4A79AAC4}.Release|Any CPU.ActiveCfg = Release|Any CPU
		{A574303A-F6D7-4E41-ADB8-E3BA4A79AAC4}.Release|Any CPU.Build.0 = Release|Any CPU
		{A574303A-F6D7-4E41-ADB8-E3BA4A79AAC4}.Release|x86.ActiveCfg = Release|Any CPU
		{A574303A-F6D7-4E41-ADB8-E3BA4A79AAC4}.Release|x86.Build.0 = Release|Any CPU
		{7FEEA087-4906-4476-BDBC-D6B77052C085}.Debug|Any CPU.ActiveCfg = Debug|Any CPU
		{7FEEA087-4906-4476-BDBC-D6B77052C085}.Debug|Any CPU.Build.0 = Debug|Any CPU
		{7FEEA087-4906-4476-BDBC-D6B77052C085}.Debug|x86.ActiveCfg = Debug|Any CPU
		{7FEEA087-4906-4476-BDBC-D6B77052C085}.Debug|x86.Build.0 = Debug|Any CPU
		{7FEEA087-4906-4476-BDBC-D6B77052C085}.Release|Any CPU.ActiveCfg = Release|Any CPU
		{7FEEA087-4906-4476-BDBC-D6B77052C085}.Release|Any CPU.Build.0 = Release|Any CPU
		{7FEEA087-4906-4476-BDBC-D6B77052C085}.Release|x86.ActiveCfg = Release|Any CPU
		{7FEEA087-4906-4476-BDBC-D6B77052C085}.Release|x86.Build.0 = Release|Any CPU
		{CCEC7B48-F22C-4165-9567-B6E13AEC7BC3}.Debug|Any CPU.ActiveCfg = Debug|Any CPU
		{CCEC7B48-F22C-4165-9567-B6E13AEC7BC3}.Debug|Any CPU.Build.0 = Debug|Any CPU
		{CCEC7B48-F22C-4165-9567-B6E13AEC7BC3}.Debug|x86.ActiveCfg = Debug|Any CPU
		{CCEC7B48-F22C-4165-9567-B6E13AEC7BC3}.Debug|x86.Build.0 = Debug|Any CPU
		{CCEC7B48-F22C-4165-9567-B6E13AEC7BC3}.Release|Any CPU.ActiveCfg = Release|Any CPU
		{CCEC7B48-F22C-4165-9567-B6E13AEC7BC3}.Release|Any CPU.Build.0 = Release|Any CPU
		{CCEC7B48-F22C-4165-9567-B6E13AEC7BC3}.Release|x86.ActiveCfg = Release|Any CPU
		{CCEC7B48-F22C-4165-9567-B6E13AEC7BC3}.Release|x86.Build.0 = Release|Any CPU
		{47DD6944-65DD-48F7-9ADC-045FA995117B}.Debug|Any CPU.ActiveCfg = Debug|Any CPU
		{47DD6944-65DD-48F7-9ADC-045FA995117B}.Debug|Any CPU.Build.0 = Debug|Any CPU
		{47DD6944-65DD-48F7-9ADC-045FA995117B}.Debug|x86.ActiveCfg = Debug|Any CPU
		{47DD6944-65DD-48F7-9ADC-045FA995117B}.Debug|x86.Build.0 = Debug|Any CPU
		{47DD6944-65DD-48F7-9ADC-045FA995117B}.Release|Any CPU.ActiveCfg = Release|Any CPU
		{47DD6944-65DD-48F7-9ADC-045FA995117B}.Release|Any CPU.Build.0 = Release|Any CPU
		{47DD6944-65DD-48F7-9ADC-045FA995117B}.Release|x86.ActiveCfg = Release|Any CPU
		{47DD6944-65DD-48F7-9ADC-045FA995117B}.Release|x86.Build.0 = Release|Any CPU
	EndGlobalSection
	GlobalSection(SolutionProperties) = preSolution
		HideSolutionNode = FALSE
	EndGlobalSection
	GlobalSection(NestedProjects) = preSolution
		{A2192000-1BDE-4657-AC90-289CF096C674} = {4086EB64-1D44-4D2A-9B4F-8437B60C86BA}
		{50CE7B59-6C51-413E-ADB3-2FA3E8102813} = {4086EB64-1D44-4D2A-9B4F-8437B60C86BA}
		{6DB6A05C-45EA-4F95-BE9C-F49A458CF805} = {4086EB64-1D44-4D2A-9B4F-8437B60C86BA}
		{D02577B8-4F1D-42B9-8802-454AE99D17D6} = {4086EB64-1D44-4D2A-9B4F-8437B60C86BA}
		{1DD01193-9CB6-4EA9-8987-39F454C5DBBB} = {4086EB64-1D44-4D2A-9B4F-8437B60C86BA}
		{143386E8-8873-42C1-8284-4105213DAC94} = {4086EB64-1D44-4D2A-9B4F-8437B60C86BA}
		{489005CE-B9B1-475D-A161-358254C7505A} = {4086EB64-1D44-4D2A-9B4F-8437B60C86BA}
		{6601D944-F150-4578-A14E-604B4EEC9867} = {4086EB64-1D44-4D2A-9B4F-8437B60C86BA}
		{C08B47F1-BD56-4BC0-9241-214B67F91470} = {4086EB64-1D44-4D2A-9B4F-8437B60C86BA}
		{7FEEA087-4906-4476-BDBC-D6B77052C085} = {4086EB64-1D44-4D2A-9B4F-8437B60C86BA}
		{CCEC7B48-F22C-4165-9567-B6E13AEC7BC3} = {4086EB64-1D44-4D2A-9B4F-8437B60C86BA}
		{47DD6944-65DD-48F7-9ADC-045FA995117B} = {4086EB64-1D44-4D2A-9B4F-8437B60C86BA}
	EndGlobalSection
	GlobalSection(ExtensibilityGlobals) = postSolution
		SolutionGuid = {A6BF0BD3-FB17-4EDB-AFBF-08A34BD2E2B6}
	EndGlobalSection
	GlobalSection(SubversionScc) = preSolution
		Svn-Managed = True
		Manager = AnkhSVN - Subversion Support for Visual Studio
	EndGlobalSection
EndGlobal
