
Microsoft Visual Studio Solution File, Format Version 12.00
# Visual Studio Version 16
VisualStudioVersion = 16.0.31019.194
MinimumVisualStudioVersion = 10.0.40219.1
Project("{9A19103F-16F7-4668-BE54-9A1E7A4F7556}") = "Sphere10.Framework.Windows", "Sphere10.Framework.Windows\Sphere10.Framework.Windows.csproj", "{05D56A4B-6E13-4396-8B49-E2C55BC9B508}"
EndProject
Project("{9A19103F-16F7-4668-BE54-9A1E7A4F7556}") = "Sphere10.Framework.Windows.Forms", "Sphere10.Framework.Windows.Forms\Sphere10.Framework.Windows.Forms.csproj", "{1EA1A698-5A35-45C7-8E85-DA3CC0D2882E}"
EndProject
Project("{9A19103F-16F7-4668-BE54-9A1E7A4F7556}") = "Sphere10.Framework.Windows.Forms.Firebird", "Sphere10.Framework.Windows.Forms.Firebird\Sphere10.Framework.Windows.Forms.Firebird.csproj", "{0AAE6912-CDE3-4D49-9AE5-63193105537C}"
EndProject
Project("{9A19103F-16F7-4668-BE54-9A1E7A4F7556}") = "Sphere10.Framework.Windows.Forms.Sqlite", "Sphere10.Framework.Windows.Forms.Sqlite\Sphere10.Framework.Windows.Forms.Sqlite.csproj", "{BD8F6B59-E0DB-4DEE-A144-944BBC44FD9D}"
EndProject
Project("{9A19103F-16F7-4668-BE54-9A1E7A4F7556}") = "Sphere10.Framework.Windows.LevelDB", "Sphere10.Framework.Windows.LevelDB\Sphere10.Framework.Windows.LevelDB.csproj", "{C1549308-26F7-49C3-B1AA-8AD986C90DB8}"
EndProject
Project("{9A19103F-16F7-4668-BE54-9A1E7A4F7556}") = "Sphere10.Framework", "Sphere10.Framework\Sphere10.Framework.csproj", "{A2192000-1BDE-4657-AC90-289CF096C674}"
EndProject
Project("{9A19103F-16F7-4668-BE54-9A1E7A4F7556}") = "Sphere10.Framework.Data", "Sphere10.Framework.Data\Sphere10.Framework.Data.csproj", "{50CE7B59-6C51-413E-ADB3-2FA3E8102813}"
EndProject
Project("{9A19103F-16F7-4668-BE54-9A1E7A4F7556}") = "Sphere10.Framework.Data.Firebird", "Sphere10.Framework.Data.Firebird\Sphere10.Framework.Data.Firebird.csproj", "{6DB6A05C-45EA-4F95-BE9C-F49A458CF805}"
EndProject
Project("{9A19103F-16F7-4668-BE54-9A1E7A4F7556}") = "Sphere10.Framework.Data.MSSQL", "Sphere10.Framework.Data.MSSQL\Sphere10.Framework.Data.MSSQL.csproj", "{D02577B8-4F1D-42B9-8802-454AE99D17D6}"
EndProject
Project("{9A19103F-16F7-4668-BE54-9A1E7A4F7556}") = "Sphere10.Framework.Data.Sqlite", "Sphere10.Framework.Data.Sqlite\Sphere10.Framework.Data.Sqlite.csproj", "{1DD01193-9CB6-4EA9-8987-39F454C5DBBB}"
EndProject
Project("{9A19103F-16F7-4668-BE54-9A1E7A4F7556}") = "Sphere10.Framework.Services", "Sphere10.Framework.Services\Sphere10.Framework.Services.csproj", "{489005CE-B9B1-475D-A161-358254C7505A}"
EndProject
Project("{9A19103F-16F7-4668-BE54-9A1E7A4F7556}") = "Sphere10.Framework.Drawing", "Sphere10.Framework.Drawing\Sphere10.Framework.Drawing.csproj", "{6601D944-F150-4578-A14E-604B4EEC9867}"
EndProject
Project("{9A19103F-16F7-4668-BE54-9A1E7A4F7556}") = "Sphere10.Framework.Windows.Forms.MSSQL", "Sphere10.Framework.Windows.Forms.MSSQL\Sphere10.Framework.Windows.Forms.MSSQL.csproj", "{97D707E8-38FF-4435-B7A6-7F777D255E3A}"
EndProject
Project("{9A19103F-16F7-4668-BE54-9A1E7A4F7556}") = "Sphere10.Framework.NUnit", "Sphere10.Framework.NUnit\Sphere10.Framework.NUnit.csproj", "{C08B47F1-BD56-4BC0-9241-214B67F91470}"
EndProject
Project("{2150E333-8FDC-42A3-9474-1A3956D46DE8}") = "Standard", "Standard", "{4086EB64-1D44-4D2A-9B4F-8437B60C86BA}"
EndProject
Project("{2150E333-8FDC-42A3-9474-1A3956D46DE8}") = ".NET 5", ".NET 5", "{3724E8EE-8603-4C7D-A55B-CAE530D573D5}"
EndProject
Project("{2150E333-8FDC-42A3-9474-1A3956D46DE8}") = ".NET 4", ".NET 4", "{4D7A0974-E357-4E9E-B9DA-D022E70B8590}"
EndProject
Project("{9A19103F-16F7-4668-BE54-9A1E7A4F7556}") = "Sphere10.Framework.Application", "Sphere10.Framework.Application\Sphere10.Framework.Application.csproj", "{E9FA1D5D-6BB5-4882-AFC3-817DB512ECFB}"
EndProject
Project("{9A19103F-16F7-4668-BE54-9A1E7A4F7556}") = "Sphere10.Framework.Core.Services", "Sphere10.Framework.Core.Services\Sphere10.Framework.Core.Services.csproj", "{893445E5-1725-4D42-B571-8C585E09075F}"
EndProject
Project("{9A19103F-16F7-4668-BE54-9A1E7A4F7556}") = "Sphere10.Framework.Communications", "Sphere10.Framework.Communications\Sphere10.Framework.Communications.csproj", "{2689FEE8-61F7-4D00-BA7C-A305894F18FF}"
EndProject
Project("{9A19103F-16F7-4668-BE54-9A1E7A4F7556}") = "HashLib4CSharp", "HashLib4CSharp\HashLib4CSharp.csproj", "{98EB2E4E-F1E7-43D4-9C17-0D20FE11D1B6}"
EndProject
Project("{9A19103F-16F7-4668-BE54-9A1E7A4F7556}") = "Sphere10.Framework.CryptoEx", "Sphere10.Framework.CryptoEx\Sphere10.Framework.CryptoEx.csproj", "{894A4AC5-086C-46C0-940C-00EBD3C9085F}"
EndProject
Project("{9A19103F-16F7-4668-BE54-9A1E7A4F7556}") = "Sphere10.Framework.Data.NHibernate", "Sphere10.Framework.Data.NHibernate\Sphere10.Framework.Data.NHibernate.csproj", "{7306FB26-8082-4E19-B3CD-7397A63636C5}"
EndProject
Project("{9A19103F-16F7-4668-BE54-9A1E7A4F7556}") = "Sphere10.Framework.Web.AspNetCore", "Sphere10.Framework.Web.AspNetCore\Sphere10.Framework.Web.AspNetCore.csproj", "{40EA6D93-E68E-4D56-AFF5-72C3FA82D929}"
EndProject
Global
	GlobalSection(SolutionConfigurationPlatforms) = preSolution
		Debug|Any CPU = Debug|Any CPU
		Debug|x86 = Debug|x86
		Release|Any CPU = Release|Any CPU
		Release|x86 = Release|x86
	EndGlobalSection
	GlobalSection(ProjectConfigurationPlatforms) = postSolution
		{05D56A4B-6E13-4396-8B49-E2C55BC9B508}.Debug|Any CPU.ActiveCfg = Debug|Any CPU
		{05D56A4B-6E13-4396-8B49-E2C55BC9B508}.Debug|Any CPU.Build.0 = Debug|Any CPU
		{05D56A4B-6E13-4396-8B49-E2C55BC9B508}.Debug|x86.ActiveCfg = Debug|x86
		{05D56A4B-6E13-4396-8B49-E2C55BC9B508}.Debug|x86.Build.0 = Debug|x86
		{05D56A4B-6E13-4396-8B49-E2C55BC9B508}.Release|Any CPU.ActiveCfg = Release|Any CPU
		{05D56A4B-6E13-4396-8B49-E2C55BC9B508}.Release|Any CPU.Build.0 = Release|Any CPU
		{05D56A4B-6E13-4396-8B49-E2C55BC9B508}.Release|x86.ActiveCfg = Release|x86
		{05D56A4B-6E13-4396-8B49-E2C55BC9B508}.Release|x86.Build.0 = Release|x86
		{1EA1A698-5A35-45C7-8E85-DA3CC0D2882E}.Debug|Any CPU.ActiveCfg = Debug|Any CPU
		{1EA1A698-5A35-45C7-8E85-DA3CC0D2882E}.Debug|Any CPU.Build.0 = Debug|Any CPU
		{1EA1A698-5A35-45C7-8E85-DA3CC0D2882E}.Debug|x86.ActiveCfg = Debug|x86
		{1EA1A698-5A35-45C7-8E85-DA3CC0D2882E}.Debug|x86.Build.0 = Debug|x86
		{1EA1A698-5A35-45C7-8E85-DA3CC0D2882E}.Release|Any CPU.ActiveCfg = Release|Any CPU
		{1EA1A698-5A35-45C7-8E85-DA3CC0D2882E}.Release|Any CPU.Build.0 = Release|Any CPU
		{1EA1A698-5A35-45C7-8E85-DA3CC0D2882E}.Release|x86.ActiveCfg = Release|x86
		{1EA1A698-5A35-45C7-8E85-DA3CC0D2882E}.Release|x86.Build.0 = Release|x86
		{0AAE6912-CDE3-4D49-9AE5-63193105537C}.Debug|Any CPU.ActiveCfg = Debug|Any CPU
		{0AAE6912-CDE3-4D49-9AE5-63193105537C}.Debug|Any CPU.Build.0 = Debug|Any CPU
		{0AAE6912-CDE3-4D49-9AE5-63193105537C}.Debug|x86.ActiveCfg = Debug|x86
		{0AAE6912-CDE3-4D49-9AE5-63193105537C}.Debug|x86.Build.0 = Debug|x86
		{0AAE6912-CDE3-4D49-9AE5-63193105537C}.Release|Any CPU.ActiveCfg = Release|Any CPU
		{0AAE6912-CDE3-4D49-9AE5-63193105537C}.Release|Any CPU.Build.0 = Release|Any CPU
		{0AAE6912-CDE3-4D49-9AE5-63193105537C}.Release|x86.ActiveCfg = Release|x86
		{0AAE6912-CDE3-4D49-9AE5-63193105537C}.Release|x86.Build.0 = Release|x86
		{BD8F6B59-E0DB-4DEE-A144-944BBC44FD9D}.Debug|Any CPU.ActiveCfg = Debug|Any CPU
		{BD8F6B59-E0DB-4DEE-A144-944BBC44FD9D}.Debug|Any CPU.Build.0 = Debug|Any CPU
		{BD8F6B59-E0DB-4DEE-A144-944BBC44FD9D}.Debug|x86.ActiveCfg = Debug|x86
		{BD8F6B59-E0DB-4DEE-A144-944BBC44FD9D}.Debug|x86.Build.0 = Debug|x86
		{BD8F6B59-E0DB-4DEE-A144-944BBC44FD9D}.Release|Any CPU.ActiveCfg = Release|Any CPU
		{BD8F6B59-E0DB-4DEE-A144-944BBC44FD9D}.Release|Any CPU.Build.0 = Release|Any CPU
		{BD8F6B59-E0DB-4DEE-A144-944BBC44FD9D}.Release|x86.ActiveCfg = Release|x86
		{BD8F6B59-E0DB-4DEE-A144-944BBC44FD9D}.Release|x86.Build.0 = Release|x86
		{C1549308-26F7-49C3-B1AA-8AD986C90DB8}.Debug|Any CPU.ActiveCfg = Debug|Any CPU
		{C1549308-26F7-49C3-B1AA-8AD986C90DB8}.Debug|Any CPU.Build.0 = Debug|Any CPU
		{C1549308-26F7-49C3-B1AA-8AD986C90DB8}.Debug|x86.ActiveCfg = Debug|Any CPU
		{C1549308-26F7-49C3-B1AA-8AD986C90DB8}.Debug|x86.Build.0 = Debug|Any CPU
		{C1549308-26F7-49C3-B1AA-8AD986C90DB8}.Release|Any CPU.ActiveCfg = Release|Any CPU
		{C1549308-26F7-49C3-B1AA-8AD986C90DB8}.Release|Any CPU.Build.0 = Release|Any CPU
		{C1549308-26F7-49C3-B1AA-8AD986C90DB8}.Release|x86.ActiveCfg = Release|Any CPU
		{C1549308-26F7-49C3-B1AA-8AD986C90DB8}.Release|x86.Build.0 = Release|Any CPU
		{A2192000-1BDE-4657-AC90-289CF096C674}.Debug|Any CPU.ActiveCfg = Debug|Any CPU
		{A2192000-1BDE-4657-AC90-289CF096C674}.Debug|Any CPU.Build.0 = Debug|Any CPU
		{A2192000-1BDE-4657-AC90-289CF096C674}.Debug|x86.ActiveCfg = Debug|Any CPU
		{A2192000-1BDE-4657-AC90-289CF096C674}.Debug|x86.Build.0 = Debug|Any CPU
		{A2192000-1BDE-4657-AC90-289CF096C674}.Release|Any CPU.ActiveCfg = Release|Any CPU
		{A2192000-1BDE-4657-AC90-289CF096C674}.Release|Any CPU.Build.0 = Release|Any CPU
		{A2192000-1BDE-4657-AC90-289CF096C674}.Release|x86.ActiveCfg = Release|Any CPU
		{A2192000-1BDE-4657-AC90-289CF096C674}.Release|x86.Build.0 = Release|Any CPU
		{50CE7B59-6C51-413E-ADB3-2FA3E8102813}.Debug|Any CPU.ActiveCfg = Debug|Any CPU
		{50CE7B59-6C51-413E-ADB3-2FA3E8102813}.Debug|Any CPU.Build.0 = Debug|Any CPU
		{50CE7B59-6C51-413E-ADB3-2FA3E8102813}.Debug|x86.ActiveCfg = Debug|Any CPU
		{50CE7B59-6C51-413E-ADB3-2FA3E8102813}.Debug|x86.Build.0 = Debug|Any CPU
		{50CE7B59-6C51-413E-ADB3-2FA3E8102813}.Release|Any CPU.ActiveCfg = Release|Any CPU
		{50CE7B59-6C51-413E-ADB3-2FA3E8102813}.Release|Any CPU.Build.0 = Release|Any CPU
		{50CE7B59-6C51-413E-ADB3-2FA3E8102813}.Release|x86.ActiveCfg = Release|Any CPU
		{50CE7B59-6C51-413E-ADB3-2FA3E8102813}.Release|x86.Build.0 = Release|Any CPU
		{6DB6A05C-45EA-4F95-BE9C-F49A458CF805}.Debug|Any CPU.ActiveCfg = Debug|Any CPU
		{6DB6A05C-45EA-4F95-BE9C-F49A458CF805}.Debug|Any CPU.Build.0 = Debug|Any CPU
		{6DB6A05C-45EA-4F95-BE9C-F49A458CF805}.Debug|x86.ActiveCfg = Debug|Any CPU
		{6DB6A05C-45EA-4F95-BE9C-F49A458CF805}.Debug|x86.Build.0 = Debug|Any CPU
		{6DB6A05C-45EA-4F95-BE9C-F49A458CF805}.Release|Any CPU.ActiveCfg = Release|Any CPU
		{6DB6A05C-45EA-4F95-BE9C-F49A458CF805}.Release|Any CPU.Build.0 = Release|Any CPU
		{6DB6A05C-45EA-4F95-BE9C-F49A458CF805}.Release|x86.ActiveCfg = Release|Any CPU
		{6DB6A05C-45EA-4F95-BE9C-F49A458CF805}.Release|x86.Build.0 = Release|Any CPU
		{D02577B8-4F1D-42B9-8802-454AE99D17D6}.Debug|Any CPU.ActiveCfg = Debug|Any CPU
		{D02577B8-4F1D-42B9-8802-454AE99D17D6}.Debug|Any CPU.Build.0 = Debug|Any CPU
		{D02577B8-4F1D-42B9-8802-454AE99D17D6}.Debug|x86.ActiveCfg = Debug|Any CPU
		{D02577B8-4F1D-42B9-8802-454AE99D17D6}.Debug|x86.Build.0 = Debug|Any CPU
		{D02577B8-4F1D-42B9-8802-454AE99D17D6}.Release|Any CPU.ActiveCfg = Release|Any CPU
		{D02577B8-4F1D-42B9-8802-454AE99D17D6}.Release|Any CPU.Build.0 = Release|Any CPU
		{D02577B8-4F1D-42B9-8802-454AE99D17D6}.Release|x86.ActiveCfg = Release|Any CPU
		{D02577B8-4F1D-42B9-8802-454AE99D17D6}.Release|x86.Build.0 = Release|Any CPU
		{1DD01193-9CB6-4EA9-8987-39F454C5DBBB}.Debug|Any CPU.ActiveCfg = Debug|Any CPU
		{1DD01193-9CB6-4EA9-8987-39F454C5DBBB}.Debug|Any CPU.Build.0 = Debug|Any CPU
		{1DD01193-9CB6-4EA9-8987-39F454C5DBBB}.Debug|x86.ActiveCfg = Debug|Any CPU
		{1DD01193-9CB6-4EA9-8987-39F454C5DBBB}.Debug|x86.Build.0 = Debug|Any CPU
		{1DD01193-9CB6-4EA9-8987-39F454C5DBBB}.Release|Any CPU.ActiveCfg = Release|Any CPU
		{1DD01193-9CB6-4EA9-8987-39F454C5DBBB}.Release|Any CPU.Build.0 = Release|Any CPU
		{1DD01193-9CB6-4EA9-8987-39F454C5DBBB}.Release|x86.ActiveCfg = Release|Any CPU
		{1DD01193-9CB6-4EA9-8987-39F454C5DBBB}.Release|x86.Build.0 = Release|Any CPU
		{489005CE-B9B1-475D-A161-358254C7505A}.Debug|Any CPU.ActiveCfg = Debug|Any CPU
		{489005CE-B9B1-475D-A161-358254C7505A}.Debug|Any CPU.Build.0 = Debug|Any CPU
		{489005CE-B9B1-475D-A161-358254C7505A}.Debug|x86.ActiveCfg = Debug|Any CPU
		{489005CE-B9B1-475D-A161-358254C7505A}.Debug|x86.Build.0 = Debug|Any CPU
		{489005CE-B9B1-475D-A161-358254C7505A}.Release|Any CPU.ActiveCfg = Release|Any CPU
		{489005CE-B9B1-475D-A161-358254C7505A}.Release|Any CPU.Build.0 = Release|Any CPU
		{489005CE-B9B1-475D-A161-358254C7505A}.Release|x86.ActiveCfg = Release|Any CPU
		{489005CE-B9B1-475D-A161-358254C7505A}.Release|x86.Build.0 = Release|Any CPU
		{6601D944-F150-4578-A14E-604B4EEC9867}.Debug|Any CPU.ActiveCfg = Debug|Any CPU
		{6601D944-F150-4578-A14E-604B4EEC9867}.Debug|Any CPU.Build.0 = Debug|Any CPU
		{6601D944-F150-4578-A14E-604B4EEC9867}.Debug|x86.ActiveCfg = Debug|Any CPU
		{6601D944-F150-4578-A14E-604B4EEC9867}.Debug|x86.Build.0 = Debug|Any CPU
		{6601D944-F150-4578-A14E-604B4EEC9867}.Release|Any CPU.ActiveCfg = Release|Any CPU
		{6601D944-F150-4578-A14E-604B4EEC9867}.Release|Any CPU.Build.0 = Release|Any CPU
		{6601D944-F150-4578-A14E-604B4EEC9867}.Release|x86.ActiveCfg = Release|Any CPU
		{6601D944-F150-4578-A14E-604B4EEC9867}.Release|x86.Build.0 = Release|Any CPU
		{97D707E8-38FF-4435-B7A6-7F777D255E3A}.Debug|Any CPU.ActiveCfg = Debug|Any CPU
		{97D707E8-38FF-4435-B7A6-7F777D255E3A}.Debug|Any CPU.Build.0 = Debug|Any CPU
		{97D707E8-38FF-4435-B7A6-7F777D255E3A}.Debug|x86.ActiveCfg = Debug|Any CPU
		{97D707E8-38FF-4435-B7A6-7F777D255E3A}.Debug|x86.Build.0 = Debug|Any CPU
		{97D707E8-38FF-4435-B7A6-7F777D255E3A}.Release|Any CPU.ActiveCfg = Release|Any CPU
		{97D707E8-38FF-4435-B7A6-7F777D255E3A}.Release|Any CPU.Build.0 = Release|Any CPU
		{97D707E8-38FF-4435-B7A6-7F777D255E3A}.Release|x86.ActiveCfg = Release|Any CPU
		{97D707E8-38FF-4435-B7A6-7F777D255E3A}.Release|x86.Build.0 = Release|Any CPU
		{C08B47F1-BD56-4BC0-9241-214B67F91470}.Debug|Any CPU.ActiveCfg = Debug|Any CPU
		{C08B47F1-BD56-4BC0-9241-214B67F91470}.Debug|Any CPU.Build.0 = Debug|Any CPU
		{C08B47F1-BD56-4BC0-9241-214B67F91470}.Debug|x86.ActiveCfg = Debug|Any CPU
		{C08B47F1-BD56-4BC0-9241-214B67F91470}.Debug|x86.Build.0 = Debug|Any CPU
		{C08B47F1-BD56-4BC0-9241-214B67F91470}.Release|Any CPU.ActiveCfg = Release|Any CPU
		{C08B47F1-BD56-4BC0-9241-214B67F91470}.Release|Any CPU.Build.0 = Release|Any CPU
		{C08B47F1-BD56-4BC0-9241-214B67F91470}.Release|x86.ActiveCfg = Release|Any CPU
		{C08B47F1-BD56-4BC0-9241-214B67F91470}.Release|x86.Build.0 = Release|Any CPU
		{E9FA1D5D-6BB5-4882-AFC3-817DB512ECFB}.Debug|Any CPU.ActiveCfg = Debug|Any CPU
		{E9FA1D5D-6BB5-4882-AFC3-817DB512ECFB}.Debug|Any CPU.Build.0 = Debug|Any CPU
		{E9FA1D5D-6BB5-4882-AFC3-817DB512ECFB}.Debug|x86.ActiveCfg = Debug|Any CPU
		{E9FA1D5D-6BB5-4882-AFC3-817DB512ECFB}.Debug|x86.Build.0 = Debug|Any CPU
		{E9FA1D5D-6BB5-4882-AFC3-817DB512ECFB}.Release|Any CPU.ActiveCfg = Release|Any CPU
		{E9FA1D5D-6BB5-4882-AFC3-817DB512ECFB}.Release|Any CPU.Build.0 = Release|Any CPU
		{E9FA1D5D-6BB5-4882-AFC3-817DB512ECFB}.Release|x86.ActiveCfg = Release|Any CPU
		{E9FA1D5D-6BB5-4882-AFC3-817DB512ECFB}.Release|x86.Build.0 = Release|Any CPU
		{893445E5-1725-4D42-B571-8C585E09075F}.Debug|Any CPU.ActiveCfg = Debug|Any CPU
		{893445E5-1725-4D42-B571-8C585E09075F}.Debug|Any CPU.Build.0 = Debug|Any CPU
		{893445E5-1725-4D42-B571-8C585E09075F}.Debug|x86.ActiveCfg = Debug|Any CPU
		{893445E5-1725-4D42-B571-8C585E09075F}.Debug|x86.Build.0 = Debug|Any CPU
		{893445E5-1725-4D42-B571-8C585E09075F}.Release|Any CPU.ActiveCfg = Release|Any CPU
		{893445E5-1725-4D42-B571-8C585E09075F}.Release|Any CPU.Build.0 = Release|Any CPU
		{893445E5-1725-4D42-B571-8C585E09075F}.Release|x86.ActiveCfg = Release|Any CPU
		{893445E5-1725-4D42-B571-8C585E09075F}.Release|x86.Build.0 = Release|Any CPU
		{2689FEE8-61F7-4D00-BA7C-A305894F18FF}.Debug|Any CPU.ActiveCfg = Debug|Any CPU
		{2689FEE8-61F7-4D00-BA7C-A305894F18FF}.Debug|Any CPU.Build.0 = Debug|Any CPU
		{2689FEE8-61F7-4D00-BA7C-A305894F18FF}.Debug|x86.ActiveCfg = Debug|Any CPU
		{2689FEE8-61F7-4D00-BA7C-A305894F18FF}.Debug|x86.Build.0 = Debug|Any CPU
		{2689FEE8-61F7-4D00-BA7C-A305894F18FF}.Release|Any CPU.ActiveCfg = Release|Any CPU
		{2689FEE8-61F7-4D00-BA7C-A305894F18FF}.Release|Any CPU.Build.0 = Release|Any CPU
		{2689FEE8-61F7-4D00-BA7C-A305894F18FF}.Release|x86.ActiveCfg = Release|Any CPU
		{2689FEE8-61F7-4D00-BA7C-A305894F18FF}.Release|x86.Build.0 = Release|Any CPU
		{98EB2E4E-F1E7-43D4-9C17-0D20FE11D1B6}.Debug|Any CPU.ActiveCfg = Debug|Any CPU
		{98EB2E4E-F1E7-43D4-9C17-0D20FE11D1B6}.Debug|Any CPU.Build.0 = Debug|Any CPU
		{98EB2E4E-F1E7-43D4-9C17-0D20FE11D1B6}.Debug|x86.ActiveCfg = Debug|Any CPU
		{98EB2E4E-F1E7-43D4-9C17-0D20FE11D1B6}.Debug|x86.Build.0 = Debug|Any CPU
		{98EB2E4E-F1E7-43D4-9C17-0D20FE11D1B6}.Release|Any CPU.ActiveCfg = Release|Any CPU
		{98EB2E4E-F1E7-43D4-9C17-0D20FE11D1B6}.Release|Any CPU.Build.0 = Release|Any CPU
		{98EB2E4E-F1E7-43D4-9C17-0D20FE11D1B6}.Release|x86.ActiveCfg = Release|Any CPU
		{98EB2E4E-F1E7-43D4-9C17-0D20FE11D1B6}.Release|x86.Build.0 = Release|Any CPU
		{894A4AC5-086C-46C0-940C-00EBD3C9085F}.Debug|Any CPU.ActiveCfg = Debug|Any CPU
		{894A4AC5-086C-46C0-940C-00EBD3C9085F}.Debug|Any CPU.Build.0 = Debug|Any CPU
		{894A4AC5-086C-46C0-940C-00EBD3C9085F}.Debug|x86.ActiveCfg = Debug|Any CPU
		{894A4AC5-086C-46C0-940C-00EBD3C9085F}.Debug|x86.Build.0 = Debug|Any CPU
		{894A4AC5-086C-46C0-940C-00EBD3C9085F}.Release|Any CPU.ActiveCfg = Release|Any CPU
		{894A4AC5-086C-46C0-940C-00EBD3C9085F}.Release|Any CPU.Build.0 = Release|Any CPU
		{894A4AC5-086C-46C0-940C-00EBD3C9085F}.Release|x86.ActiveCfg = Release|Any CPU
		{894A4AC5-086C-46C0-940C-00EBD3C9085F}.Release|x86.Build.0 = Release|Any CPU
		{7306FB26-8082-4E19-B3CD-7397A63636C5}.Debug|Any CPU.ActiveCfg = Debug|Any CPU
		{7306FB26-8082-4E19-B3CD-7397A63636C5}.Debug|Any CPU.Build.0 = Debug|Any CPU
		{7306FB26-8082-4E19-B3CD-7397A63636C5}.Debug|x86.ActiveCfg = Debug|Any CPU
		{7306FB26-8082-4E19-B3CD-7397A63636C5}.Debug|x86.Build.0 = Debug|Any CPU
		{7306FB26-8082-4E19-B3CD-7397A63636C5}.Release|Any CPU.ActiveCfg = Release|Any CPU
		{7306FB26-8082-4E19-B3CD-7397A63636C5}.Release|Any CPU.Build.0 = Release|Any CPU
		{7306FB26-8082-4E19-B3CD-7397A63636C5}.Release|x86.ActiveCfg = Release|Any CPU
		{7306FB26-8082-4E19-B3CD-7397A63636C5}.Release|x86.Build.0 = Release|Any CPU
		{40EA6D93-E68E-4D56-AFF5-72C3FA82D929}.Debug|Any CPU.ActiveCfg = Debug|Any CPU
		{40EA6D93-E68E-4D56-AFF5-72C3FA82D929}.Debug|Any CPU.Build.0 = Debug|Any CPU
		{40EA6D93-E68E-4D56-AFF5-72C3FA82D929}.Debug|x86.ActiveCfg = Debug|Any CPU
		{40EA6D93-E68E-4D56-AFF5-72C3FA82D929}.Debug|x86.Build.0 = Debug|Any CPU
		{40EA6D93-E68E-4D56-AFF5-72C3FA82D929}.Release|Any CPU.ActiveCfg = Release|Any CPU
		{40EA6D93-E68E-4D56-AFF5-72C3FA82D929}.Release|Any CPU.Build.0 = Release|Any CPU
		{40EA6D93-E68E-4D56-AFF5-72C3FA82D929}.Release|x86.ActiveCfg = Release|Any CPU
		{40EA6D93-E68E-4D56-AFF5-72C3FA82D929}.Release|x86.Build.0 = Release|Any CPU
	EndGlobalSection
	GlobalSection(SolutionProperties) = preSolution
		HideSolutionNode = FALSE
	EndGlobalSection
	GlobalSection(NestedProjects) = preSolution
		{05D56A4B-6E13-4396-8B49-E2C55BC9B508} = {4D7A0974-E357-4E9E-B9DA-D022E70B8590}
		{1EA1A698-5A35-45C7-8E85-DA3CC0D2882E} = {4D7A0974-E357-4E9E-B9DA-D022E70B8590}
		{0AAE6912-CDE3-4D49-9AE5-63193105537C} = {4D7A0974-E357-4E9E-B9DA-D022E70B8590}
		{BD8F6B59-E0DB-4DEE-A144-944BBC44FD9D} = {4D7A0974-E357-4E9E-B9DA-D022E70B8590}
		{C1549308-26F7-49C3-B1AA-8AD986C90DB8} = {4D7A0974-E357-4E9E-B9DA-D022E70B8590}
		{A2192000-1BDE-4657-AC90-289CF096C674} = {4086EB64-1D44-4D2A-9B4F-8437B60C86BA}
		{50CE7B59-6C51-413E-ADB3-2FA3E8102813} = {4086EB64-1D44-4D2A-9B4F-8437B60C86BA}
		{6DB6A05C-45EA-4F95-BE9C-F49A458CF805} = {4086EB64-1D44-4D2A-9B4F-8437B60C86BA}
		{D02577B8-4F1D-42B9-8802-454AE99D17D6} = {4086EB64-1D44-4D2A-9B4F-8437B60C86BA}
		{1DD01193-9CB6-4EA9-8987-39F454C5DBBB} = {4086EB64-1D44-4D2A-9B4F-8437B60C86BA}
		{489005CE-B9B1-475D-A161-358254C7505A} = {4086EB64-1D44-4D2A-9B4F-8437B60C86BA}
		{6601D944-F150-4578-A14E-604B4EEC9867} = {4086EB64-1D44-4D2A-9B4F-8437B60C86BA}
		{97D707E8-38FF-4435-B7A6-7F777D255E3A} = {4D7A0974-E357-4E9E-B9DA-D022E70B8590}
		{C08B47F1-BD56-4BC0-9241-214B67F91470} = {4086EB64-1D44-4D2A-9B4F-8437B60C86BA}
		{E9FA1D5D-6BB5-4882-AFC3-817DB512ECFB} = {4086EB64-1D44-4D2A-9B4F-8437B60C86BA}
		{893445E5-1725-4D42-B571-8C585E09075F} = {3724E8EE-8603-4C7D-A55B-CAE530D573D5}
		{2689FEE8-61F7-4D00-BA7C-A305894F18FF} = {4086EB64-1D44-4D2A-9B4F-8437B60C86BA}
		{98EB2E4E-F1E7-43D4-9C17-0D20FE11D1B6} = {4086EB64-1D44-4D2A-9B4F-8437B60C86BA}
		{894A4AC5-086C-46C0-940C-00EBD3C9085F} = {4086EB64-1D44-4D2A-9B4F-8437B60C86BA}
		{7306FB26-8082-4E19-B3CD-7397A63636C5} = {4086EB64-1D44-4D2A-9B4F-8437B60C86BA}
		{40EA6D93-E68E-4D56-AFF5-72C3FA82D929} = {3724E8EE-8603-4C7D-A55B-CAE530D573D5}
	EndGlobalSection
	GlobalSection(ExtensibilityGlobals) = postSolution
		SolutionGuid = {A6BF0BD3-FB17-4EDB-AFBF-08A34BD2E2B6}
	EndGlobalSection
	GlobalSection(SubversionScc) = preSolution
		Svn-Managed = True
		Manager = AnkhSVN - Subversion Support for Visual Studio
	EndGlobalSection
EndGlobal
