
Microsoft Visual Studio Solution File, Format Version 12.00
# Visual Studio Version 16
VisualStudioVersion = 16.0.29215.179
MinimumVisualStudioVersion = 10.0.40219.1
Project("{9A19103F-16F7-4668-BE54-9A1E7A4F7556}") = "Sphere10.Framework", "Sphere10.Framework\Sphere10.Framework.csproj", "{1AFEF3F6-1C08-4543-B782-3A45D95CC6D6}"
EndProject
Project("{9A19103F-16F7-4668-BE54-9A1E7A4F7556}") = "Sphere10.Framework.NUnit", "Sphere10.Framework.NUnit\Sphere10.Framework.NUnit.csproj", "{A43683C2-B18A-45C1-811E-50EDBA09FAE3}"
EndProject
Project("{2150E333-8FDC-42A3-9474-1A3956D46DE8}") = "Helium", "Helium", "{C1D7C597-D8B3-474C-94E8-0B3BA68B32E3}"
EndProject
Project("{2150E333-8FDC-42A3-9474-1A3956D46DE8}") = "Framework", "Framework", "{0A18EA7B-A0C3-464B-91FC-936D69B49FBB}"
EndProject
Project("{2150E333-8FDC-42A3-9474-1A3956D46DE8}") = "Tests", "Tests", "{9441FD4C-B3FD-4E8B-92A4-D6E5796ADA95}"
EndProject
Project("{9A19103F-16F7-4668-BE54-9A1E7A4F7556}") = "Sphere10.Framework.CryptoEx", "Sphere10.Framework.CryptoEx\Sphere10.Framework.CryptoEx.csproj", "{237325C6-9E73-4ABB-9D74-5A37F805E42E}"
EndProject
Project("{9A19103F-16F7-4668-BE54-9A1E7A4F7556}") = "Sphere10.Framework.Application", "Sphere10.Framework.Application\Sphere10.Framework.Application.csproj", "{C841A069-067B-4AB6-8ECC-1DD14560FD3C}"
EndProject
Project("{9A19103F-16F7-4668-BE54-9A1E7A4F7556}") = "Sphere10.Helium", "Sphere10.Helium\Sphere10.Helium.csproj", "{940E342C-2BA3-4F0B-A440-F798D9513AFE}"
EndProject
Project("{9A19103F-16F7-4668-BE54-9A1E7A4F7556}") = "Sphere10.Helium.Loader", "Sphere10.Helium.Loader\Sphere10.Helium.Loader.csproj", "{284A148D-B9D6-4531-8226-C6DCED08E77E}"
EndProject
Project("{9A19103F-16F7-4668-BE54-9A1E7A4F7556}") = "Sphere10.Helium.PluginFramework", "Sphere10.Helium.PluginFramework\Sphere10.Helium.PluginFramework.csproj", "{2AA56F13-0E5A-4C7F-90E4-A09B3558ADF2}"
EndProject
Project("{9A19103F-16F7-4668-BE54-9A1E7A4F7556}") = "Sphere10.Helium.TestPlugin1", "Sphere10.Helium.TestPlugin1\Sphere10.Helium.TestPlugin1.csproj", "{FB28FEE4-6240-4C26-BDA4-89848DB69F6D}"
EndProject
Project("{9A19103F-16F7-4668-BE54-9A1E7A4F7556}") = "Sphere10.Helium.TestPlugin2", "Sphere10.Helium.TestPlugin2\Sphere10.Helium.TestPlugin2.csproj", "{0182C79A-62B9-4EA0-8D0B-3A7529920875}"
EndProject
Project("{9A19103F-16F7-4668-BE54-9A1E7A4F7556}") = "Sphere10.Helium.TestPlugin2.Message", "Sphere10.Helium.TestPlugin2.Message\Sphere10.Helium.TestPlugin2.Message.csproj", "{02C2F1E7-2CAE-4C2E-B5F5-6EBAC86BE45F}"
EndProject
Project("{9A19103F-16F7-4668-BE54-9A1E7A4F7556}") = "Sphere10.Helium.TestPlugin3", "Sphere10.Helium.TestPlugin3\Sphere10.Helium.TestPlugin3.csproj", "{18E57FFF-8272-4882-A88C-113CB5A00297}"
EndProject
Project("{9A19103F-16F7-4668-BE54-9A1E7A4F7556}") = "Sphere10.Helium.TestPlugin3.Message", "Sphere10.Helium.TestPlugin3.Message\Sphere10.Helium.TestPlugin3.Message.csproj", "{E4DE7040-4ABD-4E15-9986-42EA5F348CF8}"
EndProject
Project("{9A19103F-16F7-4668-BE54-9A1E7A4F7556}") = "Sphere10.Helium.Tests", "..\tests\Sphere10.Helium.Tests\Sphere10.Helium.Tests.csproj", "{468F9713-99AE-4F4A-8671-13B1D74DA33F}"
EndProject
Global
	GlobalSection(SolutionConfigurationPlatforms) = preSolution
		Debug|Any CPU = Debug|Any CPU
		Debug|x64 = Debug|x64
		Debug|x86 = Debug|x86
		Release|Any CPU = Release|Any CPU
		Release|x64 = Release|x64
		Release|x86 = Release|x86
	EndGlobalSection
	GlobalSection(ProjectConfigurationPlatforms) = postSolution
		{1AFEF3F6-1C08-4543-B782-3A45D95CC6D6}.Debug|Any CPU.ActiveCfg = Debug|Any CPU
		{1AFEF3F6-1C08-4543-B782-3A45D95CC6D6}.Debug|Any CPU.Build.0 = Debug|Any CPU
		{1AFEF3F6-1C08-4543-B782-3A45D95CC6D6}.Debug|x64.ActiveCfg = Debug|Any CPU
		{1AFEF3F6-1C08-4543-B782-3A45D95CC6D6}.Debug|x64.Build.0 = Debug|Any CPU
		{1AFEF3F6-1C08-4543-B782-3A45D95CC6D6}.Debug|x86.ActiveCfg = Debug|Any CPU
		{1AFEF3F6-1C08-4543-B782-3A45D95CC6D6}.Debug|x86.Build.0 = Debug|Any CPU
		{1AFEF3F6-1C08-4543-B782-3A45D95CC6D6}.Release|Any CPU.ActiveCfg = Release|Any CPU
		{1AFEF3F6-1C08-4543-B782-3A45D95CC6D6}.Release|Any CPU.Build.0 = Release|Any CPU
		{1AFEF3F6-1C08-4543-B782-3A45D95CC6D6}.Release|x64.ActiveCfg = Release|Any CPU
		{1AFEF3F6-1C08-4543-B782-3A45D95CC6D6}.Release|x64.Build.0 = Release|Any CPU
		{1AFEF3F6-1C08-4543-B782-3A45D95CC6D6}.Release|x86.ActiveCfg = Release|Any CPU
		{1AFEF3F6-1C08-4543-B782-3A45D95CC6D6}.Release|x86.Build.0 = Release|Any CPU
		{A43683C2-B18A-45C1-811E-50EDBA09FAE3}.Debug|Any CPU.ActiveCfg = Debug|Any CPU
		{A43683C2-B18A-45C1-811E-50EDBA09FAE3}.Debug|Any CPU.Build.0 = Debug|Any CPU
		{A43683C2-B18A-45C1-811E-50EDBA09FAE3}.Debug|x64.ActiveCfg = Debug|Any CPU
		{A43683C2-B18A-45C1-811E-50EDBA09FAE3}.Debug|x64.Build.0 = Debug|Any CPU
		{A43683C2-B18A-45C1-811E-50EDBA09FAE3}.Debug|x86.ActiveCfg = Debug|Any CPU
		{A43683C2-B18A-45C1-811E-50EDBA09FAE3}.Debug|x86.Build.0 = Debug|Any CPU
		{A43683C2-B18A-45C1-811E-50EDBA09FAE3}.Release|Any CPU.ActiveCfg = Release|Any CPU
		{A43683C2-B18A-45C1-811E-50EDBA09FAE3}.Release|Any CPU.Build.0 = Release|Any CPU
		{A43683C2-B18A-45C1-811E-50EDBA09FAE3}.Release|x64.ActiveCfg = Release|Any CPU
		{A43683C2-B18A-45C1-811E-50EDBA09FAE3}.Release|x64.Build.0 = Release|Any CPU
		{A43683C2-B18A-45C1-811E-50EDBA09FAE3}.Release|x86.ActiveCfg = Release|Any CPU
		{A43683C2-B18A-45C1-811E-50EDBA09FAE3}.Release|x86.Build.0 = Release|Any CPU
		{237325C6-9E73-4ABB-9D74-5A37F805E42E}.Debug|Any CPU.ActiveCfg = Debug|Any CPU
		{237325C6-9E73-4ABB-9D74-5A37F805E42E}.Debug|Any CPU.Build.0 = Debug|Any CPU
		{237325C6-9E73-4ABB-9D74-5A37F805E42E}.Debug|x64.ActiveCfg = Debug|Any CPU
		{237325C6-9E73-4ABB-9D74-5A37F805E42E}.Debug|x64.Build.0 = Debug|Any CPU
		{237325C6-9E73-4ABB-9D74-5A37F805E42E}.Debug|x86.ActiveCfg = Debug|Any CPU
		{237325C6-9E73-4ABB-9D74-5A37F805E42E}.Debug|x86.Build.0 = Debug|Any CPU
		{237325C6-9E73-4ABB-9D74-5A37F805E42E}.Release|Any CPU.ActiveCfg = Release|Any CPU
		{237325C6-9E73-4ABB-9D74-5A37F805E42E}.Release|Any CPU.Build.0 = Release|Any CPU
		{237325C6-9E73-4ABB-9D74-5A37F805E42E}.Release|x64.ActiveCfg = Release|Any CPU
		{237325C6-9E73-4ABB-9D74-5A37F805E42E}.Release|x64.Build.0 = Release|Any CPU
		{237325C6-9E73-4ABB-9D74-5A37F805E42E}.Release|x86.ActiveCfg = Release|Any CPU
		{237325C6-9E73-4ABB-9D74-5A37F805E42E}.Release|x86.Build.0 = Release|Any CPU
		{C841A069-067B-4AB6-8ECC-1DD14560FD3C}.Debug|Any CPU.ActiveCfg = Debug|Any CPU
		{C841A069-067B-4AB6-8ECC-1DD14560FD3C}.Debug|Any CPU.Build.0 = Debug|Any CPU
		{C841A069-067B-4AB6-8ECC-1DD14560FD3C}.Debug|x64.ActiveCfg = Debug|Any CPU
		{C841A069-067B-4AB6-8ECC-1DD14560FD3C}.Debug|x64.Build.0 = Debug|Any CPU
		{C841A069-067B-4AB6-8ECC-1DD14560FD3C}.Debug|x86.ActiveCfg = Debug|Any CPU
		{C841A069-067B-4AB6-8ECC-1DD14560FD3C}.Debug|x86.Build.0 = Debug|Any CPU
		{C841A069-067B-4AB6-8ECC-1DD14560FD3C}.Release|Any CPU.ActiveCfg = Release|Any CPU
		{C841A069-067B-4AB6-8ECC-1DD14560FD3C}.Release|Any CPU.Build.0 = Release|Any CPU
		{C841A069-067B-4AB6-8ECC-1DD14560FD3C}.Release|x64.ActiveCfg = Release|Any CPU
		{C841A069-067B-4AB6-8ECC-1DD14560FD3C}.Release|x64.Build.0 = Release|Any CPU
		{C841A069-067B-4AB6-8ECC-1DD14560FD3C}.Release|x86.ActiveCfg = Release|Any CPU
		{C841A069-067B-4AB6-8ECC-1DD14560FD3C}.Release|x86.Build.0 = Release|Any CPU
		{940E342C-2BA3-4F0B-A440-F798D9513AFE}.Debug|Any CPU.ActiveCfg = Debug|Any CPU
		{940E342C-2BA3-4F0B-A440-F798D9513AFE}.Debug|Any CPU.Build.0 = Debug|Any CPU
		{940E342C-2BA3-4F0B-A440-F798D9513AFE}.Debug|x64.ActiveCfg = Debug|Any CPU
		{940E342C-2BA3-4F0B-A440-F798D9513AFE}.Debug|x64.Build.0 = Debug|Any CPU
		{940E342C-2BA3-4F0B-A440-F798D9513AFE}.Debug|x86.ActiveCfg = Debug|Any CPU
		{940E342C-2BA3-4F0B-A440-F798D9513AFE}.Debug|x86.Build.0 = Debug|Any CPU
		{940E342C-2BA3-4F0B-A440-F798D9513AFE}.Release|Any CPU.ActiveCfg = Release|Any CPU
		{940E342C-2BA3-4F0B-A440-F798D9513AFE}.Release|Any CPU.Build.0 = Release|Any CPU
		{940E342C-2BA3-4F0B-A440-F798D9513AFE}.Release|x64.ActiveCfg = Release|Any CPU
		{940E342C-2BA3-4F0B-A440-F798D9513AFE}.Release|x64.Build.0 = Release|Any CPU
		{940E342C-2BA3-4F0B-A440-F798D9513AFE}.Release|x86.ActiveCfg = Release|Any CPU
		{940E342C-2BA3-4F0B-A440-F798D9513AFE}.Release|x86.Build.0 = Release|Any CPU
		{284A148D-B9D6-4531-8226-C6DCED08E77E}.Debug|Any CPU.ActiveCfg = Debug|Any CPU
		{284A148D-B9D6-4531-8226-C6DCED08E77E}.Debug|Any CPU.Build.0 = Debug|Any CPU
		{284A148D-B9D6-4531-8226-C6DCED08E77E}.Debug|x64.ActiveCfg = Debug|Any CPU
		{284A148D-B9D6-4531-8226-C6DCED08E77E}.Debug|x64.Build.0 = Debug|Any CPU
		{284A148D-B9D6-4531-8226-C6DCED08E77E}.Debug|x86.ActiveCfg = Debug|Any CPU
		{284A148D-B9D6-4531-8226-C6DCED08E77E}.Debug|x86.Build.0 = Debug|Any CPU
		{284A148D-B9D6-4531-8226-C6DCED08E77E}.Release|Any CPU.ActiveCfg = Release|Any CPU
		{284A148D-B9D6-4531-8226-C6DCED08E77E}.Release|Any CPU.Build.0 = Release|Any CPU
		{284A148D-B9D6-4531-8226-C6DCED08E77E}.Release|x64.ActiveCfg = Release|Any CPU
		{284A148D-B9D6-4531-8226-C6DCED08E77E}.Release|x64.Build.0 = Release|Any CPU
		{284A148D-B9D6-4531-8226-C6DCED08E77E}.Release|x86.ActiveCfg = Release|Any CPU
		{284A148D-B9D6-4531-8226-C6DCED08E77E}.Release|x86.Build.0 = Release|Any CPU
		{2AA56F13-0E5A-4C7F-90E4-A09B3558ADF2}.Debug|Any CPU.ActiveCfg = Debug|Any CPU
		{2AA56F13-0E5A-4C7F-90E4-A09B3558ADF2}.Debug|Any CPU.Build.0 = Debug|Any CPU
		{2AA56F13-0E5A-4C7F-90E4-A09B3558ADF2}.Debug|x64.ActiveCfg = Debug|Any CPU
		{2AA56F13-0E5A-4C7F-90E4-A09B3558ADF2}.Debug|x64.Build.0 = Debug|Any CPU
		{2AA56F13-0E5A-4C7F-90E4-A09B3558ADF2}.Debug|x86.ActiveCfg = Debug|Any CPU
		{2AA56F13-0E5A-4C7F-90E4-A09B3558ADF2}.Debug|x86.Build.0 = Debug|Any CPU
		{2AA56F13-0E5A-4C7F-90E4-A09B3558ADF2}.Release|Any CPU.ActiveCfg = Release|Any CPU
		{2AA56F13-0E5A-4C7F-90E4-A09B3558ADF2}.Release|Any CPU.Build.0 = Release|Any CPU
		{2AA56F13-0E5A-4C7F-90E4-A09B3558ADF2}.Release|x64.ActiveCfg = Release|Any CPU
		{2AA56F13-0E5A-4C7F-90E4-A09B3558ADF2}.Release|x64.Build.0 = Release|Any CPU
		{2AA56F13-0E5A-4C7F-90E4-A09B3558ADF2}.Release|x86.ActiveCfg = Release|Any CPU
		{2AA56F13-0E5A-4C7F-90E4-A09B3558ADF2}.Release|x86.Build.0 = Release|Any CPU
		{FB28FEE4-6240-4C26-BDA4-89848DB69F6D}.Debug|Any CPU.ActiveCfg = Debug|Any CPU
		{FB28FEE4-6240-4C26-BDA4-89848DB69F6D}.Debug|Any CPU.Build.0 = Debug|Any CPU
		{FB28FEE4-6240-4C26-BDA4-89848DB69F6D}.Debug|x64.ActiveCfg = Debug|Any CPU
		{FB28FEE4-6240-4C26-BDA4-89848DB69F6D}.Debug|x64.Build.0 = Debug|Any CPU
		{FB28FEE4-6240-4C26-BDA4-89848DB69F6D}.Debug|x86.ActiveCfg = Debug|Any CPU
		{FB28FEE4-6240-4C26-BDA4-89848DB69F6D}.Debug|x86.Build.0 = Debug|Any CPU
		{FB28FEE4-6240-4C26-BDA4-89848DB69F6D}.Release|Any CPU.ActiveCfg = Release|Any CPU
		{FB28FEE4-6240-4C26-BDA4-89848DB69F6D}.Release|Any CPU.Build.0 = Release|Any CPU
		{FB28FEE4-6240-4C26-BDA4-89848DB69F6D}.Release|x64.ActiveCfg = Release|Any CPU
		{FB28FEE4-6240-4C26-BDA4-89848DB69F6D}.Release|x64.Build.0 = Release|Any CPU
		{FB28FEE4-6240-4C26-BDA4-89848DB69F6D}.Release|x86.ActiveCfg = Release|Any CPU
		{FB28FEE4-6240-4C26-BDA4-89848DB69F6D}.Release|x86.Build.0 = Release|Any CPU
		{0182C79A-62B9-4EA0-8D0B-3A7529920875}.Debug|Any CPU.ActiveCfg = Debug|Any CPU
		{0182C79A-62B9-4EA0-8D0B-3A7529920875}.Debug|Any CPU.Build.0 = Debug|Any CPU
		{0182C79A-62B9-4EA0-8D0B-3A7529920875}.Debug|x64.ActiveCfg = Debug|Any CPU
		{0182C79A-62B9-4EA0-8D0B-3A7529920875}.Debug|x64.Build.0 = Debug|Any CPU
		{0182C79A-62B9-4EA0-8D0B-3A7529920875}.Debug|x86.ActiveCfg = Debug|Any CPU
		{0182C79A-62B9-4EA0-8D0B-3A7529920875}.Debug|x86.Build.0 = Debug|Any CPU
		{0182C79A-62B9-4EA0-8D0B-3A7529920875}.Release|Any CPU.ActiveCfg = Release|Any CPU
		{0182C79A-62B9-4EA0-8D0B-3A7529920875}.Release|Any CPU.Build.0 = Release|Any CPU
		{0182C79A-62B9-4EA0-8D0B-3A7529920875}.Release|x64.ActiveCfg = Release|Any CPU
		{0182C79A-62B9-4EA0-8D0B-3A7529920875}.Release|x64.Build.0 = Release|Any CPU
		{0182C79A-62B9-4EA0-8D0B-3A7529920875}.Release|x86.ActiveCfg = Release|Any CPU
		{0182C79A-62B9-4EA0-8D0B-3A7529920875}.Release|x86.Build.0 = Release|Any CPU
		{02C2F1E7-2CAE-4C2E-B5F5-6EBAC86BE45F}.Debug|Any CPU.ActiveCfg = Debug|Any CPU
		{02C2F1E7-2CAE-4C2E-B5F5-6EBAC86BE45F}.Debug|Any CPU.Build.0 = Debug|Any CPU
		{02C2F1E7-2CAE-4C2E-B5F5-6EBAC86BE45F}.Debug|x64.ActiveCfg = Debug|Any CPU
		{02C2F1E7-2CAE-4C2E-B5F5-6EBAC86BE45F}.Debug|x64.Build.0 = Debug|Any CPU
		{02C2F1E7-2CAE-4C2E-B5F5-6EBAC86BE45F}.Debug|x86.ActiveCfg = Debug|Any CPU
		{02C2F1E7-2CAE-4C2E-B5F5-6EBAC86BE45F}.Debug|x86.Build.0 = Debug|Any CPU
		{02C2F1E7-2CAE-4C2E-B5F5-6EBAC86BE45F}.Release|Any CPU.ActiveCfg = Release|Any CPU
		{02C2F1E7-2CAE-4C2E-B5F5-6EBAC86BE45F}.Release|Any CPU.Build.0 = Release|Any CPU
		{02C2F1E7-2CAE-4C2E-B5F5-6EBAC86BE45F}.Release|x64.ActiveCfg = Release|Any CPU
		{02C2F1E7-2CAE-4C2E-B5F5-6EBAC86BE45F}.Release|x64.Build.0 = Release|Any CPU
		{02C2F1E7-2CAE-4C2E-B5F5-6EBAC86BE45F}.Release|x86.ActiveCfg = Release|Any CPU
		{02C2F1E7-2CAE-4C2E-B5F5-6EBAC86BE45F}.Release|x86.Build.0 = Release|Any CPU
		{18E57FFF-8272-4882-A88C-113CB5A00297}.Debug|Any CPU.ActiveCfg = Debug|Any CPU
		{18E57FFF-8272-4882-A88C-113CB5A00297}.Debug|Any CPU.Build.0 = Debug|Any CPU
		{18E57FFF-8272-4882-A88C-113CB5A00297}.Debug|x64.ActiveCfg = Debug|Any CPU
		{18E57FFF-8272-4882-A88C-113CB5A00297}.Debug|x64.Build.0 = Debug|Any CPU
		{18E57FFF-8272-4882-A88C-113CB5A00297}.Debug|x86.ActiveCfg = Debug|Any CPU
		{18E57FFF-8272-4882-A88C-113CB5A00297}.Debug|x86.Build.0 = Debug|Any CPU
		{18E57FFF-8272-4882-A88C-113CB5A00297}.Release|Any CPU.ActiveCfg = Release|Any CPU
		{18E57FFF-8272-4882-A88C-113CB5A00297}.Release|Any CPU.Build.0 = Release|Any CPU
		{18E57FFF-8272-4882-A88C-113CB5A00297}.Release|x64.ActiveCfg = Release|Any CPU
		{18E57FFF-8272-4882-A88C-113CB5A00297}.Release|x64.Build.0 = Release|Any CPU
		{18E57FFF-8272-4882-A88C-113CB5A00297}.Release|x86.ActiveCfg = Release|Any CPU
		{18E57FFF-8272-4882-A88C-113CB5A00297}.Release|x86.Build.0 = Release|Any CPU
		{E4DE7040-4ABD-4E15-9986-42EA5F348CF8}.Debug|Any CPU.ActiveCfg = Debug|Any CPU
		{E4DE7040-4ABD-4E15-9986-42EA5F348CF8}.Debug|Any CPU.Build.0 = Debug|Any CPU
		{E4DE7040-4ABD-4E15-9986-42EA5F348CF8}.Debug|x64.ActiveCfg = Debug|Any CPU
		{E4DE7040-4ABD-4E15-9986-42EA5F348CF8}.Debug|x64.Build.0 = Debug|Any CPU
		{E4DE7040-4ABD-4E15-9986-42EA5F348CF8}.Debug|x86.ActiveCfg = Debug|Any CPU
		{E4DE7040-4ABD-4E15-9986-42EA5F348CF8}.Debug|x86.Build.0 = Debug|Any CPU
		{E4DE7040-4ABD-4E15-9986-42EA5F348CF8}.Release|Any CPU.ActiveCfg = Release|Any CPU
		{E4DE7040-4ABD-4E15-9986-42EA5F348CF8}.Release|Any CPU.Build.0 = Release|Any CPU
		{E4DE7040-4ABD-4E15-9986-42EA5F348CF8}.Release|x64.ActiveCfg = Release|Any CPU
		{E4DE7040-4ABD-4E15-9986-42EA5F348CF8}.Release|x64.Build.0 = Release|Any CPU
		{E4DE7040-4ABD-4E15-9986-42EA5F348CF8}.Release|x86.ActiveCfg = Release|Any CPU
		{E4DE7040-4ABD-4E15-9986-42EA5F348CF8}.Release|x86.Build.0 = Release|Any CPU
		{468F9713-99AE-4F4A-8671-13B1D74DA33F}.Debug|Any CPU.ActiveCfg = Debug|Any CPU
		{468F9713-99AE-4F4A-8671-13B1D74DA33F}.Debug|Any CPU.Build.0 = Debug|Any CPU
		{468F9713-99AE-4F4A-8671-13B1D74DA33F}.Debug|x64.ActiveCfg = Debug|Any CPU
		{468F9713-99AE-4F4A-8671-13B1D74DA33F}.Debug|x64.Build.0 = Debug|Any CPU
		{468F9713-99AE-4F4A-8671-13B1D74DA33F}.Debug|x86.ActiveCfg = Debug|Any CPU
		{468F9713-99AE-4F4A-8671-13B1D74DA33F}.Debug|x86.Build.0 = Debug|Any CPU
		{468F9713-99AE-4F4A-8671-13B1D74DA33F}.Release|Any CPU.ActiveCfg = Release|Any CPU
		{468F9713-99AE-4F4A-8671-13B1D74DA33F}.Release|Any CPU.Build.0 = Release|Any CPU
		{468F9713-99AE-4F4A-8671-13B1D74DA33F}.Release|x64.ActiveCfg = Release|Any CPU
		{468F9713-99AE-4F4A-8671-13B1D74DA33F}.Release|x64.Build.0 = Release|Any CPU
		{468F9713-99AE-4F4A-8671-13B1D74DA33F}.Release|x86.ActiveCfg = Release|Any CPU
		{468F9713-99AE-4F4A-8671-13B1D74DA33F}.Release|x86.Build.0 = Release|Any CPU
	EndGlobalSection
	GlobalSection(SolutionProperties) = preSolution
		HideSolutionNode = FALSE
	EndGlobalSection
	GlobalSection(NestedProjects) = preSolution
		{1AFEF3F6-1C08-4543-B782-3A45D95CC6D6} = {0A18EA7B-A0C3-464B-91FC-936D69B49FBB}
		{A43683C2-B18A-45C1-811E-50EDBA09FAE3} = {0A18EA7B-A0C3-464B-91FC-936D69B49FBB}
		{237325C6-9E73-4ABB-9D74-5A37F805E42E} = {0A18EA7B-A0C3-464B-91FC-936D69B49FBB}
		{C841A069-067B-4AB6-8ECC-1DD14560FD3C} = {0A18EA7B-A0C3-464B-91FC-936D69B49FBB}
		{940E342C-2BA3-4F0B-A440-F798D9513AFE} = {C1D7C597-D8B3-474C-94E8-0B3BA68B32E3}
		{284A148D-B9D6-4531-8226-C6DCED08E77E} = {C1D7C597-D8B3-474C-94E8-0B3BA68B32E3}
		{2AA56F13-0E5A-4C7F-90E4-A09B3558ADF2} = {C1D7C597-D8B3-474C-94E8-0B3BA68B32E3}
		{FB28FEE4-6240-4C26-BDA4-89848DB69F6D} = {C1D7C597-D8B3-474C-94E8-0B3BA68B32E3}
		{0182C79A-62B9-4EA0-8D0B-3A7529920875} = {C1D7C597-D8B3-474C-94E8-0B3BA68B32E3}
		{02C2F1E7-2CAE-4C2E-B5F5-6EBAC86BE45F} = {C1D7C597-D8B3-474C-94E8-0B3BA68B32E3}
		{18E57FFF-8272-4882-A88C-113CB5A00297} = {C1D7C597-D8B3-474C-94E8-0B3BA68B32E3}
		{E4DE7040-4ABD-4E15-9986-42EA5F348CF8} = {C1D7C597-D8B3-474C-94E8-0B3BA68B32E3}
		{468F9713-99AE-4F4A-8671-13B1D74DA33F} = {9441FD4C-B3FD-4E8B-92A4-D6E5796ADA95}
	EndGlobalSection
	GlobalSection(ExtensibilityGlobals) = postSolution
		SolutionGuid = {3FB0E192-E14D-409E-AE7C-B8D68AA31AE7}
	EndGlobalSection
EndGlobal
