
Microsoft Visual Studio Solution File, Format Version 12.00
# Visual Studio Version 16
VisualStudioVersion = 16.0.29215.179
MinimumVisualStudioVersion = 10.0.40219.1
Project("{9A19103F-16F7-4668-BE54-9A1E7A4F7556}") = "Sphere10.Framework", "Sphere10.Framework\Sphere10.Framework.csproj", "{1AFEF3F6-1C08-4543-B782-3A45D95CC6D6}"
EndProject
Project("{9A19103F-16F7-4668-BE54-9A1E7A4F7556}") = "Sphere10.Hydrogen.Core.Tests", "Sphere10.Hydrogen.Core.Tests\Sphere10.Hydrogen.Core.Tests.csproj", "{A9D9E814-80FA-4A27-AF39-61C385CA2689}"
EndProject
Project("{9A19103F-16F7-4668-BE54-9A1E7A4F7556}") = "Sphere10.Hydrogen.Node", "Sphere10.Hydrogen.Node\Sphere10.Hydrogen.Node.csproj", "{180BB4AD-3895-4610-A923-764C72D38E2B}"
EndProject
Project("{9A19103F-16F7-4668-BE54-9A1E7A4F7556}") = "Sphere10.Framework.NUnit", "Sphere10.Framework.NUnit\Sphere10.Framework.NUnit.csproj", "{A43683C2-B18A-45C1-811E-50EDBA09FAE3}"
EndProject
Project("{9A19103F-16F7-4668-BE54-9A1E7A4F7556}") = "Sphere10.Hydrogen.Core", "Sphere10.Hydrogen.Core\Sphere10.Hydrogen.Core.csproj", "{A2D03F71-AA5B-4BA9-A7DC-DF245D1A66B3}"
EndProject
Project("{9A19103F-16F7-4668-BE54-9A1E7A4F7556}") = "Sphere10.Hydrogen.Presentation.WidgetGallery", "Sphere10.Hydrogen.Presentation.WidgetGallery\Sphere10.Hydrogen.Presentation.WidgetGallery.csproj", "{6812DE41-120F-4624-85AA-3C8CFEFCC0BB}"
EndProject
Project("{9A19103F-16F7-4668-BE54-9A1E7A4F7556}") = "Sphere10.Hydrogen.Presentation.Loader", "Sphere10.Hydrogen.Presentation.Loader\Sphere10.Hydrogen.Presentation.Loader.csproj", "{52E10066-E7BA-4A6D-8550-56A746CAFD7A}"
EndProject
Project("{9A19103F-16F7-4668-BE54-9A1E7A4F7556}") = "Sphere10.Hydrogen.Presentation.Loader.Tests", "Sphere10.Hydrogen.Presentation.Loader.Tests\Sphere10.Hydrogen.Presentation.Loader.Tests.csproj", "{CCDC8381-37C5-410C-8287-B707BEBB896C}"
EndProject
Project("{9A19103F-16F7-4668-BE54-9A1E7A4F7556}") = "Sphere10.Hydrogen.Presentation", "Sphere10.Hydrogen.Presentation\Sphere10.Hydrogen.Presentation.csproj", "{2C93F064-920D-4F3E-A07A-BC0B6C052E83}"
EndProject
Project("{2150E333-8FDC-42A3-9474-1A3956D46DE8}") = "Hydrogen", "Hydrogen", "{C1D7C597-D8B3-474C-94E8-0B3BA68B32E3}"
EndProject
Project("{2150E333-8FDC-42A3-9474-1A3956D46DE8}") = "Framework", "Framework", "{0A18EA7B-A0C3-464B-91FC-936D69B49FBB}"
EndProject
Project("{9A19103F-16F7-4668-BE54-9A1E7A4F7556}") = "Sphere10.Framework.Tests", "Sphere10.Framework.Tests\Sphere10.Framework.Tests.csproj", "{9DE9DBC5-B9A5-4372-8997-2B3A8B718071}"
EndProject
Project("{9A19103F-16F7-4668-BE54-9A1E7A4F7556}") = "Sphere10.Hydrogen.Presentation.Tests", "Sphere10.Hydrogen.Presentation.Tests\Sphere10.Hydrogen.Presentation.Tests.csproj", "{9B4B061E-2F4A-43D1-B8D9-873616C19270}"
EndProject
Project("{2150E333-8FDC-42A3-9474-1A3956D46DE8}") = "Tests", "Tests", "{9441FD4C-B3FD-4E8B-92A4-D6E5796ADA95}"
EndProject
Project("{9A19103F-16F7-4668-BE54-9A1E7A4F7556}") = "Sphere10.Framework.CryptoEx", "Sphere10.Framework.CryptoEx\Sphere10.Framework.CryptoEx.csproj", "{237325C6-9E73-4ABB-9D74-5A37F805E42E}"
EndProject
Project("{9A19103F-16F7-4668-BE54-9A1E7A4F7556}") = "Sphere10.Framework.CryptoEx.Tests", "Sphere10.Framework.CryptoEx.Tests\Sphere10.Framework.CryptoEx.Tests.csproj", "{657F12D9-2C8B-448D-8146-DD758D79CB18}"
EndProject
Project("{9A19103F-16F7-4668-BE54-9A1E7A4F7556}") = "Sphere10.Hydrogen.Presentation2.Host", "Sphere10.Hydrogen.Presentation2.Host\Sphere10.Hydrogen.Presentation2.Host.csproj", "{97F87265-78F9-4A0D-8029-B9FA5F57336A}"
EndProject
Project("{9A19103F-16F7-4668-BE54-9A1E7A4F7556}") = "Sphere10.Hydrogen.Presentation2", "Sphere10.Hydrogen.Presentation2\Sphere10.Hydrogen.Presentation2.csproj", "{9015A37F-3787-4EFF-BA9F-B1CD4D4DA4D9}"
EndProject
Project("{9A19103F-16F7-4668-BE54-9A1E7A4F7556}") = "Sphere10.Framework.Application", "Sphere10.Framework.Application\Sphere10.Framework.Application.csproj", "{C841A069-067B-4AB6-8ECC-1DD14560FD3C}"
EndProject
Project("{2150E333-8FDC-42A3-9474-1A3956D46DE8}") = "Helium", "Helium", "{95CE96F3-615F-40DC-848C-E0F6E7A70403}"
EndProject
Project("{9A19103F-16F7-4668-BE54-9A1E7A4F7556}") = "Sphere10.Helium", "Sphere10.Helium\Sphere10.Helium.csproj", "{073FF396-4A3E-496C-9CB1-E52C87324BF3}"
EndProject
Project("{9A19103F-16F7-4668-BE54-9A1E7A4F7556}") = "Sphere10.Helium.Loader", "Sphere10.Helium.Loader\Sphere10.Helium.Loader.csproj", "{3821739A-6429-4256-9357-ED9D01787169}"
Project("{2150E333-8FDC-42A3-9474-1A3956D46DE8}") = "WidgetGallery", "WidgetGallery", "{F4F7B642-4487-4828-864A-1EBC0B321AE1}"
EndProject
Project("{9A19103F-16F7-4668-BE54-9A1E7A4F7556}") = "WidgetGallery", "WidgetGallery\WidgetGallery.csproj", "{6361F164-4D09-469D-BE17-015D935AD809}"
EndProject
Project("{2150E333-8FDC-42A3-9474-1A3956D46DE8}") = "Doc", "Doc", "{C499399B-6DB5-4595-94E5-347D15EF2BE8}"
EndProject
Project("{FAE04EC0-301F-11D3-BF4B-00C04F79EFBC}") = "Sphere10.Hydrogen.Loader", "Sphere10.Hydrogen.Loader\Sphere10.Hydrogen.Loader.csproj", "{7EB30180-E5AD-466E-8BAD-2D92CA98911B}"
EndProject
Project("{2150E333-8FDC-42A3-9474-1A3956D46DE8}") = "UI Iteration 1", "UI Iteration 1", "{35CD2743-23F8-4994-844F-6A67A86AD147}"
EndProject
Global
	GlobalSection(SolutionConfigurationPlatforms) = preSolution
		Debug|Any CPU = Debug|Any CPU
		Debug|x64 = Debug|x64
		Debug|x86 = Debug|x86
		Release|Any CPU = Release|Any CPU
		Release|x64 = Release|x64
		Release|x86 = Release|x86
	EndGlobalSection
	GlobalSection(ProjectConfigurationPlatforms) = postSolution
		{1AFEF3F6-1C08-4543-B782-3A45D95CC6D6}.Debug|Any CPU.ActiveCfg = Debug|Any CPU
		{1AFEF3F6-1C08-4543-B782-3A45D95CC6D6}.Debug|Any CPU.Build.0 = Debug|Any CPU
		{1AFEF3F6-1C08-4543-B782-3A45D95CC6D6}.Debug|x64.ActiveCfg = Debug|Any CPU
		{1AFEF3F6-1C08-4543-B782-3A45D95CC6D6}.Debug|x64.Build.0 = Debug|Any CPU
		{1AFEF3F6-1C08-4543-B782-3A45D95CC6D6}.Debug|x86.ActiveCfg = Debug|Any CPU
		{1AFEF3F6-1C08-4543-B782-3A45D95CC6D6}.Debug|x86.Build.0 = Debug|Any CPU
		{1AFEF3F6-1C08-4543-B782-3A45D95CC6D6}.Release|Any CPU.ActiveCfg = Release|Any CPU
		{1AFEF3F6-1C08-4543-B782-3A45D95CC6D6}.Release|Any CPU.Build.0 = Release|Any CPU
		{1AFEF3F6-1C08-4543-B782-3A45D95CC6D6}.Release|x64.ActiveCfg = Release|Any CPU
		{1AFEF3F6-1C08-4543-B782-3A45D95CC6D6}.Release|x64.Build.0 = Release|Any CPU
		{1AFEF3F6-1C08-4543-B782-3A45D95CC6D6}.Release|x86.ActiveCfg = Release|Any CPU
		{1AFEF3F6-1C08-4543-B782-3A45D95CC6D6}.Release|x86.Build.0 = Release|Any CPU
		{A9D9E814-80FA-4A27-AF39-61C385CA2689}.Debug|Any CPU.ActiveCfg = Debug|Any CPU
		{A9D9E814-80FA-4A27-AF39-61C385CA2689}.Debug|Any CPU.Build.0 = Debug|Any CPU
		{A9D9E814-80FA-4A27-AF39-61C385CA2689}.Debug|x64.ActiveCfg = Debug|Any CPU
		{A9D9E814-80FA-4A27-AF39-61C385CA2689}.Debug|x64.Build.0 = Debug|Any CPU
		{A9D9E814-80FA-4A27-AF39-61C385CA2689}.Debug|x86.ActiveCfg = Debug|Any CPU
		{A9D9E814-80FA-4A27-AF39-61C385CA2689}.Debug|x86.Build.0 = Debug|Any CPU
		{A9D9E814-80FA-4A27-AF39-61C385CA2689}.Release|Any CPU.ActiveCfg = Release|Any CPU
		{A9D9E814-80FA-4A27-AF39-61C385CA2689}.Release|Any CPU.Build.0 = Release|Any CPU
		{A9D9E814-80FA-4A27-AF39-61C385CA2689}.Release|x64.ActiveCfg = Release|Any CPU
		{A9D9E814-80FA-4A27-AF39-61C385CA2689}.Release|x64.Build.0 = Release|Any CPU
		{A9D9E814-80FA-4A27-AF39-61C385CA2689}.Release|x86.ActiveCfg = Release|Any CPU
		{A9D9E814-80FA-4A27-AF39-61C385CA2689}.Release|x86.Build.0 = Release|Any CPU
		{180BB4AD-3895-4610-A923-764C72D38E2B}.Debug|Any CPU.ActiveCfg = Debug|Any CPU
		{180BB4AD-3895-4610-A923-764C72D38E2B}.Debug|Any CPU.Build.0 = Debug|Any CPU
		{180BB4AD-3895-4610-A923-764C72D38E2B}.Debug|x64.ActiveCfg = Debug|Any CPU
		{180BB4AD-3895-4610-A923-764C72D38E2B}.Debug|x64.Build.0 = Debug|Any CPU
		{180BB4AD-3895-4610-A923-764C72D38E2B}.Debug|x86.ActiveCfg = Debug|Any CPU
		{180BB4AD-3895-4610-A923-764C72D38E2B}.Debug|x86.Build.0 = Debug|Any CPU
		{180BB4AD-3895-4610-A923-764C72D38E2B}.Release|Any CPU.ActiveCfg = Release|Any CPU
		{180BB4AD-3895-4610-A923-764C72D38E2B}.Release|Any CPU.Build.0 = Release|Any CPU
		{180BB4AD-3895-4610-A923-764C72D38E2B}.Release|x64.ActiveCfg = Release|Any CPU
		{180BB4AD-3895-4610-A923-764C72D38E2B}.Release|x64.Build.0 = Release|Any CPU
		{180BB4AD-3895-4610-A923-764C72D38E2B}.Release|x86.ActiveCfg = Release|Any CPU
		{180BB4AD-3895-4610-A923-764C72D38E2B}.Release|x86.Build.0 = Release|Any CPU
		{A43683C2-B18A-45C1-811E-50EDBA09FAE3}.Debug|Any CPU.ActiveCfg = Debug|Any CPU
		{A43683C2-B18A-45C1-811E-50EDBA09FAE3}.Debug|Any CPU.Build.0 = Debug|Any CPU
		{A43683C2-B18A-45C1-811E-50EDBA09FAE3}.Debug|x64.ActiveCfg = Debug|Any CPU
		{A43683C2-B18A-45C1-811E-50EDBA09FAE3}.Debug|x64.Build.0 = Debug|Any CPU
		{A43683C2-B18A-45C1-811E-50EDBA09FAE3}.Debug|x86.ActiveCfg = Debug|Any CPU
		{A43683C2-B18A-45C1-811E-50EDBA09FAE3}.Debug|x86.Build.0 = Debug|Any CPU
		{A43683C2-B18A-45C1-811E-50EDBA09FAE3}.Release|Any CPU.ActiveCfg = Release|Any CPU
		{A43683C2-B18A-45C1-811E-50EDBA09FAE3}.Release|Any CPU.Build.0 = Release|Any CPU
		{A43683C2-B18A-45C1-811E-50EDBA09FAE3}.Release|x64.ActiveCfg = Release|Any CPU
		{A43683C2-B18A-45C1-811E-50EDBA09FAE3}.Release|x64.Build.0 = Release|Any CPU
		{A43683C2-B18A-45C1-811E-50EDBA09FAE3}.Release|x86.ActiveCfg = Release|Any CPU
		{A43683C2-B18A-45C1-811E-50EDBA09FAE3}.Release|x86.Build.0 = Release|Any CPU
		{A2D03F71-AA5B-4BA9-A7DC-DF245D1A66B3}.Debug|Any CPU.ActiveCfg = Debug|Any CPU
		{A2D03F71-AA5B-4BA9-A7DC-DF245D1A66B3}.Debug|Any CPU.Build.0 = Debug|Any CPU
		{A2D03F71-AA5B-4BA9-A7DC-DF245D1A66B3}.Debug|x64.ActiveCfg = Debug|Any CPU
		{A2D03F71-AA5B-4BA9-A7DC-DF245D1A66B3}.Debug|x64.Build.0 = Debug|Any CPU
		{A2D03F71-AA5B-4BA9-A7DC-DF245D1A66B3}.Debug|x86.ActiveCfg = Debug|Any CPU
		{A2D03F71-AA5B-4BA9-A7DC-DF245D1A66B3}.Debug|x86.Build.0 = Debug|Any CPU
		{A2D03F71-AA5B-4BA9-A7DC-DF245D1A66B3}.Release|Any CPU.ActiveCfg = Release|Any CPU
		{A2D03F71-AA5B-4BA9-A7DC-DF245D1A66B3}.Release|Any CPU.Build.0 = Release|Any CPU
		{A2D03F71-AA5B-4BA9-A7DC-DF245D1A66B3}.Release|x64.ActiveCfg = Release|Any CPU
		{A2D03F71-AA5B-4BA9-A7DC-DF245D1A66B3}.Release|x64.Build.0 = Release|Any CPU
		{A2D03F71-AA5B-4BA9-A7DC-DF245D1A66B3}.Release|x86.ActiveCfg = Release|Any CPU
		{A2D03F71-AA5B-4BA9-A7DC-DF245D1A66B3}.Release|x86.Build.0 = Release|Any CPU
		{6812DE41-120F-4624-85AA-3C8CFEFCC0BB}.Debug|Any CPU.ActiveCfg = Debug|Any CPU
		{6812DE41-120F-4624-85AA-3C8CFEFCC0BB}.Debug|Any CPU.Build.0 = Debug|Any CPU
		{6812DE41-120F-4624-85AA-3C8CFEFCC0BB}.Debug|x64.ActiveCfg = Debug|Any CPU
		{6812DE41-120F-4624-85AA-3C8CFEFCC0BB}.Debug|x64.Build.0 = Debug|Any CPU
		{6812DE41-120F-4624-85AA-3C8CFEFCC0BB}.Debug|x86.ActiveCfg = Debug|Any CPU
		{6812DE41-120F-4624-85AA-3C8CFEFCC0BB}.Debug|x86.Build.0 = Debug|Any CPU
		{6812DE41-120F-4624-85AA-3C8CFEFCC0BB}.Release|Any CPU.ActiveCfg = Release|Any CPU
		{6812DE41-120F-4624-85AA-3C8CFEFCC0BB}.Release|Any CPU.Build.0 = Release|Any CPU
		{6812DE41-120F-4624-85AA-3C8CFEFCC0BB}.Release|x64.ActiveCfg = Release|Any CPU
		{6812DE41-120F-4624-85AA-3C8CFEFCC0BB}.Release|x64.Build.0 = Release|Any CPU
		{6812DE41-120F-4624-85AA-3C8CFEFCC0BB}.Release|x86.ActiveCfg = Release|Any CPU
		{6812DE41-120F-4624-85AA-3C8CFEFCC0BB}.Release|x86.Build.0 = Release|Any CPU
		{52E10066-E7BA-4A6D-8550-56A746CAFD7A}.Debug|Any CPU.ActiveCfg = Debug|Any CPU
		{52E10066-E7BA-4A6D-8550-56A746CAFD7A}.Debug|Any CPU.Build.0 = Debug|Any CPU
		{52E10066-E7BA-4A6D-8550-56A746CAFD7A}.Debug|x64.ActiveCfg = Debug|Any CPU
		{52E10066-E7BA-4A6D-8550-56A746CAFD7A}.Debug|x64.Build.0 = Debug|Any CPU
		{52E10066-E7BA-4A6D-8550-56A746CAFD7A}.Debug|x86.ActiveCfg = Debug|Any CPU
		{52E10066-E7BA-4A6D-8550-56A746CAFD7A}.Debug|x86.Build.0 = Debug|Any CPU
		{52E10066-E7BA-4A6D-8550-56A746CAFD7A}.Release|Any CPU.ActiveCfg = Release|Any CPU
		{52E10066-E7BA-4A6D-8550-56A746CAFD7A}.Release|Any CPU.Build.0 = Release|Any CPU
		{52E10066-E7BA-4A6D-8550-56A746CAFD7A}.Release|x64.ActiveCfg = Release|Any CPU
		{52E10066-E7BA-4A6D-8550-56A746CAFD7A}.Release|x64.Build.0 = Release|Any CPU
		{52E10066-E7BA-4A6D-8550-56A746CAFD7A}.Release|x86.ActiveCfg = Release|Any CPU
		{52E10066-E7BA-4A6D-8550-56A746CAFD7A}.Release|x86.Build.0 = Release|Any CPU
		{CCDC8381-37C5-410C-8287-B707BEBB896C}.Debug|Any CPU.ActiveCfg = Debug|Any CPU
		{CCDC8381-37C5-410C-8287-B707BEBB896C}.Debug|Any CPU.Build.0 = Debug|Any CPU
		{CCDC8381-37C5-410C-8287-B707BEBB896C}.Debug|x64.ActiveCfg = Debug|Any CPU
		{CCDC8381-37C5-410C-8287-B707BEBB896C}.Debug|x64.Build.0 = Debug|Any CPU
		{CCDC8381-37C5-410C-8287-B707BEBB896C}.Debug|x86.ActiveCfg = Debug|Any CPU
		{CCDC8381-37C5-410C-8287-B707BEBB896C}.Debug|x86.Build.0 = Debug|Any CPU
		{CCDC8381-37C5-410C-8287-B707BEBB896C}.Release|Any CPU.ActiveCfg = Release|Any CPU
		{CCDC8381-37C5-410C-8287-B707BEBB896C}.Release|Any CPU.Build.0 = Release|Any CPU
		{CCDC8381-37C5-410C-8287-B707BEBB896C}.Release|x64.ActiveCfg = Release|Any CPU
		{CCDC8381-37C5-410C-8287-B707BEBB896C}.Release|x64.Build.0 = Release|Any CPU
		{CCDC8381-37C5-410C-8287-B707BEBB896C}.Release|x86.ActiveCfg = Release|Any CPU
		{CCDC8381-37C5-410C-8287-B707BEBB896C}.Release|x86.Build.0 = Release|Any CPU
		{2C93F064-920D-4F3E-A07A-BC0B6C052E83}.Debug|Any CPU.ActiveCfg = Debug|Any CPU
		{2C93F064-920D-4F3E-A07A-BC0B6C052E83}.Debug|Any CPU.Build.0 = Debug|Any CPU
		{2C93F064-920D-4F3E-A07A-BC0B6C052E83}.Debug|x64.ActiveCfg = Debug|Any CPU
		{2C93F064-920D-4F3E-A07A-BC0B6C052E83}.Debug|x64.Build.0 = Debug|Any CPU
		{2C93F064-920D-4F3E-A07A-BC0B6C052E83}.Debug|x86.ActiveCfg = Debug|Any CPU
		{2C93F064-920D-4F3E-A07A-BC0B6C052E83}.Debug|x86.Build.0 = Debug|Any CPU
		{2C93F064-920D-4F3E-A07A-BC0B6C052E83}.Release|Any CPU.ActiveCfg = Release|Any CPU
		{2C93F064-920D-4F3E-A07A-BC0B6C052E83}.Release|Any CPU.Build.0 = Release|Any CPU
		{2C93F064-920D-4F3E-A07A-BC0B6C052E83}.Release|x64.ActiveCfg = Release|Any CPU
		{2C93F064-920D-4F3E-A07A-BC0B6C052E83}.Release|x64.Build.0 = Release|Any CPU
		{2C93F064-920D-4F3E-A07A-BC0B6C052E83}.Release|x86.ActiveCfg = Release|Any CPU
		{2C93F064-920D-4F3E-A07A-BC0B6C052E83}.Release|x86.Build.0 = Release|Any CPU
		{9DE9DBC5-B9A5-4372-8997-2B3A8B718071}.Debug|Any CPU.ActiveCfg = Debug|Any CPU
		{9DE9DBC5-B9A5-4372-8997-2B3A8B718071}.Debug|Any CPU.Build.0 = Debug|Any CPU
		{9DE9DBC5-B9A5-4372-8997-2B3A8B718071}.Debug|x64.ActiveCfg = Debug|Any CPU
		{9DE9DBC5-B9A5-4372-8997-2B3A8B718071}.Debug|x64.Build.0 = Debug|Any CPU
		{9DE9DBC5-B9A5-4372-8997-2B3A8B718071}.Debug|x86.ActiveCfg = Debug|Any CPU
		{9DE9DBC5-B9A5-4372-8997-2B3A8B718071}.Debug|x86.Build.0 = Debug|Any CPU
		{9DE9DBC5-B9A5-4372-8997-2B3A8B718071}.Release|Any CPU.ActiveCfg = Release|Any CPU
		{9DE9DBC5-B9A5-4372-8997-2B3A8B718071}.Release|Any CPU.Build.0 = Release|Any CPU
		{9DE9DBC5-B9A5-4372-8997-2B3A8B718071}.Release|x64.ActiveCfg = Release|Any CPU
		{9DE9DBC5-B9A5-4372-8997-2B3A8B718071}.Release|x64.Build.0 = Release|Any CPU
		{9DE9DBC5-B9A5-4372-8997-2B3A8B718071}.Release|x86.ActiveCfg = Release|Any CPU
		{9DE9DBC5-B9A5-4372-8997-2B3A8B718071}.Release|x86.Build.0 = Release|Any CPU
		{9B4B061E-2F4A-43D1-B8D9-873616C19270}.Debug|Any CPU.ActiveCfg = Debug|Any CPU
		{9B4B061E-2F4A-43D1-B8D9-873616C19270}.Debug|Any CPU.Build.0 = Debug|Any CPU
		{9B4B061E-2F4A-43D1-B8D9-873616C19270}.Debug|x64.ActiveCfg = Debug|Any CPU
		{9B4B061E-2F4A-43D1-B8D9-873616C19270}.Debug|x64.Build.0 = Debug|Any CPU
		{9B4B061E-2F4A-43D1-B8D9-873616C19270}.Debug|x86.ActiveCfg = Debug|Any CPU
		{9B4B061E-2F4A-43D1-B8D9-873616C19270}.Debug|x86.Build.0 = Debug|Any CPU
		{9B4B061E-2F4A-43D1-B8D9-873616C19270}.Release|Any CPU.ActiveCfg = Release|Any CPU
		{9B4B061E-2F4A-43D1-B8D9-873616C19270}.Release|Any CPU.Build.0 = Release|Any CPU
		{9B4B061E-2F4A-43D1-B8D9-873616C19270}.Release|x64.ActiveCfg = Release|Any CPU
		{9B4B061E-2F4A-43D1-B8D9-873616C19270}.Release|x64.Build.0 = Release|Any CPU
		{9B4B061E-2F4A-43D1-B8D9-873616C19270}.Release|x86.ActiveCfg = Release|Any CPU
		{9B4B061E-2F4A-43D1-B8D9-873616C19270}.Release|x86.Build.0 = Release|Any CPU
		{237325C6-9E73-4ABB-9D74-5A37F805E42E}.Debug|Any CPU.ActiveCfg = Debug|Any CPU
		{237325C6-9E73-4ABB-9D74-5A37F805E42E}.Debug|Any CPU.Build.0 = Debug|Any CPU
		{237325C6-9E73-4ABB-9D74-5A37F805E42E}.Debug|x64.ActiveCfg = Debug|Any CPU
		{237325C6-9E73-4ABB-9D74-5A37F805E42E}.Debug|x64.Build.0 = Debug|Any CPU
		{237325C6-9E73-4ABB-9D74-5A37F805E42E}.Debug|x86.ActiveCfg = Debug|Any CPU
		{237325C6-9E73-4ABB-9D74-5A37F805E42E}.Debug|x86.Build.0 = Debug|Any CPU
		{237325C6-9E73-4ABB-9D74-5A37F805E42E}.Release|Any CPU.ActiveCfg = Release|Any CPU
		{237325C6-9E73-4ABB-9D74-5A37F805E42E}.Release|Any CPU.Build.0 = Release|Any CPU
		{237325C6-9E73-4ABB-9D74-5A37F805E42E}.Release|x64.ActiveCfg = Release|Any CPU
		{237325C6-9E73-4ABB-9D74-5A37F805E42E}.Release|x64.Build.0 = Release|Any CPU
		{237325C6-9E73-4ABB-9D74-5A37F805E42E}.Release|x86.ActiveCfg = Release|Any CPU
		{237325C6-9E73-4ABB-9D74-5A37F805E42E}.Release|x86.Build.0 = Release|Any CPU
		{657F12D9-2C8B-448D-8146-DD758D79CB18}.Debug|Any CPU.ActiveCfg = Debug|Any CPU
		{657F12D9-2C8B-448D-8146-DD758D79CB18}.Debug|Any CPU.Build.0 = Debug|Any CPU
		{657F12D9-2C8B-448D-8146-DD758D79CB18}.Debug|x64.ActiveCfg = Debug|Any CPU
		{657F12D9-2C8B-448D-8146-DD758D79CB18}.Debug|x64.Build.0 = Debug|Any CPU
		{657F12D9-2C8B-448D-8146-DD758D79CB18}.Debug|x86.ActiveCfg = Debug|Any CPU
		{657F12D9-2C8B-448D-8146-DD758D79CB18}.Debug|x86.Build.0 = Debug|Any CPU
		{657F12D9-2C8B-448D-8146-DD758D79CB18}.Release|Any CPU.ActiveCfg = Release|Any CPU
		{657F12D9-2C8B-448D-8146-DD758D79CB18}.Release|Any CPU.Build.0 = Release|Any CPU
		{657F12D9-2C8B-448D-8146-DD758D79CB18}.Release|x64.ActiveCfg = Release|Any CPU
		{657F12D9-2C8B-448D-8146-DD758D79CB18}.Release|x64.Build.0 = Release|Any CPU
		{657F12D9-2C8B-448D-8146-DD758D79CB18}.Release|x86.ActiveCfg = Release|Any CPU
		{657F12D9-2C8B-448D-8146-DD758D79CB18}.Release|x86.Build.0 = Release|Any CPU
		{97F87265-78F9-4A0D-8029-B9FA5F57336A}.Debug|Any CPU.ActiveCfg = Debug|Any CPU
		{97F87265-78F9-4A0D-8029-B9FA5F57336A}.Debug|Any CPU.Build.0 = Debug|Any CPU
		{97F87265-78F9-4A0D-8029-B9FA5F57336A}.Debug|x64.ActiveCfg = Debug|Any CPU
		{97F87265-78F9-4A0D-8029-B9FA5F57336A}.Debug|x64.Build.0 = Debug|Any CPU
		{97F87265-78F9-4A0D-8029-B9FA5F57336A}.Debug|x86.ActiveCfg = Debug|Any CPU
		{97F87265-78F9-4A0D-8029-B9FA5F57336A}.Debug|x86.Build.0 = Debug|Any CPU
		{97F87265-78F9-4A0D-8029-B9FA5F57336A}.Release|Any CPU.ActiveCfg = Release|Any CPU
		{97F87265-78F9-4A0D-8029-B9FA5F57336A}.Release|Any CPU.Build.0 = Release|Any CPU
		{97F87265-78F9-4A0D-8029-B9FA5F57336A}.Release|x64.ActiveCfg = Release|Any CPU
		{97F87265-78F9-4A0D-8029-B9FA5F57336A}.Release|x64.Build.0 = Release|Any CPU
		{97F87265-78F9-4A0D-8029-B9FA5F57336A}.Release|x86.ActiveCfg = Release|Any CPU
		{97F87265-78F9-4A0D-8029-B9FA5F57336A}.Release|x86.Build.0 = Release|Any CPU
		{9015A37F-3787-4EFF-BA9F-B1CD4D4DA4D9}.Debug|Any CPU.ActiveCfg = Debug|Any CPU
		{9015A37F-3787-4EFF-BA9F-B1CD4D4DA4D9}.Debug|Any CPU.Build.0 = Debug|Any CPU
		{9015A37F-3787-4EFF-BA9F-B1CD4D4DA4D9}.Debug|x64.ActiveCfg = Debug|Any CPU
		{9015A37F-3787-4EFF-BA9F-B1CD4D4DA4D9}.Debug|x64.Build.0 = Debug|Any CPU
		{9015A37F-3787-4EFF-BA9F-B1CD4D4DA4D9}.Debug|x86.ActiveCfg = Debug|Any CPU
		{9015A37F-3787-4EFF-BA9F-B1CD4D4DA4D9}.Debug|x86.Build.0 = Debug|Any CPU
		{9015A37F-3787-4EFF-BA9F-B1CD4D4DA4D9}.Release|Any CPU.ActiveCfg = Release|Any CPU
		{9015A37F-3787-4EFF-BA9F-B1CD4D4DA4D9}.Release|Any CPU.Build.0 = Release|Any CPU
		{9015A37F-3787-4EFF-BA9F-B1CD4D4DA4D9}.Release|x64.ActiveCfg = Release|Any CPU
		{9015A37F-3787-4EFF-BA9F-B1CD4D4DA4D9}.Release|x64.Build.0 = Release|Any CPU
		{9015A37F-3787-4EFF-BA9F-B1CD4D4DA4D9}.Release|x86.ActiveCfg = Release|Any CPU
		{9015A37F-3787-4EFF-BA9F-B1CD4D4DA4D9}.Release|x86.Build.0 = Release|Any CPU
		{C841A069-067B-4AB6-8ECC-1DD14560FD3C}.Debug|Any CPU.ActiveCfg = Debug|Any CPU
		{C841A069-067B-4AB6-8ECC-1DD14560FD3C}.Debug|Any CPU.Build.0 = Debug|Any CPU
		{C841A069-067B-4AB6-8ECC-1DD14560FD3C}.Debug|x64.ActiveCfg = Debug|Any CPU
		{C841A069-067B-4AB6-8ECC-1DD14560FD3C}.Debug|x64.Build.0 = Debug|Any CPU
		{C841A069-067B-4AB6-8ECC-1DD14560FD3C}.Debug|x86.ActiveCfg = Debug|Any CPU
		{C841A069-067B-4AB6-8ECC-1DD14560FD3C}.Debug|x86.Build.0 = Debug|Any CPU
		{C841A069-067B-4AB6-8ECC-1DD14560FD3C}.Release|Any CPU.ActiveCfg = Release|Any CPU
		{C841A069-067B-4AB6-8ECC-1DD14560FD3C}.Release|Any CPU.Build.0 = Release|Any CPU
		{C841A069-067B-4AB6-8ECC-1DD14560FD3C}.Release|x64.ActiveCfg = Release|Any CPU
		{C841A069-067B-4AB6-8ECC-1DD14560FD3C}.Release|x64.Build.0 = Release|Any CPU
		{C841A069-067B-4AB6-8ECC-1DD14560FD3C}.Release|x86.ActiveCfg = Release|Any CPU
		{C841A069-067B-4AB6-8ECC-1DD14560FD3C}.Release|x86.Build.0 = Release|Any CPU
		{073FF396-4A3E-496C-9CB1-E52C87324BF3}.Debug|Any CPU.ActiveCfg = Debug|Any CPU
		{073FF396-4A3E-496C-9CB1-E52C87324BF3}.Debug|Any CPU.Build.0 = Debug|Any CPU
		{073FF396-4A3E-496C-9CB1-E52C87324BF3}.Debug|x64.ActiveCfg = Debug|Any CPU
		{073FF396-4A3E-496C-9CB1-E52C87324BF3}.Debug|x64.Build.0 = Debug|Any CPU
		{073FF396-4A3E-496C-9CB1-E52C87324BF3}.Debug|x86.ActiveCfg = Debug|Any CPU
		{073FF396-4A3E-496C-9CB1-E52C87324BF3}.Debug|x86.Build.0 = Debug|Any CPU
		{073FF396-4A3E-496C-9CB1-E52C87324BF3}.Release|Any CPU.ActiveCfg = Release|Any CPU
		{073FF396-4A3E-496C-9CB1-E52C87324BF3}.Release|Any CPU.Build.0 = Release|Any CPU
		{073FF396-4A3E-496C-9CB1-E52C87324BF3}.Release|x64.ActiveCfg = Release|Any CPU
		{073FF396-4A3E-496C-9CB1-E52C87324BF3}.Release|x64.Build.0 = Release|Any CPU
		{073FF396-4A3E-496C-9CB1-E52C87324BF3}.Release|x86.ActiveCfg = Release|Any CPU
		{073FF396-4A3E-496C-9CB1-E52C87324BF3}.Release|x86.Build.0 = Release|Any CPU
		{3821739A-6429-4256-9357-ED9D01787169}.Debug|Any CPU.ActiveCfg = Debug|Any CPU
		{3821739A-6429-4256-9357-ED9D01787169}.Debug|Any CPU.Build.0 = Debug|Any CPU
		{3821739A-6429-4256-9357-ED9D01787169}.Debug|x64.ActiveCfg = Debug|Any CPU
		{3821739A-6429-4256-9357-ED9D01787169}.Debug|x64.Build.0 = Debug|Any CPU
		{3821739A-6429-4256-9357-ED9D01787169}.Debug|x86.ActiveCfg = Debug|Any CPU
		{3821739A-6429-4256-9357-ED9D01787169}.Debug|x86.Build.0 = Debug|Any CPU
		{3821739A-6429-4256-9357-ED9D01787169}.Release|Any CPU.ActiveCfg = Release|Any CPU
		{3821739A-6429-4256-9357-ED9D01787169}.Release|Any CPU.Build.0 = Release|Any CPU
		{3821739A-6429-4256-9357-ED9D01787169}.Release|x64.ActiveCfg = Release|Any CPU
		{3821739A-6429-4256-9357-ED9D01787169}.Release|x64.Build.0 = Release|Any CPU
		{3821739A-6429-4256-9357-ED9D01787169}.Release|x86.ActiveCfg = Release|Any CPU
		{3821739A-6429-4256-9357-ED9D01787169}.Release|x86.Build.0 = Release|Any CPU
		{6361F164-4D09-469D-BE17-015D935AD809}.Debug|Any CPU.ActiveCfg = Debug|Any CPU
		{6361F164-4D09-469D-BE17-015D935AD809}.Debug|Any CPU.Build.0 = Debug|Any CPU
		{6361F164-4D09-469D-BE17-015D935AD809}.Debug|x64.ActiveCfg = Debug|Any CPU
		{6361F164-4D09-469D-BE17-015D935AD809}.Debug|x64.Build.0 = Debug|Any CPU
		{6361F164-4D09-469D-BE17-015D935AD809}.Debug|x86.ActiveCfg = Debug|Any CPU
		{6361F164-4D09-469D-BE17-015D935AD809}.Debug|x86.Build.0 = Debug|Any CPU
		{6361F164-4D09-469D-BE17-015D935AD809}.Release|Any CPU.ActiveCfg = Release|Any CPU
		{6361F164-4D09-469D-BE17-015D935AD809}.Release|Any CPU.Build.0 = Release|Any CPU
		{6361F164-4D09-469D-BE17-015D935AD809}.Release|x64.ActiveCfg = Release|Any CPU
		{6361F164-4D09-469D-BE17-015D935AD809}.Release|x64.Build.0 = Release|Any CPU
		{6361F164-4D09-469D-BE17-015D935AD809}.Release|x86.ActiveCfg = Release|Any CPU
		{6361F164-4D09-469D-BE17-015D935AD809}.Release|x86.Build.0 = Release|Any CPU
		{7EB30180-E5AD-466E-8BAD-2D92CA98911B}.Debug|Any CPU.ActiveCfg = Debug|Any CPU
		{7EB30180-E5AD-466E-8BAD-2D92CA98911B}.Debug|Any CPU.Build.0 = Debug|Any CPU
		{7EB30180-E5AD-466E-8BAD-2D92CA98911B}.Debug|x64.ActiveCfg = Debug|Any CPU
		{7EB30180-E5AD-466E-8BAD-2D92CA98911B}.Debug|x64.Build.0 = Debug|Any CPU
		{7EB30180-E5AD-466E-8BAD-2D92CA98911B}.Debug|x86.ActiveCfg = Debug|Any CPU
		{7EB30180-E5AD-466E-8BAD-2D92CA98911B}.Debug|x86.Build.0 = Debug|Any CPU
		{7EB30180-E5AD-466E-8BAD-2D92CA98911B}.Release|Any CPU.ActiveCfg = Release|Any CPU
		{7EB30180-E5AD-466E-8BAD-2D92CA98911B}.Release|Any CPU.Build.0 = Release|Any CPU
		{7EB30180-E5AD-466E-8BAD-2D92CA98911B}.Release|x64.ActiveCfg = Release|Any CPU
		{7EB30180-E5AD-466E-8BAD-2D92CA98911B}.Release|x64.Build.0 = Release|Any CPU
		{7EB30180-E5AD-466E-8BAD-2D92CA98911B}.Release|x86.ActiveCfg = Release|Any CPU
		{7EB30180-E5AD-466E-8BAD-2D92CA98911B}.Release|x86.Build.0 = Release|Any CPU
	EndGlobalSection
	GlobalSection(SolutionProperties) = preSolution
		HideSolutionNode = FALSE
	EndGlobalSection
	GlobalSection(NestedProjects) = preSolution
		{1AFEF3F6-1C08-4543-B782-3A45D95CC6D6} = {0A18EA7B-A0C3-464B-91FC-936D69B49FBB}
		{A9D9E814-80FA-4A27-AF39-61C385CA2689} = {9441FD4C-B3FD-4E8B-92A4-D6E5796ADA95}
		{180BB4AD-3895-4610-A923-764C72D38E2B} = {C1D7C597-D8B3-474C-94E8-0B3BA68B32E3}
		{A43683C2-B18A-45C1-811E-50EDBA09FAE3} = {0A18EA7B-A0C3-464B-91FC-936D69B49FBB}
		{A2D03F71-AA5B-4BA9-A7DC-DF245D1A66B3} = {C1D7C597-D8B3-474C-94E8-0B3BA68B32E3}
		{6812DE41-120F-4624-85AA-3C8CFEFCC0BB} = {35CD2743-23F8-4994-844F-6A67A86AD147}
		{52E10066-E7BA-4A6D-8550-56A746CAFD7A} = {35CD2743-23F8-4994-844F-6A67A86AD147}
		{CCDC8381-37C5-410C-8287-B707BEBB896C} = {9441FD4C-B3FD-4E8B-92A4-D6E5796ADA95}
		{2C93F064-920D-4F3E-A07A-BC0B6C052E83} = {35CD2743-23F8-4994-844F-6A67A86AD147}
		{9DE9DBC5-B9A5-4372-8997-2B3A8B718071} = {9441FD4C-B3FD-4E8B-92A4-D6E5796ADA95}
		{9B4B061E-2F4A-43D1-B8D9-873616C19270} = {9441FD4C-B3FD-4E8B-92A4-D6E5796ADA95}
		{237325C6-9E73-4ABB-9D74-5A37F805E42E} = {0A18EA7B-A0C3-464B-91FC-936D69B49FBB}
		{657F12D9-2C8B-448D-8146-DD758D79CB18} = {9441FD4C-B3FD-4E8B-92A4-D6E5796ADA95}
		{97F87265-78F9-4A0D-8029-B9FA5F57336A} = {C1D7C597-D8B3-474C-94E8-0B3BA68B32E3}
		{9015A37F-3787-4EFF-BA9F-B1CD4D4DA4D9} = {C1D7C597-D8B3-474C-94E8-0B3BA68B32E3}
		{C841A069-067B-4AB6-8ECC-1DD14560FD3C} = {0A18EA7B-A0C3-464B-91FC-936D69B49FBB}
		{073FF396-4A3E-496C-9CB1-E52C87324BF3} = {95CE96F3-615F-40DC-848C-E0F6E7A70403}
		{3821739A-6429-4256-9357-ED9D01787169} = {95CE96F3-615F-40DC-848C-E0F6E7A70403}
		{6361F164-4D09-469D-BE17-015D935AD809} = {F4F7B642-4487-4828-864A-1EBC0B321AE1}
		{7EB30180-E5AD-466E-8BAD-2D92CA98911B} = {C1D7C597-D8B3-474C-94E8-0B3BA68B32E3}
		{6361F164-4D09-469D-BE17-015D935AD809} = {F4F7B642-4487-4828-864A-1EBC0B321AE1}
		{7EB30180-E5AD-466E-8BAD-2D92CA98911B} = {C1D7C597-D8B3-474C-94E8-0B3BA68B32E3}
	EndGlobalSection
	GlobalSection(ExtensibilityGlobals) = postSolution
		SolutionGuid = {3FB0E192-E14D-409E-AE7C-B8D68AA31AE7}
	EndGlobalSection

