
Microsoft Visual Studio Solution File, Format Version 12.00
# Visual Studio Version 17
VisualStudioVersion = 17.1.32203.90
MinimumVisualStudioVersion = 10.0.40219.1
Project("{9A19103F-16F7-4668-BE54-9A1E7A4F7556}") = "Hydrogen", "Hydrogen\Hydrogen.csproj", "{A2192000-1BDE-4657-AC90-289CF096C674}"
EndProject
Project("{9A19103F-16F7-4668-BE54-9A1E7A4F7556}") = "Hydrogen.Data", "Hydrogen.Data\Hydrogen.Data.csproj", "{50CE7B59-6C51-413E-ADB3-2FA3E8102813}"
EndProject
Project("{9A19103F-16F7-4668-BE54-9A1E7A4F7556}") = "Hydrogen.Data.Firebird", "Hydrogen.Data.Firebird\Hydrogen.Data.Firebird.csproj", "{6DB6A05C-45EA-4F95-BE9C-F49A458CF805}"
EndProject
Project("{9A19103F-16F7-4668-BE54-9A1E7A4F7556}") = "Hydrogen.Data.MSSQL", "Hydrogen.Data.MSSQL\Hydrogen.Data.MSSQL.csproj", "{D02577B8-4F1D-42B9-8802-454AE99D17D6}"
EndProject
Project("{9A19103F-16F7-4668-BE54-9A1E7A4F7556}") = "Hydrogen.Data.Sqlite", "Hydrogen.Data.Sqlite\Hydrogen.Data.Sqlite.csproj", "{1DD01193-9CB6-4EA9-8987-39F454C5DBBB}"
EndProject
Project("{9A19103F-16F7-4668-BE54-9A1E7A4F7556}") = "Hydrogen.Application", "Hydrogen.Application\Hydrogen.Application.csproj", "{143386E8-8873-42C1-8284-4105213DAC94}"
EndProject
Project("{9A19103F-16F7-4668-BE54-9A1E7A4F7556}") = "Hydrogen.Drawing", "Hydrogen.Drawing\Hydrogen.Drawing.csproj", "{6601D944-F150-4578-A14E-604B4EEC9867}"
EndProject
Project("{9A19103F-16F7-4668-BE54-9A1E7A4F7556}") = "Hydrogen.NUnit", "Hydrogen.NUnit\Hydrogen.NUnit.csproj", "{C08B47F1-BD56-4BC0-9241-214B67F91470}"
EndProject
Project("{9A19103F-16F7-4668-BE54-9A1E7A4F7556}") = "Hydrogen.NETCore", "Hydrogen.NETCore\Hydrogen.NETCore.csproj", "{4759DE91-C740-4C18-9E86-051C28575514}"
EndProject
Project("{9A19103F-16F7-4668-BE54-9A1E7A4F7556}") = "Hydrogen.Communications", "Hydrogen.Communications\Hydrogen.Communications.csproj", "{B9BAB6BC-4023-4689-B2F0-F15473547DA2}"
EndProject
Project("{9A19103F-16F7-4668-BE54-9A1E7A4F7556}") = "HashLib4CSharp", "HashLib4CSharp\HashLib4CSharp.csproj", "{CD719561-BE76-460D-BC34-48791D1C43D2}"
EndProject
Project("{9A19103F-16F7-4668-BE54-9A1E7A4F7556}") = "Hydrogen.CryptoEx", "Hydrogen.CryptoEx\Hydrogen.CryptoEx.csproj", "{5F913C77-3FD5-4E05-BA61-ECF81BB5BA09}"
EndProject
Project("{9A19103F-16F7-4668-BE54-9A1E7A4F7556}") = "Hydrogen.DApp.Core", "Hydrogen.DApp.Core\Hydrogen.DApp.Core.csproj", "{77AD3F75-FEDF-48A3-A00F-7D19E1C09C1F}"
EndProject
Project("{9A19103F-16F7-4668-BE54-9A1E7A4F7556}") = "Hydrogen.DApp.Host", "Hydrogen.DApp.Host\Hydrogen.DApp.Host.csproj", "{8F8516DD-8DDE-4C91-9BE1-3532A7EE1F45}"
EndProject
Project("{9A19103F-16F7-4668-BE54-9A1E7A4F7556}") = "Hydrogen.DApp.Node", "Hydrogen.DApp.Node\Hydrogen.DApp.Node.csproj", "{323A7370-9BFD-4ED6-9F1D-816B8B642835}"
EndProject
Project("{9A19103F-16F7-4668-BE54-9A1E7A4F7556}") = "Hydrogen.DApp.Presentation", "Hydrogen.DApp.Presentation\Hydrogen.DApp.Presentation.csproj", "{963A78D2-0943-458D-9D68-96738E83B6AA}"
EndProject
Project("{2150E333-8FDC-42A3-9474-1A3956D46DE8}") = "Tests", "Tests", "{E7705E7B-D04B-488C-8442-149A029F34B8}"
EndProject
Project("{9A19103F-16F7-4668-BE54-9A1E7A4F7556}") = "Hydrogen.DApp.Presentation.Loader", "Hydrogen.DApp.Presentation.Loader\Hydrogen.DApp.Presentation.Loader.csproj", "{891C4387-B567-4AF4-81FE-54193DE2E275}"
EndProject
Project("{9A19103F-16F7-4668-BE54-9A1E7A4F7556}") = "Hydrogen.DApp.Presentation.WidgetGallery", "Hydrogen.DApp.Presentation.WidgetGallery\Hydrogen.DApp.Presentation.WidgetGallery.csproj", "{38042BE5-C5DB-4FC2-BBC1-09C752D8E76F}"
EndProject
Project("{9A19103F-16F7-4668-BE54-9A1E7A4F7556}") = "Hydrogen.DApp.Presentation2", "Hydrogen.DApp.Presentation2\Hydrogen.DApp.Presentation2.csproj", "{54D665C0-3189-4FF7-A047-E669A83864DE}"
EndProject
Project("{9A19103F-16F7-4668-BE54-9A1E7A4F7556}") = "Hydrogen.DApp.Presentation2.Loader", "Hydrogen.DApp.Presentation2.Loader\Hydrogen.DApp.Presentation2.Loader.csproj", "{18634CEA-B8C0-4865-8A87-9EC888456301}"
EndProject
Project("{9A19103F-16F7-4668-BE54-9A1E7A4F7556}") = "Hydrogen.NETCore.Tests", "..\tests\Hydrogen.NETCore.Tests\Hydrogen.NETCore.Tests.csproj", "{DC1A39A3-2156-4FE2-BA44-4551905E4795}"
EndProject
Project("{9A19103F-16F7-4668-BE54-9A1E7A4F7556}") = "Hydrogen.DApp.Core.Tests", "..\tests\Hydrogen.DApp.Core.Tests\Hydrogen.DApp.Core.Tests.csproj", "{884F4D63-17A6-4253-A3A8-CDFC7994F1D6}"
EndProject
Project("{9A19103F-16F7-4668-BE54-9A1E7A4F7556}") = "Hydrogen.DApp.Presentation.Loader.Tests", "..\tests\Hydrogen.DApp.Presentation.Loader.Tests\Hydrogen.DApp.Presentation.Loader.Tests.csproj", "{097F5C7C-5681-44E2-B894-9717045DC452}"
EndProject
Project("{9A19103F-16F7-4668-BE54-9A1E7A4F7556}") = "Hydrogen.DApp.Presentation.Tests", "..\tests\Hydrogen.DApp.Presentation.Tests\Hydrogen.DApp.Presentation.Tests.csproj", "{3F129B50-33A9-4691-8DE9-645677C4DE8F}"
EndProject
Project("{9A19103F-16F7-4668-BE54-9A1E7A4F7556}") = "Hydrogen.Tests", "..\tests\Hydrogen.Tests\Hydrogen.Tests.csproj", "{A1206153-4D43-4A74-82FE-60B1A1C00AF9}"
EndProject
Project("{9A19103F-16F7-4668-BE54-9A1E7A4F7556}") = "Hydrogen.NUnit.DB", "Hydrogen.NUnit.DB\Hydrogen.NUnit.DB.csproj", "{3FE7BEA4-FB7D-4C14-ABC0-D70CAE958204}"
EndProject
Project("{9A19103F-16F7-4668-BE54-9A1E7A4F7556}") = "Hydrogen.Application.Tests", "..\tests\Hydrogen.Application.Tests\Hydrogen.Application.Tests.csproj", "{BAE7B0C8-0C27-4458-96E7-7692AC00A38B}"
EndProject
Project("{9A19103F-16F7-4668-BE54-9A1E7A4F7556}") = "Hydrogen.Communications.Tests", "..\tests\Hydrogen.Communications.Tests\Hydrogen.Communications.Tests.csproj", "{C5A86B37-47F8-4176-BE9A-4B16D58B6416}"
EndProject
Project("{9A19103F-16F7-4668-BE54-9A1E7A4F7556}") = "Hydrogen.CryptoEx.Tests", "..\tests\Hydrogen.CryptoEx.Tests\Hydrogen.CryptoEx.Tests.csproj", "{5EFC5E99-FD35-4F12-A9A1-966F40ED70B6}"
EndProject
Project("{9A19103F-16F7-4668-BE54-9A1E7A4F7556}") = "Hydrogen.Data.Tests", "..\tests\Hydrogen.Data.Tests\Hydrogen.Data.Tests.csproj", "{D6096FDC-FF51-4402-AAE5-5C31500E4480}"
EndProject
Project("{2150E333-8FDC-42A3-9474-1A3956D46DE8}") = "Utils", "Utils", "{9EA2842C-7248-4410-B9DB-16E3E32E2026}"
EndProject
Project("{9A19103F-16F7-4668-BE54-9A1E7A4F7556}") = "Hydrogen.Utils.ExplorerBarDesigner", "..\utils\Hydrogen.Utils.ExplorerBarDesigner\Hydrogen.Utils.ExplorerBarDesigner.csproj", "{DD53398D-60F0-429A-8225-35D5634D6F49}"
EndProject
Project("{9A19103F-16F7-4668-BE54-9A1E7A4F7556}") = "Hydrogen.Utils.WinFormsTester", "..\utils\Hydrogen.Utils.WinFormsTester\Hydrogen.Utils.WinFormsTester.csproj", "{9849D897-7660-4DE8-9B10-B7A17A2F3202}"
EndProject
Project("{9A19103F-16F7-4668-BE54-9A1E7A4F7556}") = "Hydrogen.Windows", "Hydrogen.Windows\Hydrogen.Windows.csproj", "{484E1F4D-4066-44AE-B1FC-C21C9553E4C9}"
EndProject
Project("{9A19103F-16F7-4668-BE54-9A1E7A4F7556}") = "Hydrogen.Windows.Forms", "Hydrogen.Windows.Forms\Hydrogen.Windows.Forms.csproj", "{ABE785F9-D670-4579-8D1F-7FDE519C4237}"
EndProject
Project("{9A19103F-16F7-4668-BE54-9A1E7A4F7556}") = "Hydrogen.Windows.Forms.Firebird", "Hydrogen.Windows.Forms.Firebird\Hydrogen.Windows.Forms.Firebird.csproj", "{40E84EBA-D813-412E-B5FB-893E76393E6C}"
EndProject
Project("{9A19103F-16F7-4668-BE54-9A1E7A4F7556}") = "Hydrogen.Windows.Forms.MSSQL", "Hydrogen.Windows.Forms.MSSQL\Hydrogen.Windows.Forms.MSSQL.csproj", "{C52D9DAC-EF61-4470-8630-6C837C311CBD}"
EndProject
Project("{9A19103F-16F7-4668-BE54-9A1E7A4F7556}") = "Hydrogen.Windows.Forms.Sqlite", "Hydrogen.Windows.Forms.Sqlite\Hydrogen.Windows.Forms.Sqlite.csproj", "{698A3305-205F-4603-9C5A-913CA748F62A}"
EndProject
Project("{9A19103F-16F7-4668-BE54-9A1E7A4F7556}") = "Hydrogen.Windows.LevelDB", "Hydrogen.Windows.LevelDB\Hydrogen.Windows.LevelDB.csproj", "{0ABECD28-E726-4D5C-9A17-4C950D4173D8}"
EndProject
Project("{9A19103F-16F7-4668-BE54-9A1E7A4F7556}") = "Hydrogen.Windows.Tests", "..\tests\Hydrogen.Windows.Tests\Hydrogen.Windows.Tests.csproj", "{80B8A37C-7D9B-48EF-BA2A-605E1638DA15}"
EndProject
Project("{9A19103F-16F7-4668-BE54-9A1E7A4F7556}") = "Hydrogen.Windows.LevelDB.Tests", "..\tests\Hydrogen.Windows.LevelDB.Tests\Hydrogen.Windows.LevelDB.Tests.csproj", "{5A2A5775-9488-4D5B-A4A3-39530E9E6023}"
EndProject
Project("{2150E333-8FDC-42A3-9474-1A3956D46DE8}") = "Recipes", "Recipes", "{5BA10B8B-3C32-4EE2-9C5F-AA2DD0D8BD6A}"
EndProject
Project("{9A19103F-16F7-4668-BE54-9A1E7A4F7556}") = "AbstractProtocol.AnonymousPipeComplex", "..\recipes\AbstractProtocol.AnonymousPipeComplex\AbstractProtocol.AnonymousPipeComplex.csproj", "{12FF48BC-3CFA-45D1-80EA-1F0D8DB74B53}"
EndProject
Project("{9A19103F-16F7-4668-BE54-9A1E7A4F7556}") = "AbstractProtocol.AnonymousPipeSimple", "..\recipes\AbstractProtocol.AnonymousPipeSimple\AbstractProtocol.AnonymousPipeSimple.csproj", "{172EF8A1-9839-4ECA-9EAF-A850435D1112}"
EndProject
Project("{9A19103F-16F7-4668-BE54-9A1E7A4F7556}") = "AbstractProtocol.UDPSimple", "..\recipes\AbstractProtocol.UPDSimple\AbstractProtocol.UDPSimple.csproj", "{B6F7E3E8-5BE3-4BA5-B4F4-444F367EDB9D}"
EndProject
Project("{9A19103F-16F7-4668-BE54-9A1E7A4F7556}") = "Hydrogen.Data.NHibernate", "Hydrogen.Data.NHibernate\Hydrogen.Data.NHibernate.csproj", "{EC7676E8-5D6B-4718-9A51-2E5FEBAF4A27}"
EndProject
Global
	GlobalSection(SolutionConfigurationPlatforms) = preSolution
		Debug|Any CPU = Debug|Any CPU
		Debug|x86 = Debug|x86
		Release|Any CPU = Release|Any CPU
		Release|x86 = Release|x86
	EndGlobalSection
	GlobalSection(ProjectConfigurationPlatforms) = postSolution
		{A2192000-1BDE-4657-AC90-289CF096C674}.Debug|Any CPU.ActiveCfg = Debug|Any CPU
		{A2192000-1BDE-4657-AC90-289CF096C674}.Debug|Any CPU.Build.0 = Debug|Any CPU
		{A2192000-1BDE-4657-AC90-289CF096C674}.Debug|x86.ActiveCfg = Debug|Any CPU
		{A2192000-1BDE-4657-AC90-289CF096C674}.Debug|x86.Build.0 = Debug|Any CPU
		{A2192000-1BDE-4657-AC90-289CF096C674}.Release|Any CPU.ActiveCfg = Release|Any CPU
		{A2192000-1BDE-4657-AC90-289CF096C674}.Release|Any CPU.Build.0 = Release|Any CPU
		{A2192000-1BDE-4657-AC90-289CF096C674}.Release|x86.ActiveCfg = Release|Any CPU
		{A2192000-1BDE-4657-AC90-289CF096C674}.Release|x86.Build.0 = Release|Any CPU
		{50CE7B59-6C51-413E-ADB3-2FA3E8102813}.Debug|Any CPU.ActiveCfg = Debug|Any CPU
		{50CE7B59-6C51-413E-ADB3-2FA3E8102813}.Debug|Any CPU.Build.0 = Debug|Any CPU
		{50CE7B59-6C51-413E-ADB3-2FA3E8102813}.Debug|x86.ActiveCfg = Debug|Any CPU
		{50CE7B59-6C51-413E-ADB3-2FA3E8102813}.Debug|x86.Build.0 = Debug|Any CPU
		{50CE7B59-6C51-413E-ADB3-2FA3E8102813}.Release|Any CPU.ActiveCfg = Release|Any CPU
		{50CE7B59-6C51-413E-ADB3-2FA3E8102813}.Release|Any CPU.Build.0 = Release|Any CPU
		{50CE7B59-6C51-413E-ADB3-2FA3E8102813}.Release|x86.ActiveCfg = Release|Any CPU
		{50CE7B59-6C51-413E-ADB3-2FA3E8102813}.Release|x86.Build.0 = Release|Any CPU
		{6DB6A05C-45EA-4F95-BE9C-F49A458CF805}.Debug|Any CPU.ActiveCfg = Debug|Any CPU
		{6DB6A05C-45EA-4F95-BE9C-F49A458CF805}.Debug|Any CPU.Build.0 = Debug|Any CPU
		{6DB6A05C-45EA-4F95-BE9C-F49A458CF805}.Debug|x86.ActiveCfg = Debug|Any CPU
		{6DB6A05C-45EA-4F95-BE9C-F49A458CF805}.Debug|x86.Build.0 = Debug|Any CPU
		{6DB6A05C-45EA-4F95-BE9C-F49A458CF805}.Release|Any CPU.ActiveCfg = Release|Any CPU
		{6DB6A05C-45EA-4F95-BE9C-F49A458CF805}.Release|Any CPU.Build.0 = Release|Any CPU
		{6DB6A05C-45EA-4F95-BE9C-F49A458CF805}.Release|x86.ActiveCfg = Release|Any CPU
		{6DB6A05C-45EA-4F95-BE9C-F49A458CF805}.Release|x86.Build.0 = Release|Any CPU
		{D02577B8-4F1D-42B9-8802-454AE99D17D6}.Debug|Any CPU.ActiveCfg = Debug|Any CPU
		{D02577B8-4F1D-42B9-8802-454AE99D17D6}.Debug|Any CPU.Build.0 = Debug|Any CPU
		{D02577B8-4F1D-42B9-8802-454AE99D17D6}.Debug|x86.ActiveCfg = Debug|Any CPU
		{D02577B8-4F1D-42B9-8802-454AE99D17D6}.Debug|x86.Build.0 = Debug|Any CPU
		{D02577B8-4F1D-42B9-8802-454AE99D17D6}.Release|Any CPU.ActiveCfg = Release|Any CPU
		{D02577B8-4F1D-42B9-8802-454AE99D17D6}.Release|Any CPU.Build.0 = Release|Any CPU
		{D02577B8-4F1D-42B9-8802-454AE99D17D6}.Release|x86.ActiveCfg = Release|Any CPU
		{D02577B8-4F1D-42B9-8802-454AE99D17D6}.Release|x86.Build.0 = Release|Any CPU
		{1DD01193-9CB6-4EA9-8987-39F454C5DBBB}.Debug|Any CPU.ActiveCfg = Debug|Any CPU
		{1DD01193-9CB6-4EA9-8987-39F454C5DBBB}.Debug|Any CPU.Build.0 = Debug|Any CPU
		{1DD01193-9CB6-4EA9-8987-39F454C5DBBB}.Debug|x86.ActiveCfg = Debug|Any CPU
		{1DD01193-9CB6-4EA9-8987-39F454C5DBBB}.Debug|x86.Build.0 = Debug|Any CPU
		{1DD01193-9CB6-4EA9-8987-39F454C5DBBB}.Release|Any CPU.ActiveCfg = Release|Any CPU
		{1DD01193-9CB6-4EA9-8987-39F454C5DBBB}.Release|Any CPU.Build.0 = Release|Any CPU
		{1DD01193-9CB6-4EA9-8987-39F454C5DBBB}.Release|x86.ActiveCfg = Release|Any CPU
		{1DD01193-9CB6-4EA9-8987-39F454C5DBBB}.Release|x86.Build.0 = Release|Any CPU
		{143386E8-8873-42C1-8284-4105213DAC94}.Debug|Any CPU.ActiveCfg = Debug|Any CPU
		{143386E8-8873-42C1-8284-4105213DAC94}.Debug|Any CPU.Build.0 = Debug|Any CPU
		{143386E8-8873-42C1-8284-4105213DAC94}.Debug|x86.ActiveCfg = Debug|Any CPU
		{143386E8-8873-42C1-8284-4105213DAC94}.Debug|x86.Build.0 = Debug|Any CPU
		{143386E8-8873-42C1-8284-4105213DAC94}.Release|Any CPU.ActiveCfg = Release|Any CPU
		{143386E8-8873-42C1-8284-4105213DAC94}.Release|Any CPU.Build.0 = Release|Any CPU
		{143386E8-8873-42C1-8284-4105213DAC94}.Release|x86.ActiveCfg = Release|Any CPU
		{143386E8-8873-42C1-8284-4105213DAC94}.Release|x86.Build.0 = Release|Any CPU
		{6601D944-F150-4578-A14E-604B4EEC9867}.Debug|Any CPU.ActiveCfg = Debug|Any CPU
		{6601D944-F150-4578-A14E-604B4EEC9867}.Debug|Any CPU.Build.0 = Debug|Any CPU
		{6601D944-F150-4578-A14E-604B4EEC9867}.Debug|x86.ActiveCfg = Debug|Any CPU
		{6601D944-F150-4578-A14E-604B4EEC9867}.Debug|x86.Build.0 = Debug|Any CPU
		{6601D944-F150-4578-A14E-604B4EEC9867}.Release|Any CPU.ActiveCfg = Release|Any CPU
		{6601D944-F150-4578-A14E-604B4EEC9867}.Release|Any CPU.Build.0 = Release|Any CPU
		{6601D944-F150-4578-A14E-604B4EEC9867}.Release|x86.ActiveCfg = Release|Any CPU
		{6601D944-F150-4578-A14E-604B4EEC9867}.Release|x86.Build.0 = Release|Any CPU
		{C08B47F1-BD56-4BC0-9241-214B67F91470}.Debug|Any CPU.ActiveCfg = Debug|Any CPU
		{C08B47F1-BD56-4BC0-9241-214B67F91470}.Debug|Any CPU.Build.0 = Debug|Any CPU
		{C08B47F1-BD56-4BC0-9241-214B67F91470}.Debug|x86.ActiveCfg = Debug|Any CPU
		{C08B47F1-BD56-4BC0-9241-214B67F91470}.Debug|x86.Build.0 = Debug|Any CPU
		{C08B47F1-BD56-4BC0-9241-214B67F91470}.Release|Any CPU.ActiveCfg = Release|Any CPU
		{C08B47F1-BD56-4BC0-9241-214B67F91470}.Release|Any CPU.Build.0 = Release|Any CPU
		{C08B47F1-BD56-4BC0-9241-214B67F91470}.Release|x86.ActiveCfg = Release|Any CPU
		{C08B47F1-BD56-4BC0-9241-214B67F91470}.Release|x86.Build.0 = Release|Any CPU
		{4759DE91-C740-4C18-9E86-051C28575514}.Debug|Any CPU.ActiveCfg = Debug|Any CPU
		{4759DE91-C740-4C18-9E86-051C28575514}.Debug|Any CPU.Build.0 = Debug|Any CPU
		{4759DE91-C740-4C18-9E86-051C28575514}.Debug|x86.ActiveCfg = Debug|Any CPU
		{4759DE91-C740-4C18-9E86-051C28575514}.Debug|x86.Build.0 = Debug|Any CPU
		{4759DE91-C740-4C18-9E86-051C28575514}.Release|Any CPU.ActiveCfg = Release|Any CPU
		{4759DE91-C740-4C18-9E86-051C28575514}.Release|Any CPU.Build.0 = Release|Any CPU
		{4759DE91-C740-4C18-9E86-051C28575514}.Release|x86.ActiveCfg = Release|Any CPU
		{4759DE91-C740-4C18-9E86-051C28575514}.Release|x86.Build.0 = Release|Any CPU
		{B9BAB6BC-4023-4689-B2F0-F15473547DA2}.Debug|Any CPU.ActiveCfg = Debug|Any CPU
		{B9BAB6BC-4023-4689-B2F0-F15473547DA2}.Debug|Any CPU.Build.0 = Debug|Any CPU
		{B9BAB6BC-4023-4689-B2F0-F15473547DA2}.Debug|x86.ActiveCfg = Debug|Any CPU
		{B9BAB6BC-4023-4689-B2F0-F15473547DA2}.Debug|x86.Build.0 = Debug|Any CPU
		{B9BAB6BC-4023-4689-B2F0-F15473547DA2}.Release|Any CPU.ActiveCfg = Release|Any CPU
		{B9BAB6BC-4023-4689-B2F0-F15473547DA2}.Release|Any CPU.Build.0 = Release|Any CPU
		{B9BAB6BC-4023-4689-B2F0-F15473547DA2}.Release|x86.ActiveCfg = Release|Any CPU
		{B9BAB6BC-4023-4689-B2F0-F15473547DA2}.Release|x86.Build.0 = Release|Any CPU
		{CD719561-BE76-460D-BC34-48791D1C43D2}.Debug|Any CPU.ActiveCfg = Debug|Any CPU
		{CD719561-BE76-460D-BC34-48791D1C43D2}.Debug|Any CPU.Build.0 = Debug|Any CPU
		{CD719561-BE76-460D-BC34-48791D1C43D2}.Debug|x86.ActiveCfg = Debug|Any CPU
		{CD719561-BE76-460D-BC34-48791D1C43D2}.Debug|x86.Build.0 = Debug|Any CPU
		{CD719561-BE76-460D-BC34-48791D1C43D2}.Release|Any CPU.ActiveCfg = Release|Any CPU
		{CD719561-BE76-460D-BC34-48791D1C43D2}.Release|Any CPU.Build.0 = Release|Any CPU
		{CD719561-BE76-460D-BC34-48791D1C43D2}.Release|x86.ActiveCfg = Release|Any CPU
		{CD719561-BE76-460D-BC34-48791D1C43D2}.Release|x86.Build.0 = Release|Any CPU
		{5F913C77-3FD5-4E05-BA61-ECF81BB5BA09}.Debug|Any CPU.ActiveCfg = Debug|Any CPU
		{5F913C77-3FD5-4E05-BA61-ECF81BB5BA09}.Debug|Any CPU.Build.0 = Debug|Any CPU
		{5F913C77-3FD5-4E05-BA61-ECF81BB5BA09}.Debug|x86.ActiveCfg = Debug|Any CPU
		{5F913C77-3FD5-4E05-BA61-ECF81BB5BA09}.Debug|x86.Build.0 = Debug|Any CPU
		{5F913C77-3FD5-4E05-BA61-ECF81BB5BA09}.Release|Any CPU.ActiveCfg = Release|Any CPU
		{5F913C77-3FD5-4E05-BA61-ECF81BB5BA09}.Release|Any CPU.Build.0 = Release|Any CPU
		{5F913C77-3FD5-4E05-BA61-ECF81BB5BA09}.Release|x86.ActiveCfg = Release|Any CPU
		{5F913C77-3FD5-4E05-BA61-ECF81BB5BA09}.Release|x86.Build.0 = Release|Any CPU
		{77AD3F75-FEDF-48A3-A00F-7D19E1C09C1F}.Debug|Any CPU.ActiveCfg = Debug|Any CPU
		{77AD3F75-FEDF-48A3-A00F-7D19E1C09C1F}.Debug|Any CPU.Build.0 = Debug|Any CPU
		{77AD3F75-FEDF-48A3-A00F-7D19E1C09C1F}.Debug|x86.ActiveCfg = Debug|Any CPU
		{77AD3F75-FEDF-48A3-A00F-7D19E1C09C1F}.Debug|x86.Build.0 = Debug|Any CPU
		{77AD3F75-FEDF-48A3-A00F-7D19E1C09C1F}.Release|Any CPU.ActiveCfg = Release|Any CPU
		{77AD3F75-FEDF-48A3-A00F-7D19E1C09C1F}.Release|Any CPU.Build.0 = Release|Any CPU
		{77AD3F75-FEDF-48A3-A00F-7D19E1C09C1F}.Release|x86.ActiveCfg = Release|Any CPU
		{77AD3F75-FEDF-48A3-A00F-7D19E1C09C1F}.Release|x86.Build.0 = Release|Any CPU
		{8F8516DD-8DDE-4C91-9BE1-3532A7EE1F45}.Debug|Any CPU.ActiveCfg = Debug|Any CPU
		{8F8516DD-8DDE-4C91-9BE1-3532A7EE1F45}.Debug|Any CPU.Build.0 = Debug|Any CPU
		{8F8516DD-8DDE-4C91-9BE1-3532A7EE1F45}.Debug|x86.ActiveCfg = Debug|Any CPU
		{8F8516DD-8DDE-4C91-9BE1-3532A7EE1F45}.Debug|x86.Build.0 = Debug|Any CPU
		{8F8516DD-8DDE-4C91-9BE1-3532A7EE1F45}.Release|Any CPU.ActiveCfg = Release|Any CPU
		{8F8516DD-8DDE-4C91-9BE1-3532A7EE1F45}.Release|Any CPU.Build.0 = Release|Any CPU
		{8F8516DD-8DDE-4C91-9BE1-3532A7EE1F45}.Release|x86.ActiveCfg = Release|Any CPU
		{8F8516DD-8DDE-4C91-9BE1-3532A7EE1F45}.Release|x86.Build.0 = Release|Any CPU
		{323A7370-9BFD-4ED6-9F1D-816B8B642835}.Debug|Any CPU.ActiveCfg = Debug|Any CPU
		{323A7370-9BFD-4ED6-9F1D-816B8B642835}.Debug|Any CPU.Build.0 = Debug|Any CPU
		{323A7370-9BFD-4ED6-9F1D-816B8B642835}.Debug|x86.ActiveCfg = Debug|Any CPU
		{323A7370-9BFD-4ED6-9F1D-816B8B642835}.Debug|x86.Build.0 = Debug|Any CPU
		{323A7370-9BFD-4ED6-9F1D-816B8B642835}.Release|Any CPU.ActiveCfg = Release|Any CPU
		{323A7370-9BFD-4ED6-9F1D-816B8B642835}.Release|Any CPU.Build.0 = Release|Any CPU
		{323A7370-9BFD-4ED6-9F1D-816B8B642835}.Release|x86.ActiveCfg = Release|Any CPU
		{323A7370-9BFD-4ED6-9F1D-816B8B642835}.Release|x86.Build.0 = Release|Any CPU
		{963A78D2-0943-458D-9D68-96738E83B6AA}.Debug|Any CPU.ActiveCfg = Debug|Any CPU
		{963A78D2-0943-458D-9D68-96738E83B6AA}.Debug|Any CPU.Build.0 = Debug|Any CPU
		{963A78D2-0943-458D-9D68-96738E83B6AA}.Debug|x86.ActiveCfg = Debug|Any CPU
		{963A78D2-0943-458D-9D68-96738E83B6AA}.Debug|x86.Build.0 = Debug|Any CPU
		{963A78D2-0943-458D-9D68-96738E83B6AA}.Release|Any CPU.ActiveCfg = Release|Any CPU
		{963A78D2-0943-458D-9D68-96738E83B6AA}.Release|Any CPU.Build.0 = Release|Any CPU
		{963A78D2-0943-458D-9D68-96738E83B6AA}.Release|x86.ActiveCfg = Release|Any CPU
		{963A78D2-0943-458D-9D68-96738E83B6AA}.Release|x86.Build.0 = Release|Any CPU
		{891C4387-B567-4AF4-81FE-54193DE2E275}.Debug|Any CPU.ActiveCfg = Debug|Any CPU
		{891C4387-B567-4AF4-81FE-54193DE2E275}.Debug|Any CPU.Build.0 = Debug|Any CPU
		{891C4387-B567-4AF4-81FE-54193DE2E275}.Debug|x86.ActiveCfg = Debug|Any CPU
		{891C4387-B567-4AF4-81FE-54193DE2E275}.Debug|x86.Build.0 = Debug|Any CPU
		{891C4387-B567-4AF4-81FE-54193DE2E275}.Release|Any CPU.ActiveCfg = Release|Any CPU
		{891C4387-B567-4AF4-81FE-54193DE2E275}.Release|Any CPU.Build.0 = Release|Any CPU
		{891C4387-B567-4AF4-81FE-54193DE2E275}.Release|x86.ActiveCfg = Release|Any CPU
		{891C4387-B567-4AF4-81FE-54193DE2E275}.Release|x86.Build.0 = Release|Any CPU
		{38042BE5-C5DB-4FC2-BBC1-09C752D8E76F}.Debug|Any CPU.ActiveCfg = Debug|Any CPU
		{38042BE5-C5DB-4FC2-BBC1-09C752D8E76F}.Debug|Any CPU.Build.0 = Debug|Any CPU
		{38042BE5-C5DB-4FC2-BBC1-09C752D8E76F}.Debug|x86.ActiveCfg = Debug|Any CPU
		{38042BE5-C5DB-4FC2-BBC1-09C752D8E76F}.Debug|x86.Build.0 = Debug|Any CPU
		{38042BE5-C5DB-4FC2-BBC1-09C752D8E76F}.Release|Any CPU.ActiveCfg = Release|Any CPU
		{38042BE5-C5DB-4FC2-BBC1-09C752D8E76F}.Release|Any CPU.Build.0 = Release|Any CPU
		{38042BE5-C5DB-4FC2-BBC1-09C752D8E76F}.Release|x86.ActiveCfg = Release|Any CPU
		{38042BE5-C5DB-4FC2-BBC1-09C752D8E76F}.Release|x86.Build.0 = Release|Any CPU
		{54D665C0-3189-4FF7-A047-E669A83864DE}.Debug|Any CPU.ActiveCfg = Debug|Any CPU
		{54D665C0-3189-4FF7-A047-E669A83864DE}.Debug|Any CPU.Build.0 = Debug|Any CPU
		{54D665C0-3189-4FF7-A047-E669A83864DE}.Debug|x86.ActiveCfg = Debug|Any CPU
		{54D665C0-3189-4FF7-A047-E669A83864DE}.Debug|x86.Build.0 = Debug|Any CPU
		{54D665C0-3189-4FF7-A047-E669A83864DE}.Release|Any CPU.ActiveCfg = Release|Any CPU
		{54D665C0-3189-4FF7-A047-E669A83864DE}.Release|Any CPU.Build.0 = Release|Any CPU
		{54D665C0-3189-4FF7-A047-E669A83864DE}.Release|x86.ActiveCfg = Release|Any CPU
		{54D665C0-3189-4FF7-A047-E669A83864DE}.Release|x86.Build.0 = Release|Any CPU
		{18634CEA-B8C0-4865-8A87-9EC888456301}.Debug|Any CPU.ActiveCfg = Debug|Any CPU
		{18634CEA-B8C0-4865-8A87-9EC888456301}.Debug|Any CPU.Build.0 = Debug|Any CPU
		{18634CEA-B8C0-4865-8A87-9EC888456301}.Debug|x86.ActiveCfg = Debug|Any CPU
		{18634CEA-B8C0-4865-8A87-9EC888456301}.Debug|x86.Build.0 = Debug|Any CPU
		{18634CEA-B8C0-4865-8A87-9EC888456301}.Release|Any CPU.ActiveCfg = Release|Any CPU
		{18634CEA-B8C0-4865-8A87-9EC888456301}.Release|Any CPU.Build.0 = Release|Any CPU
		{18634CEA-B8C0-4865-8A87-9EC888456301}.Release|x86.ActiveCfg = Release|Any CPU
		{18634CEA-B8C0-4865-8A87-9EC888456301}.Release|x86.Build.0 = Release|Any CPU
		{DC1A39A3-2156-4FE2-BA44-4551905E4795}.Debug|Any CPU.ActiveCfg = Debug|Any CPU
		{DC1A39A3-2156-4FE2-BA44-4551905E4795}.Debug|Any CPU.Build.0 = Debug|Any CPU
		{DC1A39A3-2156-4FE2-BA44-4551905E4795}.Debug|x86.ActiveCfg = Debug|Any CPU
		{DC1A39A3-2156-4FE2-BA44-4551905E4795}.Debug|x86.Build.0 = Debug|Any CPU
		{DC1A39A3-2156-4FE2-BA44-4551905E4795}.Release|Any CPU.ActiveCfg = Release|Any CPU
		{DC1A39A3-2156-4FE2-BA44-4551905E4795}.Release|Any CPU.Build.0 = Release|Any CPU
		{DC1A39A3-2156-4FE2-BA44-4551905E4795}.Release|x86.ActiveCfg = Release|Any CPU
		{DC1A39A3-2156-4FE2-BA44-4551905E4795}.Release|x86.Build.0 = Release|Any CPU
		{884F4D63-17A6-4253-A3A8-CDFC7994F1D6}.Debug|Any CPU.ActiveCfg = Debug|Any CPU
		{884F4D63-17A6-4253-A3A8-CDFC7994F1D6}.Debug|Any CPU.Build.0 = Debug|Any CPU
		{884F4D63-17A6-4253-A3A8-CDFC7994F1D6}.Debug|x86.ActiveCfg = Debug|Any CPU
		{884F4D63-17A6-4253-A3A8-CDFC7994F1D6}.Debug|x86.Build.0 = Debug|Any CPU
		{884F4D63-17A6-4253-A3A8-CDFC7994F1D6}.Release|Any CPU.ActiveCfg = Release|Any CPU
		{884F4D63-17A6-4253-A3A8-CDFC7994F1D6}.Release|Any CPU.Build.0 = Release|Any CPU
		{884F4D63-17A6-4253-A3A8-CDFC7994F1D6}.Release|x86.ActiveCfg = Release|Any CPU
		{884F4D63-17A6-4253-A3A8-CDFC7994F1D6}.Release|x86.Build.0 = Release|Any CPU
		{097F5C7C-5681-44E2-B894-9717045DC452}.Debug|Any CPU.ActiveCfg = Debug|Any CPU
		{097F5C7C-5681-44E2-B894-9717045DC452}.Debug|Any CPU.Build.0 = Debug|Any CPU
		{097F5C7C-5681-44E2-B894-9717045DC452}.Debug|x86.ActiveCfg = Debug|Any CPU
		{097F5C7C-5681-44E2-B894-9717045DC452}.Debug|x86.Build.0 = Debug|Any CPU
		{097F5C7C-5681-44E2-B894-9717045DC452}.Release|Any CPU.ActiveCfg = Release|Any CPU
		{097F5C7C-5681-44E2-B894-9717045DC452}.Release|Any CPU.Build.0 = Release|Any CPU
		{097F5C7C-5681-44E2-B894-9717045DC452}.Release|x86.ActiveCfg = Release|Any CPU
		{097F5C7C-5681-44E2-B894-9717045DC452}.Release|x86.Build.0 = Release|Any CPU
		{3F129B50-33A9-4691-8DE9-645677C4DE8F}.Debug|Any CPU.ActiveCfg = Debug|Any CPU
		{3F129B50-33A9-4691-8DE9-645677C4DE8F}.Debug|Any CPU.Build.0 = Debug|Any CPU
		{3F129B50-33A9-4691-8DE9-645677C4DE8F}.Debug|x86.ActiveCfg = Debug|Any CPU
		{3F129B50-33A9-4691-8DE9-645677C4DE8F}.Debug|x86.Build.0 = Debug|Any CPU
		{3F129B50-33A9-4691-8DE9-645677C4DE8F}.Release|Any CPU.ActiveCfg = Release|Any CPU
		{3F129B50-33A9-4691-8DE9-645677C4DE8F}.Release|Any CPU.Build.0 = Release|Any CPU
		{3F129B50-33A9-4691-8DE9-645677C4DE8F}.Release|x86.ActiveCfg = Release|Any CPU
		{3F129B50-33A9-4691-8DE9-645677C4DE8F}.Release|x86.Build.0 = Release|Any CPU
		{A1206153-4D43-4A74-82FE-60B1A1C00AF9}.Debug|Any CPU.ActiveCfg = Debug|Any CPU
		{A1206153-4D43-4A74-82FE-60B1A1C00AF9}.Debug|Any CPU.Build.0 = Debug|Any CPU
		{A1206153-4D43-4A74-82FE-60B1A1C00AF9}.Debug|x86.ActiveCfg = Debug|Any CPU
		{A1206153-4D43-4A74-82FE-60B1A1C00AF9}.Debug|x86.Build.0 = Debug|Any CPU
		{A1206153-4D43-4A74-82FE-60B1A1C00AF9}.Release|Any CPU.ActiveCfg = Release|Any CPU
		{A1206153-4D43-4A74-82FE-60B1A1C00AF9}.Release|Any CPU.Build.0 = Release|Any CPU
		{A1206153-4D43-4A74-82FE-60B1A1C00AF9}.Release|x86.ActiveCfg = Release|Any CPU
		{A1206153-4D43-4A74-82FE-60B1A1C00AF9}.Release|x86.Build.0 = Release|Any CPU
		{3FE7BEA4-FB7D-4C14-ABC0-D70CAE958204}.Debug|Any CPU.ActiveCfg = Debug|Any CPU
		{3FE7BEA4-FB7D-4C14-ABC0-D70CAE958204}.Debug|Any CPU.Build.0 = Debug|Any CPU
		{3FE7BEA4-FB7D-4C14-ABC0-D70CAE958204}.Debug|x86.ActiveCfg = Debug|Any CPU
		{3FE7BEA4-FB7D-4C14-ABC0-D70CAE958204}.Debug|x86.Build.0 = Debug|Any CPU
		{3FE7BEA4-FB7D-4C14-ABC0-D70CAE958204}.Release|Any CPU.ActiveCfg = Release|Any CPU
		{3FE7BEA4-FB7D-4C14-ABC0-D70CAE958204}.Release|Any CPU.Build.0 = Release|Any CPU
		{3FE7BEA4-FB7D-4C14-ABC0-D70CAE958204}.Release|x86.ActiveCfg = Release|Any CPU
		{3FE7BEA4-FB7D-4C14-ABC0-D70CAE958204}.Release|x86.Build.0 = Release|Any CPU
		{BAE7B0C8-0C27-4458-96E7-7692AC00A38B}.Debug|Any CPU.ActiveCfg = Debug|Any CPU
		{BAE7B0C8-0C27-4458-96E7-7692AC00A38B}.Debug|Any CPU.Build.0 = Debug|Any CPU
		{BAE7B0C8-0C27-4458-96E7-7692AC00A38B}.Debug|x86.ActiveCfg = Debug|Any CPU
		{BAE7B0C8-0C27-4458-96E7-7692AC00A38B}.Debug|x86.Build.0 = Debug|Any CPU
		{BAE7B0C8-0C27-4458-96E7-7692AC00A38B}.Release|Any CPU.ActiveCfg = Release|Any CPU
		{BAE7B0C8-0C27-4458-96E7-7692AC00A38B}.Release|Any CPU.Build.0 = Release|Any CPU
		{BAE7B0C8-0C27-4458-96E7-7692AC00A38B}.Release|x86.ActiveCfg = Release|Any CPU
		{BAE7B0C8-0C27-4458-96E7-7692AC00A38B}.Release|x86.Build.0 = Release|Any CPU
		{C5A86B37-47F8-4176-BE9A-4B16D58B6416}.Debug|Any CPU.ActiveCfg = Debug|Any CPU
		{C5A86B37-47F8-4176-BE9A-4B16D58B6416}.Debug|Any CPU.Build.0 = Debug|Any CPU
		{C5A86B37-47F8-4176-BE9A-4B16D58B6416}.Debug|x86.ActiveCfg = Debug|Any CPU
		{C5A86B37-47F8-4176-BE9A-4B16D58B6416}.Debug|x86.Build.0 = Debug|Any CPU
		{C5A86B37-47F8-4176-BE9A-4B16D58B6416}.Release|Any CPU.ActiveCfg = Release|Any CPU
		{C5A86B37-47F8-4176-BE9A-4B16D58B6416}.Release|Any CPU.Build.0 = Release|Any CPU
		{C5A86B37-47F8-4176-BE9A-4B16D58B6416}.Release|x86.ActiveCfg = Release|Any CPU
		{C5A86B37-47F8-4176-BE9A-4B16D58B6416}.Release|x86.Build.0 = Release|Any CPU
		{5EFC5E99-FD35-4F12-A9A1-966F40ED70B6}.Debug|Any CPU.ActiveCfg = Debug|Any CPU
		{5EFC5E99-FD35-4F12-A9A1-966F40ED70B6}.Debug|Any CPU.Build.0 = Debug|Any CPU
		{5EFC5E99-FD35-4F12-A9A1-966F40ED70B6}.Debug|x86.ActiveCfg = Debug|Any CPU
		{5EFC5E99-FD35-4F12-A9A1-966F40ED70B6}.Debug|x86.Build.0 = Debug|Any CPU
		{5EFC5E99-FD35-4F12-A9A1-966F40ED70B6}.Release|Any CPU.ActiveCfg = Release|Any CPU
		{5EFC5E99-FD35-4F12-A9A1-966F40ED70B6}.Release|Any CPU.Build.0 = Release|Any CPU
		{5EFC5E99-FD35-4F12-A9A1-966F40ED70B6}.Release|x86.ActiveCfg = Release|Any CPU
		{5EFC5E99-FD35-4F12-A9A1-966F40ED70B6}.Release|x86.Build.0 = Release|Any CPU
		{D6096FDC-FF51-4402-AAE5-5C31500E4480}.Debug|Any CPU.ActiveCfg = Debug|Any CPU
		{D6096FDC-FF51-4402-AAE5-5C31500E4480}.Debug|Any CPU.Build.0 = Debug|Any CPU
		{D6096FDC-FF51-4402-AAE5-5C31500E4480}.Debug|x86.ActiveCfg = Debug|Any CPU
		{D6096FDC-FF51-4402-AAE5-5C31500E4480}.Debug|x86.Build.0 = Debug|Any CPU
		{D6096FDC-FF51-4402-AAE5-5C31500E4480}.Release|Any CPU.ActiveCfg = Release|Any CPU
		{D6096FDC-FF51-4402-AAE5-5C31500E4480}.Release|Any CPU.Build.0 = Release|Any CPU
		{D6096FDC-FF51-4402-AAE5-5C31500E4480}.Release|x86.ActiveCfg = Release|Any CPU
		{D6096FDC-FF51-4402-AAE5-5C31500E4480}.Release|x86.Build.0 = Release|Any CPU
		{DD53398D-60F0-429A-8225-35D5634D6F49}.Debug|Any CPU.ActiveCfg = Debug|Any CPU
		{DD53398D-60F0-429A-8225-35D5634D6F49}.Debug|Any CPU.Build.0 = Debug|Any CPU
		{DD53398D-60F0-429A-8225-35D5634D6F49}.Debug|x86.ActiveCfg = Debug|Any CPU
		{DD53398D-60F0-429A-8225-35D5634D6F49}.Debug|x86.Build.0 = Debug|Any CPU
		{DD53398D-60F0-429A-8225-35D5634D6F49}.Release|Any CPU.ActiveCfg = Release|Any CPU
		{DD53398D-60F0-429A-8225-35D5634D6F49}.Release|Any CPU.Build.0 = Release|Any CPU
		{DD53398D-60F0-429A-8225-35D5634D6F49}.Release|x86.ActiveCfg = Release|Any CPU
		{DD53398D-60F0-429A-8225-35D5634D6F49}.Release|x86.Build.0 = Release|Any CPU
		{9849D897-7660-4DE8-9B10-B7A17A2F3202}.Debug|Any CPU.ActiveCfg = Debug|Any CPU
		{9849D897-7660-4DE8-9B10-B7A17A2F3202}.Debug|Any CPU.Build.0 = Debug|Any CPU
		{9849D897-7660-4DE8-9B10-B7A17A2F3202}.Debug|x86.ActiveCfg = Debug|Any CPU
		{9849D897-7660-4DE8-9B10-B7A17A2F3202}.Debug|x86.Build.0 = Debug|Any CPU
		{9849D897-7660-4DE8-9B10-B7A17A2F3202}.Release|Any CPU.ActiveCfg = Release|Any CPU
		{9849D897-7660-4DE8-9B10-B7A17A2F3202}.Release|Any CPU.Build.0 = Release|Any CPU
		{9849D897-7660-4DE8-9B10-B7A17A2F3202}.Release|x86.ActiveCfg = Release|Any CPU
		{9849D897-7660-4DE8-9B10-B7A17A2F3202}.Release|x86.Build.0 = Release|Any CPU
		{484E1F4D-4066-44AE-B1FC-C21C9553E4C9}.Debug|Any CPU.ActiveCfg = Debug|Any CPU
		{484E1F4D-4066-44AE-B1FC-C21C9553E4C9}.Debug|Any CPU.Build.0 = Debug|Any CPU
		{484E1F4D-4066-44AE-B1FC-C21C9553E4C9}.Debug|x86.ActiveCfg = Debug|Any CPU
		{484E1F4D-4066-44AE-B1FC-C21C9553E4C9}.Debug|x86.Build.0 = Debug|Any CPU
		{484E1F4D-4066-44AE-B1FC-C21C9553E4C9}.Release|Any CPU.ActiveCfg = Release|Any CPU
		{484E1F4D-4066-44AE-B1FC-C21C9553E4C9}.Release|Any CPU.Build.0 = Release|Any CPU
		{484E1F4D-4066-44AE-B1FC-C21C9553E4C9}.Release|x86.ActiveCfg = Release|Any CPU
		{484E1F4D-4066-44AE-B1FC-C21C9553E4C9}.Release|x86.Build.0 = Release|Any CPU
		{ABE785F9-D670-4579-8D1F-7FDE519C4237}.Debug|Any CPU.ActiveCfg = Debug|Any CPU
		{ABE785F9-D670-4579-8D1F-7FDE519C4237}.Debug|Any CPU.Build.0 = Debug|Any CPU
		{ABE785F9-D670-4579-8D1F-7FDE519C4237}.Debug|x86.ActiveCfg = Debug|Any CPU
		{ABE785F9-D670-4579-8D1F-7FDE519C4237}.Debug|x86.Build.0 = Debug|Any CPU
		{ABE785F9-D670-4579-8D1F-7FDE519C4237}.Release|Any CPU.ActiveCfg = Release|Any CPU
		{ABE785F9-D670-4579-8D1F-7FDE519C4237}.Release|Any CPU.Build.0 = Release|Any CPU
		{ABE785F9-D670-4579-8D1F-7FDE519C4237}.Release|x86.ActiveCfg = Release|Any CPU
		{ABE785F9-D670-4579-8D1F-7FDE519C4237}.Release|x86.Build.0 = Release|Any CPU
		{40E84EBA-D813-412E-B5FB-893E76393E6C}.Debug|Any CPU.ActiveCfg = Debug|Any CPU
		{40E84EBA-D813-412E-B5FB-893E76393E6C}.Debug|Any CPU.Build.0 = Debug|Any CPU
		{40E84EBA-D813-412E-B5FB-893E76393E6C}.Debug|x86.ActiveCfg = Debug|Any CPU
		{40E84EBA-D813-412E-B5FB-893E76393E6C}.Debug|x86.Build.0 = Debug|Any CPU
		{40E84EBA-D813-412E-B5FB-893E76393E6C}.Release|Any CPU.ActiveCfg = Release|Any CPU
		{40E84EBA-D813-412E-B5FB-893E76393E6C}.Release|Any CPU.Build.0 = Release|Any CPU
		{40E84EBA-D813-412E-B5FB-893E76393E6C}.Release|x86.ActiveCfg = Release|Any CPU
		{40E84EBA-D813-412E-B5FB-893E76393E6C}.Release|x86.Build.0 = Release|Any CPU
		{C52D9DAC-EF61-4470-8630-6C837C311CBD}.Debug|Any CPU.ActiveCfg = Debug|Any CPU
		{C52D9DAC-EF61-4470-8630-6C837C311CBD}.Debug|Any CPU.Build.0 = Debug|Any CPU
		{C52D9DAC-EF61-4470-8630-6C837C311CBD}.Debug|x86.ActiveCfg = Debug|Any CPU
		{C52D9DAC-EF61-4470-8630-6C837C311CBD}.Debug|x86.Build.0 = Debug|Any CPU
		{C52D9DAC-EF61-4470-8630-6C837C311CBD}.Release|Any CPU.ActiveCfg = Release|Any CPU
		{C52D9DAC-EF61-4470-8630-6C837C311CBD}.Release|Any CPU.Build.0 = Release|Any CPU
		{C52D9DAC-EF61-4470-8630-6C837C311CBD}.Release|x86.ActiveCfg = Release|Any CPU
		{C52D9DAC-EF61-4470-8630-6C837C311CBD}.Release|x86.Build.0 = Release|Any CPU
		{698A3305-205F-4603-9C5A-913CA748F62A}.Debug|Any CPU.ActiveCfg = Debug|Any CPU
		{698A3305-205F-4603-9C5A-913CA748F62A}.Debug|Any CPU.Build.0 = Debug|Any CPU
		{698A3305-205F-4603-9C5A-913CA748F62A}.Debug|x86.ActiveCfg = Debug|Any CPU
		{698A3305-205F-4603-9C5A-913CA748F62A}.Debug|x86.Build.0 = Debug|Any CPU
		{698A3305-205F-4603-9C5A-913CA748F62A}.Release|Any CPU.ActiveCfg = Release|Any CPU
		{698A3305-205F-4603-9C5A-913CA748F62A}.Release|Any CPU.Build.0 = Release|Any CPU
		{698A3305-205F-4603-9C5A-913CA748F62A}.Release|x86.ActiveCfg = Release|Any CPU
		{698A3305-205F-4603-9C5A-913CA748F62A}.Release|x86.Build.0 = Release|Any CPU
		{0ABECD28-E726-4D5C-9A17-4C950D4173D8}.Debug|Any CPU.ActiveCfg = Debug|Any CPU
		{0ABECD28-E726-4D5C-9A17-4C950D4173D8}.Debug|Any CPU.Build.0 = Debug|Any CPU
		{0ABECD28-E726-4D5C-9A17-4C950D4173D8}.Debug|x86.ActiveCfg = Debug|Any CPU
		{0ABECD28-E726-4D5C-9A17-4C950D4173D8}.Debug|x86.Build.0 = Debug|Any CPU
		{0ABECD28-E726-4D5C-9A17-4C950D4173D8}.Release|Any CPU.ActiveCfg = Release|Any CPU
		{0ABECD28-E726-4D5C-9A17-4C950D4173D8}.Release|Any CPU.Build.0 = Release|Any CPU
		{0ABECD28-E726-4D5C-9A17-4C950D4173D8}.Release|x86.ActiveCfg = Release|Any CPU
		{0ABECD28-E726-4D5C-9A17-4C950D4173D8}.Release|x86.Build.0 = Release|Any CPU
		{80B8A37C-7D9B-48EF-BA2A-605E1638DA15}.Debug|Any CPU.ActiveCfg = Debug|Any CPU
		{80B8A37C-7D9B-48EF-BA2A-605E1638DA15}.Debug|Any CPU.Build.0 = Debug|Any CPU
		{80B8A37C-7D9B-48EF-BA2A-605E1638DA15}.Debug|x86.ActiveCfg = Debug|Any CPU
		{80B8A37C-7D9B-48EF-BA2A-605E1638DA15}.Debug|x86.Build.0 = Debug|Any CPU
		{80B8A37C-7D9B-48EF-BA2A-605E1638DA15}.Release|Any CPU.ActiveCfg = Release|Any CPU
		{80B8A37C-7D9B-48EF-BA2A-605E1638DA15}.Release|Any CPU.Build.0 = Release|Any CPU
		{80B8A37C-7D9B-48EF-BA2A-605E1638DA15}.Release|x86.ActiveCfg = Release|Any CPU
		{80B8A37C-7D9B-48EF-BA2A-605E1638DA15}.Release|x86.Build.0 = Release|Any CPU
		{5A2A5775-9488-4D5B-A4A3-39530E9E6023}.Debug|Any CPU.ActiveCfg = Debug|Any CPU
		{5A2A5775-9488-4D5B-A4A3-39530E9E6023}.Debug|Any CPU.Build.0 = Debug|Any CPU
		{5A2A5775-9488-4D5B-A4A3-39530E9E6023}.Debug|x86.ActiveCfg = Debug|Any CPU
		{5A2A5775-9488-4D5B-A4A3-39530E9E6023}.Debug|x86.Build.0 = Debug|Any CPU
		{5A2A5775-9488-4D5B-A4A3-39530E9E6023}.Release|Any CPU.ActiveCfg = Release|Any CPU
		{5A2A5775-9488-4D5B-A4A3-39530E9E6023}.Release|Any CPU.Build.0 = Release|Any CPU
		{5A2A5775-9488-4D5B-A4A3-39530E9E6023}.Release|x86.ActiveCfg = Release|Any CPU
		{5A2A5775-9488-4D5B-A4A3-39530E9E6023}.Release|x86.Build.0 = Release|Any CPU
		{12FF48BC-3CFA-45D1-80EA-1F0D8DB74B53}.Debug|Any CPU.ActiveCfg = Debug|Any CPU
		{12FF48BC-3CFA-45D1-80EA-1F0D8DB74B53}.Debug|Any CPU.Build.0 = Debug|Any CPU
		{12FF48BC-3CFA-45D1-80EA-1F0D8DB74B53}.Debug|x86.ActiveCfg = Debug|Any CPU
		{12FF48BC-3CFA-45D1-80EA-1F0D8DB74B53}.Debug|x86.Build.0 = Debug|Any CPU
		{12FF48BC-3CFA-45D1-80EA-1F0D8DB74B53}.Release|Any CPU.ActiveCfg = Release|Any CPU
		{12FF48BC-3CFA-45D1-80EA-1F0D8DB74B53}.Release|Any CPU.Build.0 = Release|Any CPU
		{12FF48BC-3CFA-45D1-80EA-1F0D8DB74B53}.Release|x86.ActiveCfg = Release|Any CPU
		{12FF48BC-3CFA-45D1-80EA-1F0D8DB74B53}.Release|x86.Build.0 = Release|Any CPU
		{172EF8A1-9839-4ECA-9EAF-A850435D1112}.Debug|Any CPU.ActiveCfg = Debug|Any CPU
		{172EF8A1-9839-4ECA-9EAF-A850435D1112}.Debug|Any CPU.Build.0 = Debug|Any CPU
		{172EF8A1-9839-4ECA-9EAF-A850435D1112}.Debug|x86.ActiveCfg = Debug|Any CPU
		{172EF8A1-9839-4ECA-9EAF-A850435D1112}.Debug|x86.Build.0 = Debug|Any CPU
		{172EF8A1-9839-4ECA-9EAF-A850435D1112}.Release|Any CPU.ActiveCfg = Release|Any CPU
		{172EF8A1-9839-4ECA-9EAF-A850435D1112}.Release|Any CPU.Build.0 = Release|Any CPU
		{172EF8A1-9839-4ECA-9EAF-A850435D1112}.Release|x86.ActiveCfg = Release|Any CPU
		{172EF8A1-9839-4ECA-9EAF-A850435D1112}.Release|x86.Build.0 = Release|Any CPU
		{B6F7E3E8-5BE3-4BA5-B4F4-444F367EDB9D}.Debug|Any CPU.ActiveCfg = Debug|Any CPU
		{B6F7E3E8-5BE3-4BA5-B4F4-444F367EDB9D}.Debug|Any CPU.Build.0 = Debug|Any CPU
		{B6F7E3E8-5BE3-4BA5-B4F4-444F367EDB9D}.Debug|x86.ActiveCfg = Debug|Any CPU
		{B6F7E3E8-5BE3-4BA5-B4F4-444F367EDB9D}.Debug|x86.Build.0 = Debug|Any CPU
		{B6F7E3E8-5BE3-4BA5-B4F4-444F367EDB9D}.Release|Any CPU.ActiveCfg = Release|Any CPU
		{B6F7E3E8-5BE3-4BA5-B4F4-444F367EDB9D}.Release|Any CPU.Build.0 = Release|Any CPU
		{B6F7E3E8-5BE3-4BA5-B4F4-444F367EDB9D}.Release|x86.ActiveCfg = Release|Any CPU
		{B6F7E3E8-5BE3-4BA5-B4F4-444F367EDB9D}.Release|x86.Build.0 = Release|Any CPU
		{EC7676E8-5D6B-4718-9A51-2E5FEBAF4A27}.Debug|Any CPU.ActiveCfg = Debug|Any CPU
		{EC7676E8-5D6B-4718-9A51-2E5FEBAF4A27}.Debug|Any CPU.Build.0 = Debug|Any CPU
		{EC7676E8-5D6B-4718-9A51-2E5FEBAF4A27}.Debug|x86.ActiveCfg = Debug|Any CPU
		{EC7676E8-5D6B-4718-9A51-2E5FEBAF4A27}.Debug|x86.Build.0 = Debug|Any CPU
		{EC7676E8-5D6B-4718-9A51-2E5FEBAF4A27}.Release|Any CPU.ActiveCfg = Release|Any CPU
		{EC7676E8-5D6B-4718-9A51-2E5FEBAF4A27}.Release|Any CPU.Build.0 = Release|Any CPU
		{EC7676E8-5D6B-4718-9A51-2E5FEBAF4A27}.Release|x86.ActiveCfg = Release|Any CPU
		{EC7676E8-5D6B-4718-9A51-2E5FEBAF4A27}.Release|x86.Build.0 = Release|Any CPU
	EndGlobalSection
	GlobalSection(SolutionProperties) = preSolution
		HideSolutionNode = FALSE
	EndGlobalSection
	GlobalSection(NestedProjects) = preSolution
		{DC1A39A3-2156-4FE2-BA44-4551905E4795} = {E7705E7B-D04B-488C-8442-149A029F34B8}
		{884F4D63-17A6-4253-A3A8-CDFC7994F1D6} = {E7705E7B-D04B-488C-8442-149A029F34B8}
		{097F5C7C-5681-44E2-B894-9717045DC452} = {E7705E7B-D04B-488C-8442-149A029F34B8}
		{3F129B50-33A9-4691-8DE9-645677C4DE8F} = {E7705E7B-D04B-488C-8442-149A029F34B8}
		{A1206153-4D43-4A74-82FE-60B1A1C00AF9} = {E7705E7B-D04B-488C-8442-149A029F34B8}
		{BAE7B0C8-0C27-4458-96E7-7692AC00A38B} = {E7705E7B-D04B-488C-8442-149A029F34B8}
		{C5A86B37-47F8-4176-BE9A-4B16D58B6416} = {E7705E7B-D04B-488C-8442-149A029F34B8}
		{5EFC5E99-FD35-4F12-A9A1-966F40ED70B6} = {E7705E7B-D04B-488C-8442-149A029F34B8}
		{D6096FDC-FF51-4402-AAE5-5C31500E4480} = {E7705E7B-D04B-488C-8442-149A029F34B8}
		{DD53398D-60F0-429A-8225-35D5634D6F49} = {9EA2842C-7248-4410-B9DB-16E3E32E2026}
		{9849D897-7660-4DE8-9B10-B7A17A2F3202} = {9EA2842C-7248-4410-B9DB-16E3E32E2026}
		{80B8A37C-7D9B-48EF-BA2A-605E1638DA15} = {E7705E7B-D04B-488C-8442-149A029F34B8}
		{5A2A5775-9488-4D5B-A4A3-39530E9E6023} = {E7705E7B-D04B-488C-8442-149A029F34B8}
		{12FF48BC-3CFA-45D1-80EA-1F0D8DB74B53} = {5BA10B8B-3C32-4EE2-9C5F-AA2DD0D8BD6A}
		{172EF8A1-9839-4ECA-9EAF-A850435D1112} = {5BA10B8B-3C32-4EE2-9C5F-AA2DD0D8BD6A}
		{B6F7E3E8-5BE3-4BA5-B4F4-444F367EDB9D} = {5BA10B8B-3C32-4EE2-9C5F-AA2DD0D8BD6A}
	EndGlobalSection
	GlobalSection(ExtensibilityGlobals) = postSolution
		SolutionGuid = {A6BF0BD3-FB17-4EDB-AFBF-08A34BD2E2B6}
	EndGlobalSection
	GlobalSection(SubversionScc) = preSolution
		Svn-Managed = True
		Manager = AnkhSVN - Subversion Support for Visual Studio
	EndGlobalSection
EndGlobal
