
Microsoft Visual Studio Solution File, Format Version 12.00
# Visual Studio Version 16
VisualStudioVersion = 16.0.29215.179
MinimumVisualStudioVersion = 10.0.40219.1
Project("{9A19103F-16F7-4668-BE54-9A1E7A4F7556}") = "Sphere10.Framework", "Sphere10.Framework\Sphere10.Framework.csproj", "{1AFEF3F6-1C08-4543-B782-3A45D95CC6D6}"
EndProject
Project("{9A19103F-16F7-4668-BE54-9A1E7A4F7556}") = "VelocityNET.Tests.Core", "VelocityNET.Tests.Core\VelocityNET.Tests.Core.csproj", "{A9D9E814-80FA-4A27-AF39-61C385CA2689}"
EndProject
Project("{9A19103F-16F7-4668-BE54-9A1E7A4F7556}") = "VelocityNET.Presentation.Node", "VelocityNET.Presentation.Node\VelocityNET.Presentation.Node.csproj", "{180BB4AD-3895-4610-A923-764C72D38E2B}"
EndProject
Project("{9A19103F-16F7-4668-BE54-9A1E7A4F7556}") = "Sphere10.Framework.NUnit", "Sphere10.Framework.NUnit\Sphere10.Framework.NUnit.csproj", "{A43683C2-B18A-45C1-811E-50EDBA09FAE3}"
EndProject
Project("{9A19103F-16F7-4668-BE54-9A1E7A4F7556}") = "VelocityNET.Processing.Core", "VelocityNET.Processing.Core\VelocityNET.Processing.Core.csproj", "{A2D03F71-AA5B-4BA9-A7DC-DF245D1A66B3}"
EndProject
Project("{9A19103F-16F7-4668-BE54-9A1E7A4F7556}") = "VelocityNET.Presentation.Blazor.WidgetsGallery", "VelocityNET.Presentation.Blazor.WidgetsGallery\VelocityNET.Presentation.Blazor.WidgetsGallery.csproj", "{6812DE41-120F-4624-85AA-3C8CFEFCC0BB}"
EndProject
Project("{9A19103F-16F7-4668-BE54-9A1E7A4F7556}") = "VelocityNET.Presentation.Blazor", "VelocityNET.Presentation.Blazor\VelocityNET.Presentation.Blazor.csproj", "{52E10066-E7BA-4A6D-8550-56A746CAFD7A}"
EndProject
Project("{FAE04EC0-301F-11D3-BF4B-00C04F79EFBC}") = "VelocityNET.Presentation.Blazor.Tests", "VelocityNET.Presentation.Blazor.Tests\VelocityNET.Presentation.Blazor.Tests.csproj", "{CCDC8381-37C5-410C-8287-B707BEBB896C}"
EndProject
Global
	GlobalSection(SolutionConfigurationPlatforms) = preSolution
		Debug|Any CPU = Debug|Any CPU
		Debug|x64 = Debug|x64
		Debug|x86 = Debug|x86
		Release|Any CPU = Release|Any CPU
		Release|x64 = Release|x64
		Release|x86 = Release|x86
	EndGlobalSection
	GlobalSection(ProjectConfigurationPlatforms) = postSolution
		{1AFEF3F6-1C08-4543-B782-3A45D95CC6D6}.Debug|Any CPU.ActiveCfg = Debug|Any CPU
		{1AFEF3F6-1C08-4543-B782-3A45D95CC6D6}.Debug|Any CPU.Build.0 = Debug|Any CPU
		{1AFEF3F6-1C08-4543-B782-3A45D95CC6D6}.Debug|x64.ActiveCfg = Debug|Any CPU
		{1AFEF3F6-1C08-4543-B782-3A45D95CC6D6}.Debug|x64.Build.0 = Debug|Any CPU
		{1AFEF3F6-1C08-4543-B782-3A45D95CC6D6}.Debug|x86.ActiveCfg = Debug|Any CPU
		{1AFEF3F6-1C08-4543-B782-3A45D95CC6D6}.Debug|x86.Build.0 = Debug|Any CPU
		{1AFEF3F6-1C08-4543-B782-3A45D95CC6D6}.Release|Any CPU.ActiveCfg = Release|Any CPU
		{1AFEF3F6-1C08-4543-B782-3A45D95CC6D6}.Release|Any CPU.Build.0 = Release|Any CPU
		{1AFEF3F6-1C08-4543-B782-3A45D95CC6D6}.Release|x64.ActiveCfg = Release|Any CPU
		{1AFEF3F6-1C08-4543-B782-3A45D95CC6D6}.Release|x64.Build.0 = Release|Any CPU
		{1AFEF3F6-1C08-4543-B782-3A45D95CC6D6}.Release|x86.ActiveCfg = Release|Any CPU
		{1AFEF3F6-1C08-4543-B782-3A45D95CC6D6}.Release|x86.Build.0 = Release|Any CPU
		{A9D9E814-80FA-4A27-AF39-61C385CA2689}.Debug|Any CPU.ActiveCfg = Debug|Any CPU
		{A9D9E814-80FA-4A27-AF39-61C385CA2689}.Debug|Any CPU.Build.0 = Debug|Any CPU
		{A9D9E814-80FA-4A27-AF39-61C385CA2689}.Debug|x64.ActiveCfg = Debug|Any CPU
		{A9D9E814-80FA-4A27-AF39-61C385CA2689}.Debug|x64.Build.0 = Debug|Any CPU
		{A9D9E814-80FA-4A27-AF39-61C385CA2689}.Debug|x86.ActiveCfg = Debug|Any CPU
		{A9D9E814-80FA-4A27-AF39-61C385CA2689}.Debug|x86.Build.0 = Debug|Any CPU
		{A9D9E814-80FA-4A27-AF39-61C385CA2689}.Release|Any CPU.ActiveCfg = Release|Any CPU
		{A9D9E814-80FA-4A27-AF39-61C385CA2689}.Release|Any CPU.Build.0 = Release|Any CPU
		{A9D9E814-80FA-4A27-AF39-61C385CA2689}.Release|x64.ActiveCfg = Release|Any CPU
		{A9D9E814-80FA-4A27-AF39-61C385CA2689}.Release|x64.Build.0 = Release|Any CPU
		{A9D9E814-80FA-4A27-AF39-61C385CA2689}.Release|x86.ActiveCfg = Release|Any CPU
		{A9D9E814-80FA-4A27-AF39-61C385CA2689}.Release|x86.Build.0 = Release|Any CPU
		{180BB4AD-3895-4610-A923-764C72D38E2B}.Debug|Any CPU.ActiveCfg = Debug|Any CPU
		{180BB4AD-3895-4610-A923-764C72D38E2B}.Debug|Any CPU.Build.0 = Debug|Any CPU
		{180BB4AD-3895-4610-A923-764C72D38E2B}.Debug|x64.ActiveCfg = Debug|Any CPU
		{180BB4AD-3895-4610-A923-764C72D38E2B}.Debug|x64.Build.0 = Debug|Any CPU
		{180BB4AD-3895-4610-A923-764C72D38E2B}.Debug|x86.ActiveCfg = Debug|Any CPU
		{180BB4AD-3895-4610-A923-764C72D38E2B}.Debug|x86.Build.0 = Debug|Any CPU
		{180BB4AD-3895-4610-A923-764C72D38E2B}.Release|Any CPU.ActiveCfg = Release|Any CPU
		{180BB4AD-3895-4610-A923-764C72D38E2B}.Release|Any CPU.Build.0 = Release|Any CPU
		{180BB4AD-3895-4610-A923-764C72D38E2B}.Release|x64.ActiveCfg = Release|Any CPU
		{180BB4AD-3895-4610-A923-764C72D38E2B}.Release|x64.Build.0 = Release|Any CPU
		{180BB4AD-3895-4610-A923-764C72D38E2B}.Release|x86.ActiveCfg = Release|Any CPU
		{180BB4AD-3895-4610-A923-764C72D38E2B}.Release|x86.Build.0 = Release|Any CPU
		{A43683C2-B18A-45C1-811E-50EDBA09FAE3}.Debug|Any CPU.ActiveCfg = Debug|Any CPU
		{A43683C2-B18A-45C1-811E-50EDBA09FAE3}.Debug|Any CPU.Build.0 = Debug|Any CPU
		{A43683C2-B18A-45C1-811E-50EDBA09FAE3}.Debug|x64.ActiveCfg = Debug|Any CPU
		{A43683C2-B18A-45C1-811E-50EDBA09FAE3}.Debug|x64.Build.0 = Debug|Any CPU
		{A43683C2-B18A-45C1-811E-50EDBA09FAE3}.Debug|x86.ActiveCfg = Debug|Any CPU
		{A43683C2-B18A-45C1-811E-50EDBA09FAE3}.Debug|x86.Build.0 = Debug|Any CPU
		{A43683C2-B18A-45C1-811E-50EDBA09FAE3}.Release|Any CPU.ActiveCfg = Release|Any CPU
		{A43683C2-B18A-45C1-811E-50EDBA09FAE3}.Release|Any CPU.Build.0 = Release|Any CPU
		{A43683C2-B18A-45C1-811E-50EDBA09FAE3}.Release|x64.ActiveCfg = Release|Any CPU
		{A43683C2-B18A-45C1-811E-50EDBA09FAE3}.Release|x64.Build.0 = Release|Any CPU
		{A43683C2-B18A-45C1-811E-50EDBA09FAE3}.Release|x86.ActiveCfg = Release|Any CPU
		{A43683C2-B18A-45C1-811E-50EDBA09FAE3}.Release|x86.Build.0 = Release|Any CPU
		{A2D03F71-AA5B-4BA9-A7DC-DF245D1A66B3}.Debug|Any CPU.ActiveCfg = Debug|Any CPU
		{A2D03F71-AA5B-4BA9-A7DC-DF245D1A66B3}.Debug|Any CPU.Build.0 = Debug|Any CPU
		{A2D03F71-AA5B-4BA9-A7DC-DF245D1A66B3}.Debug|x64.ActiveCfg = Debug|Any CPU
		{A2D03F71-AA5B-4BA9-A7DC-DF245D1A66B3}.Debug|x64.Build.0 = Debug|Any CPU
		{A2D03F71-AA5B-4BA9-A7DC-DF245D1A66B3}.Debug|x86.ActiveCfg = Debug|Any CPU
		{A2D03F71-AA5B-4BA9-A7DC-DF245D1A66B3}.Debug|x86.Build.0 = Debug|Any CPU
		{A2D03F71-AA5B-4BA9-A7DC-DF245D1A66B3}.Release|Any CPU.ActiveCfg = Release|Any CPU
		{A2D03F71-AA5B-4BA9-A7DC-DF245D1A66B3}.Release|Any CPU.Build.0 = Release|Any CPU
		{A2D03F71-AA5B-4BA9-A7DC-DF245D1A66B3}.Release|x64.ActiveCfg = Release|Any CPU
		{A2D03F71-AA5B-4BA9-A7DC-DF245D1A66B3}.Release|x64.Build.0 = Release|Any CPU
		{A2D03F71-AA5B-4BA9-A7DC-DF245D1A66B3}.Release|x86.ActiveCfg = Release|Any CPU
		{A2D03F71-AA5B-4BA9-A7DC-DF245D1A66B3}.Release|x86.Build.0 = Release|Any CPU
		{6812DE41-120F-4624-85AA-3C8CFEFCC0BB}.Debug|Any CPU.ActiveCfg = Debug|Any CPU
		{6812DE41-120F-4624-85AA-3C8CFEFCC0BB}.Debug|Any CPU.Build.0 = Debug|Any CPU
		{6812DE41-120F-4624-85AA-3C8CFEFCC0BB}.Debug|x64.ActiveCfg = Debug|Any CPU
		{6812DE41-120F-4624-85AA-3C8CFEFCC0BB}.Debug|x64.Build.0 = Debug|Any CPU
		{6812DE41-120F-4624-85AA-3C8CFEFCC0BB}.Debug|x86.ActiveCfg = Debug|Any CPU
		{6812DE41-120F-4624-85AA-3C8CFEFCC0BB}.Debug|x86.Build.0 = Debug|Any CPU
		{6812DE41-120F-4624-85AA-3C8CFEFCC0BB}.Release|Any CPU.ActiveCfg = Release|Any CPU
		{6812DE41-120F-4624-85AA-3C8CFEFCC0BB}.Release|Any CPU.Build.0 = Release|Any CPU
		{6812DE41-120F-4624-85AA-3C8CFEFCC0BB}.Release|x64.ActiveCfg = Release|Any CPU
		{6812DE41-120F-4624-85AA-3C8CFEFCC0BB}.Release|x64.Build.0 = Release|Any CPU
		{6812DE41-120F-4624-85AA-3C8CFEFCC0BB}.Release|x86.ActiveCfg = Release|Any CPU
		{6812DE41-120F-4624-85AA-3C8CFEFCC0BB}.Release|x86.Build.0 = Release|Any CPU
		{52E10066-E7BA-4A6D-8550-56A746CAFD7A}.Debug|Any CPU.ActiveCfg = Debug|Any CPU
		{52E10066-E7BA-4A6D-8550-56A746CAFD7A}.Debug|Any CPU.Build.0 = Debug|Any CPU
		{52E10066-E7BA-4A6D-8550-56A746CAFD7A}.Debug|x64.ActiveCfg = Debug|Any CPU
		{52E10066-E7BA-4A6D-8550-56A746CAFD7A}.Debug|x64.Build.0 = Debug|Any CPU
		{52E10066-E7BA-4A6D-8550-56A746CAFD7A}.Debug|x86.ActiveCfg = Debug|Any CPU
		{52E10066-E7BA-4A6D-8550-56A746CAFD7A}.Debug|x86.Build.0 = Debug|Any CPU
		{52E10066-E7BA-4A6D-8550-56A746CAFD7A}.Release|Any CPU.ActiveCfg = Release|Any CPU
		{52E10066-E7BA-4A6D-8550-56A746CAFD7A}.Release|Any CPU.Build.0 = Release|Any CPU
		{52E10066-E7BA-4A6D-8550-56A746CAFD7A}.Release|x64.ActiveCfg = Release|Any CPU
		{52E10066-E7BA-4A6D-8550-56A746CAFD7A}.Release|x64.Build.0 = Release|Any CPU
		{52E10066-E7BA-4A6D-8550-56A746CAFD7A}.Release|x86.ActiveCfg = Release|Any CPU
		{52E10066-E7BA-4A6D-8550-56A746CAFD7A}.Release|x86.Build.0 = Release|Any CPU
		{CCDC8381-37C5-410C-8287-B707BEBB896C}.Debug|Any CPU.ActiveCfg = Debug|Any CPU
		{CCDC8381-37C5-410C-8287-B707BEBB896C}.Debug|Any CPU.Build.0 = Debug|Any CPU
		{CCDC8381-37C5-410C-8287-B707BEBB896C}.Debug|x64.ActiveCfg = Debug|Any CPU
		{CCDC8381-37C5-410C-8287-B707BEBB896C}.Debug|x64.Build.0 = Debug|Any CPU
		{CCDC8381-37C5-410C-8287-B707BEBB896C}.Debug|x86.ActiveCfg = Debug|Any CPU
		{CCDC8381-37C5-410C-8287-B707BEBB896C}.Debug|x86.Build.0 = Debug|Any CPU
		{CCDC8381-37C5-410C-8287-B707BEBB896C}.Release|Any CPU.ActiveCfg = Release|Any CPU
		{CCDC8381-37C5-410C-8287-B707BEBB896C}.Release|Any CPU.Build.0 = Release|Any CPU
		{CCDC8381-37C5-410C-8287-B707BEBB896C}.Release|x64.ActiveCfg = Release|Any CPU
		{CCDC8381-37C5-410C-8287-B707BEBB896C}.Release|x64.Build.0 = Release|Any CPU
		{CCDC8381-37C5-410C-8287-B707BEBB896C}.Release|x86.ActiveCfg = Release|Any CPU
		{CCDC8381-37C5-410C-8287-B707BEBB896C}.Release|x86.Build.0 = Release|Any CPU
	EndGlobalSection
	GlobalSection(SolutionProperties) = preSolution
		HideSolutionNode = FALSE
	EndGlobalSection
	GlobalSection(ExtensibilityGlobals) = postSolution
		SolutionGuid = {3FB0E192-E14D-409E-AE7C-B8D68AA31AE7}
	EndGlobalSection
EndGlobal
